
Microsoft Visual Studio Solution File, Format Version 12.00
# Visual Studio Version 17
VisualStudioVersion = 17.14.36623.8
MinimumVisualStudioVersion = 10.0.40219.1
Project("{8BC9CEB8-8B4A-11D0-8D11-00A0C91BC942}") = "s", "s\s.vcxproj", "{9E3239AC-EF1B-49BF-8D84-F1A612BE9B94}"
EndProject
Project("{8BC9CEB8-8B4A-11D0-8D11-00A0C91BC942}") = "ts4nodoka", "ts4nodoka\ts4nodoka.vcxproj", "{13236B33-EEAD-459A-98F9-DC2736A4D4CD}"
EndProject
Project("{8BC9CEB8-8B4A-11D0-8D11-00A0C91BC942}") = "exe", "nodoka\nodoka.vcxproj", "{8C21A1A8-4A9B-47B1-9DBF-351933B958CB}"
EndProject
Project("{8BC9CEB8-8B4A-11D0-8D11-00A0C91BC942}") = "dll", "dll\dll.vcxproj", "{9897E270-B99F-414A-8012-C8E681C0E71D}"
	ProjectSection(ProjectDependencies) = postProject
		{07CD4DD5-AA30-4282-B503-DCA3C412BBA0} = {07CD4DD5-AA30-4282-B503-DCA3C412BBA0}
	EndProjectSection
EndProject
Project("{8BC9CEB8-8B4A-11D0-8D11-00A0C91BC942}") = "distrib", "distrib\distrib.vcxproj", "{0E0BA2A2-3C7E-4618-9797-0897BC73E89A}"
	ProjectSection(ProjectDependencies) = postProject
		{22222222-3333-4444-5555-666666666601} = {22222222-3333-4444-5555-666666666601}
	EndProjectSection
EndProject
Project("{8BC9CEB8-8B4A-11D0-8D11-00A0C91BC942}") = "gamepad", "gamepad\gamepad.vcxproj", "{4CC95CE1-E5E6-4D58-877E-2BAD2CAD35D9}"
EndProject
Project("{8BC9CEB8-8B4A-11D0-8D11-00A0C91BC942}") = "dll.x64", "dll.x64\dll.x64.vcxproj", "{713405DD-8217-474E-965A-14124034ED18}"
	ProjectSection(ProjectDependencies) = postProject
		{07CD4DD5-AA30-4282-B503-DCA3C412BBA0} = {07CD4DD5-AA30-4282-B503-DCA3C412BBA0}
	EndProjectSection
EndProject
Project("{8BC9CEB8-8B4A-11D0-8D11-00A0C91BC942}") = "exe.x64", "exe.x64\exe.x64.vcxproj", "{11114EBF-FF47-41AE-AAA7-E5758F7ED1E9}"
	ProjectSection(ProjectDependencies) = postProject
		{713405DD-8217-474E-965A-14124034ED18} = {713405DD-8217-474E-965A-14124034ED18}
	EndProjectSection
EndProject
Project("{8BC9CEB8-8B4A-11D0-8D11-00A0C91BC942}") = "exe.x64.nua", "exe.x64.nua\exe.x64.nua.vcxproj", "{E4A63F12-8B5C-4D91-A1F3-9C2E704B6A81}"
	ProjectSection(ProjectDependencies) = postProject
		{713405DD-8217-474E-965A-14124034ED18} = {713405DD-8217-474E-965A-14124034ED18}
	EndProjectSection
EndProject
Project("{8BC9CEB8-8B4A-11D0-8D11-00A0C91BC942}") = "nodoka_helper", "nodoka_helper\nodoka_helper.vcxproj", "{1234EADD-5757-4969-B29A-22C435921AB0}"
EndProject
Project("{8BC9CEB8-8B4A-11D0-8D11-00A0C91BC942}") = "exe.x64.limit", "exe.x64.limit\exe.x64.limit.vcxproj", "{05E03B0D-C5EF-424D-8C80-82D65E1FB0C0}"
	ProjectSection(ProjectDependencies) = postProject
		{713405DD-8217-474E-965A-14124034ED18} = {713405DD-8217-474E-965A-14124034ED18}
	EndProjectSection
EndProject
Project("{8BC9CEB8-8B4A-11D0-8D11-00A0C91BC942}") = "exe.limit", "exe.limit\exe.limit.vcxproj", "{63AA33A9-B8F1-4265-8148-98F536A1FEB5}"
EndProject
Project("{8BC9CEB8-8B4A-11D0-8D11-00A0C91BC942}") = "exe.hil", "exe.hil\exe.hil.vcxproj", "{806429CF-6A51-41D2-ABA5-78D2B999DF91}"
EndProject
Project("{8BC9CEB8-8B4A-11D0-8D11-00A0C91BC942}") = "exe.x64.hil", "exe.x64.hil\exe.x64.hil.vcxproj", "{A570141E-DABB-4CC8-9F11-A0895DF5726A}"
	ProjectSection(ProjectDependencies) = postProject
		{713405DD-8217-474E-965A-14124034ED18} = {713405DD-8217-474E-965A-14124034ED18}
	EndProjectSection
EndProject
Project("{8BC9CEB8-8B4A-11D0-8D11-00A0C91BC942}") = "d.sign", "d.sign\d.sign.vcxproj", "{263B0A6B-6D9A-4969-8964-822EC6DA2C86}"
EndProject
Project("{8BC9CEB8-8B4A-11D0-8D11-00A0C91BC942}") = "ats4nodoka", "ats4nodoka\ats4nodoka.vcxproj", "{7E08A1A2-80F6-4A20-8E28-25C8F5D982CD}"
EndProject
Project("{8BC9CEB8-8B4A-11D0-8D11-00A0C91BC942}") = "cts4nodoka", "cts4nodoka\cts4nodoka.vcxproj", "{C38A69F8-750D-4EEB-A32D-8DA8B1782917}"
EndProject
Project("{8BC9CEB8-8B4A-11D0-8D11-00A0C91BC942}") = "sts4nodoka", "sts4nodoka\sts4nodoka.vcxproj", "{A4EC2B76-BEC1-47E6-A004-5FC52F1AAD2A}"
EndProject
Project("{8BC9CEB8-8B4A-11D0-8D11-00A0C91BC942}") = "ats4nodoka.x64", "ats4nodoka.x64\ats4nodoka.x64.vcxproj", "{1ECA92D2-3F64-4465-9B46-1C96FA97048F}"
EndProject
Project("{8BC9CEB8-8B4A-11D0-8D11-00A0C91BC942}") = "cts4nodoka.x64", "cts4nodoka.x64\cts4nodoka.x64.vcxproj", "{016B03B9-94F3-4AE6-BD7F-161CAD4CE249}"
EndProject
Project("{8BC9CEB8-8B4A-11D0-8D11-00A0C91BC942}") = "sts4nodoka.x64", "sts4nodoka.x64\sts4nodoka.x64.vcxproj", "{F8BF1E6B-22BF-4182-B06F-E4F1706FC91D}"
EndProject
Project("{8BC9CEB8-8B4A-11D0-8D11-00A0C91BC942}") = "gamepad.x64", "gamepad.x64\gamepad.x64.vcxproj", "{4D6C82A2-5B77-4DB9-9CED-3454CC78B530}"
EndProject
Project("{8BC9CEB8-8B4A-11D0-8D11-00A0C91BC942}") = "s.x64", "s.x64\s.x64.vcxproj", "{237A25F1-6729-432B-8117-7679D9BF1D34}"
EndProject
Project("{8BC9CEB8-8B4A-11D0-8D11-00A0C91BC942}") = "make_functions.h", "make_functions.h\make_functions.h.vcxproj", "{07CD4DD5-AA30-4282-B503-DCA3C412BBA0}"
EndProject
Project("{8BC9CEB8-8B4A-11D0-8D11-00A0C91BC942}") = "d", "d\nodokad.vcxproj", "{71E46836-AF51-F003-3EB6-7F2467ED98A2}"
EndProject
Project("{8BC9CEB8-8B4A-11D0-8D11-00A0C91BC942}") = "d.x64", "d.x64\d.x64.vcxproj", "{0A087915-7D25-4B37-AB85-092856D7F2FE}"
EndProject
Project("{8BC9CEB8-8B4A-11D0-8D11-00A0C91BC942}") = "DriverManager.x64", "DriverManager.x64\DriverManager.x64.vcxproj", "{DBFBDE76-649E-4AD6-8146-368C34158208}"
EndProject
Project("{8BC9CEB8-8B4A-11D0-8D11-00A0C91BC942}") = "DriverManager", "DriverManager\DriverManager.vcxproj", "{66247D47-4B6C-49B4-AAED-9D3F9CDF76E8}"
EndProject
Project("{FAE04EC0-301F-11D3-BF4B-00C04F79EFBC}") = "nodoka-gui", "..\nodoka-gui\nodoka-gui.csproj", "{A1B2C3D4-E5F6-7890-ABCD-EF1234567890}"
EndProject
Project("{8BC9CEB8-8B4A-11D0-8D11-00A0C91BC942}") = "stub", "tools\nexpress\stub\stub.vcxproj", "{11111111-2222-3333-4444-555555555501}"
EndProject
Project("{8BC9CEB8-8B4A-11D0-8D11-00A0C91BC942}") = "nexpress", "tools\nexpress\nexpress.vcxproj", "{22222222-3333-4444-5555-666666666601}"
EndProject
Project("{8BC9CEB8-8B4A-11D0-8D11-00A0C91BC942}") = "nshell", "nshell\nshell.vcxproj", "{3E5F9A2D-6C17-4B83-A051-D8E2F4C6B793}"
EndProject
Project("{8BC9CEB8-8B4A-11D0-8D11-00A0C91BC942}") = "nshell.x64", "nshell.x64\nshell.x64.vcxproj", "{4F6A0B3E-7D28-5C94-B162-E9F3A5D7C804}"
EndProject
Global
	GlobalSection(SolutionConfigurationPlatforms) = preSolution
		ats4nodoka_debug|Win32 = ats4nodoka_debug|Win32
		ats4nodoka_debug|x64 = ats4nodoka_debug|x64
		ats4nodoka|Win32 = ats4nodoka|Win32
		ats4nodoka|x64 = ats4nodoka|x64
		cts4nodoka|Win32 = cts4nodoka|Win32
		cts4nodoka|x64 = cts4nodoka|x64
		Debug|Win32 = Debug|Win32
		Debug|x64 = Debug|x64
		Release|Win32 = Release|Win32
		Release|x64 = Release|x64
		s|Win32 = s|Win32
		s|x64 = s|x64
		Sample|Win32 = Sample|Win32
		Sample|x64 = Sample|x64
		Setup|Win32 = Setup|Win32
		Setup|x64 = Setup|x64
		sts4nodoka|Win32 = sts4nodoka|Win32
		sts4nodoka|x64 = sts4nodoka|x64
	EndGlobalSection
	GlobalSection(ProjectConfigurationPlatforms) = postSolution
		{9E3239AC-EF1B-49BF-8D84-F1A612BE9B94}.ats4nodoka_debug|Win32.ActiveCfg = ats4nodoka_debug|Win32
		{9E3239AC-EF1B-49BF-8D84-F1A612BE9B94}.ats4nodoka_debug|x64.ActiveCfg = ats4nodoka_debug|Win32
		{9E3239AC-EF1B-49BF-8D84-F1A612BE9B94}.ats4nodoka|Win32.ActiveCfg = Release|Win32
		{9E3239AC-EF1B-49BF-8D84-F1A612BE9B94}.ats4nodoka|x64.ActiveCfg = ats4nodoka|Win32
		{9E3239AC-EF1B-49BF-8D84-F1A612BE9B94}.cts4nodoka|Win32.ActiveCfg = Release|Win32
		{9E3239AC-EF1B-49BF-8D84-F1A612BE9B94}.cts4nodoka|x64.ActiveCfg = cts4nodoka|Win32
		{9E3239AC-EF1B-49BF-8D84-F1A612BE9B94}.Debug|Win32.ActiveCfg = Debug|Win32
		{9E3239AC-EF1B-49BF-8D84-F1A612BE9B94}.Debug|x64.ActiveCfg = Debug|Win32
		{9E3239AC-EF1B-49BF-8D84-F1A612BE9B94}.Debug|x64.Build.0 = Debug|Win32
		{9E3239AC-EF1B-49BF-8D84-F1A612BE9B94}.Release|Win32.ActiveCfg = Release|Win32
		{9E3239AC-EF1B-49BF-8D84-F1A612BE9B94}.Release|x64.ActiveCfg = Release|Win32
		{9E3239AC-EF1B-49BF-8D84-F1A612BE9B94}.Release|x64.Build.0 = Release|Win32
		{9E3239AC-EF1B-49BF-8D84-F1A612BE9B94}.s|Win32.ActiveCfg = s|Win32
		{9E3239AC-EF1B-49BF-8D84-F1A612BE9B94}.s|Win32.Build.0 = s|Win32
		{9E3239AC-EF1B-49BF-8D84-F1A612BE9B94}.s|x64.ActiveCfg = s|x64
		{9E3239AC-EF1B-49BF-8D84-F1A612BE9B94}.s|x64.Build.0 = s|x64
		{9E3239AC-EF1B-49BF-8D84-F1A612BE9B94}.Sample|Win32.ActiveCfg = Release|Win32
		{9E3239AC-EF1B-49BF-8D84-F1A612BE9B94}.Sample|x64.ActiveCfg = Release|Win32
		{9E3239AC-EF1B-49BF-8D84-F1A612BE9B94}.Setup|Win32.ActiveCfg = Sample|x64
		{9E3239AC-EF1B-49BF-8D84-F1A612BE9B94}.Setup|x64.ActiveCfg = Sample|x64
		{9E3239AC-EF1B-49BF-8D84-F1A612BE9B94}.Setup|x64.Build.0 = Sample|x64
		{9E3239AC-EF1B-49BF-8D84-F1A612BE9B94}.sts4nodoka|Win32.ActiveCfg = Release|Win32
		{9E3239AC-EF1B-49BF-8D84-F1A612BE9B94}.sts4nodoka|x64.ActiveCfg = nodoka|Win32
		{13236B33-EEAD-459A-98F9-DC2736A4D4CD}.ats4nodoka_debug|Win32.ActiveCfg = ats4nodoka_debug|Win32
		{13236B33-EEAD-459A-98F9-DC2736A4D4CD}.ats4nodoka_debug|x64.ActiveCfg = ats4nodoka_debug|Win32
		{13236B33-EEAD-459A-98F9-DC2736A4D4CD}.ats4nodoka|Win32.ActiveCfg = ats4nodoka|Win32
		{13236B33-EEAD-459A-98F9-DC2736A4D4CD}.ats4nodoka|x64.ActiveCfg = ats4nodoka|x64
		{13236B33-EEAD-459A-98F9-DC2736A4D4CD}.cts4nodoka|Win32.ActiveCfg = cts4nodoka|Win32
		{13236B33-EEAD-459A-98F9-DC2736A4D4CD}.cts4nodoka|x64.ActiveCfg = cts4nodoka|Win32
		{13236B33-EEAD-459A-98F9-DC2736A4D4CD}.Debug|Win32.ActiveCfg = Debug|Win32
		{13236B33-EEAD-459A-98F9-DC2736A4D4CD}.Debug|x64.ActiveCfg = Debug|Win32
		{13236B33-EEAD-459A-98F9-DC2736A4D4CD}.Release|Win32.ActiveCfg = Release|Win32
		{13236B33-EEAD-459A-98F9-DC2736A4D4CD}.Release|x64.ActiveCfg = Release|Win32
		{13236B33-EEAD-459A-98F9-DC2736A4D4CD}.s|Win32.ActiveCfg = Sample|x64
		{13236B33-EEAD-459A-98F9-DC2736A4D4CD}.s|x64.ActiveCfg = Sample|x64
		{13236B33-EEAD-459A-98F9-DC2736A4D4CD}.s|x64.Build.0 = Sample|x64
		{13236B33-EEAD-459A-98F9-DC2736A4D4CD}.Sample|Win32.ActiveCfg = Release|Win32
		{13236B33-EEAD-459A-98F9-DC2736A4D4CD}.Sample|x64.ActiveCfg = Release|x64
		{13236B33-EEAD-459A-98F9-DC2736A4D4CD}.Setup|Win32.ActiveCfg = Setup|Win32
		{13236B33-EEAD-459A-98F9-DC2736A4D4CD}.Setup|Win32.Build.0 = Setup|Win32
		{13236B33-EEAD-459A-98F9-DC2736A4D4CD}.Setup|x64.ActiveCfg = Setup|x64
		{13236B33-EEAD-459A-98F9-DC2736A4D4CD}.Setup|x64.Build.0 = Setup|x64
		{13236B33-EEAD-459A-98F9-DC2736A4D4CD}.sts4nodoka|Win32.ActiveCfg = sts4nodoka|Win32
		{13236B33-EEAD-459A-98F9-DC2736A4D4CD}.sts4nodoka|x64.ActiveCfg = sts4nodoka|x64
		{8C21A1A8-4A9B-47B1-9DBF-351933B958CB}.ats4nodoka_debug|Win32.ActiveCfg = ats4nodoka_debug|Win32
		{8C21A1A8-4A9B-47B1-9DBF-351933B958CB}.ats4nodoka_debug|x64.ActiveCfg = ats4nodoka_debug|Win32
		{8C21A1A8-4A9B-47B1-9DBF-351933B958CB}.ats4nodoka|Win32.ActiveCfg = Release|Win32
		{8C21A1A8-4A9B-47B1-9DBF-351933B958CB}.ats4nodoka|x64.ActiveCfg = ats4nodoka|Win32
		{8C21A1A8-4A9B-47B1-9DBF-351933B958CB}.cts4nodoka|Win32.ActiveCfg = Release|Win32
		{8C21A1A8-4A9B-47B1-9DBF-351933B958CB}.cts4nodoka|x64.ActiveCfg = cts4nodoka|Win32
		{8C21A1A8-4A9B-47B1-9DBF-351933B958CB}.Debug|Win32.ActiveCfg = Debug|Win32
		{8C21A1A8-4A9B-47B1-9DBF-351933B958CB}.Debug|x64.ActiveCfg = Debug|Win32
		{8C21A1A8-4A9B-47B1-9DBF-351933B958CB}.Debug|x64.Build.0 = Debug|Win32
		{8C21A1A8-4A9B-47B1-9DBF-351933B958CB}.Release|Win32.ActiveCfg = Release|Win32
		{8C21A1A8-4A9B-47B1-9DBF-351933B958CB}.Release|x64.ActiveCfg = Release|Win32
		{8C21A1A8-4A9B-47B1-9DBF-351933B958CB}.Release|x64.Build.0 = Release|Win32
		{8C21A1A8-4A9B-47B1-9DBF-351933B958CB}.s|Win32.ActiveCfg = s|Win32
		{8C21A1A8-4A9B-47B1-9DBF-351933B958CB}.s|Win32.Build.0 = s|Win32
		{8C21A1A8-4A9B-47B1-9DBF-351933B958CB}.s|x64.ActiveCfg = s|Win32
		{8C21A1A8-4A9B-47B1-9DBF-351933B958CB}.Sample|Win32.ActiveCfg = Sample|Win32
		{8C21A1A8-4A9B-47B1-9DBF-351933B958CB}.Sample|x64.ActiveCfg = Sample|Win32
		{8C21A1A8-4A9B-47B1-9DBF-351933B958CB}.Sample|x64.Build.0 = Sample|Win32
		{8C21A1A8-4A9B-47B1-9DBF-351933B958CB}.Setup|Win32.ActiveCfg = Sample|Win32
		{8C21A1A8-4A9B-47B1-9DBF-351933B958CB}.Setup|Win32.Build.0 = Sample|Win32
		{8C21A1A8-4A9B-47B1-9DBF-351933B958CB}.Setup|x64.ActiveCfg = Sample|Win32
		{8C21A1A8-4A9B-47B1-9DBF-351933B958CB}.sts4nodoka|Win32.ActiveCfg = Release|Win32
		{8C21A1A8-4A9B-47B1-9DBF-351933B958CB}.sts4nodoka|x64.ActiveCfg = nodoka|Win32
		{9897E270-B99F-414A-8012-C8E681C0E71D}.ats4nodoka_debug|Win32.ActiveCfg = ats4nodoka_debug|Win32
		{9897E270-B99F-414A-8012-C8E681C0E71D}.ats4nodoka_debug|x64.ActiveCfg = ats4nodoka_debug|Win32
		{9897E270-B99F-414A-8012-C8E681C0E71D}.ats4nodoka|Win32.ActiveCfg = Release|Win32
		{9897E270-B99F-414A-8012-C8E681C0E71D}.ats4nodoka|x64.ActiveCfg = ats4nodoka_debug|Win32
		{9897E270-B99F-414A-8012-C8E681C0E71D}.cts4nodoka|Win32.ActiveCfg = Release|Win32
		{9897E270-B99F-414A-8012-C8E681C0E71D}.cts4nodoka|x64.ActiveCfg = ats4nodoka_debug|Win32
		{9897E270-B99F-414A-8012-C8E681C0E71D}.Debug|Win32.ActiveCfg = Debug|Win32
		{9897E270-B99F-414A-8012-C8E681C0E71D}.Debug|x64.ActiveCfg = Debug|Win32
		{9897E270-B99F-414A-8012-C8E681C0E71D}.Debug|x64.Build.0 = Debug|Win32
		{9897E270-B99F-414A-8012-C8E681C0E71D}.Release|Win32.ActiveCfg = Release|Win32
		{9897E270-B99F-414A-8012-C8E681C0E71D}.Release|x64.ActiveCfg = Release|Win32
		{9897E270-B99F-414A-8012-C8E681C0E71D}.Release|x64.Build.0 = Release|Win32
		{9897E270-B99F-414A-8012-C8E681C0E71D}.s|Win32.ActiveCfg = Sample|Win32
		{9897E270-B99F-414A-8012-C8E681C0E71D}.s|Win32.Build.0 = Sample|Win32
		{9897E270-B99F-414A-8012-C8E681C0E71D}.s|x64.ActiveCfg = Sample|Win32
		{9897E270-B99F-414A-8012-C8E681C0E71D}.Sample|Win32.ActiveCfg = Release|Win32
		{9897E270-B99F-414A-8012-C8E681C0E71D}.Sample|x64.ActiveCfg = Sample|Win32
		{9897E270-B99F-414A-8012-C8E681C0E71D}.Sample|x64.Build.0 = Sample|Win32
		{9897E270-B99F-414A-8012-C8E681C0E71D}.Setup|Win32.ActiveCfg = Sample|Win32
		{9897E270-B99F-414A-8012-C8E681C0E71D}.Setup|Win32.Build.0 = Sample|Win32
		{9897E270-B99F-414A-8012-C8E681C0E71D}.Setup|x64.ActiveCfg = Sample|Win32
		{9897E270-B99F-414A-8012-C8E681C0E71D}.sts4nodoka|Win32.ActiveCfg = Release|Win32
		{9897E270-B99F-414A-8012-C8E681C0E71D}.sts4nodoka|x64.ActiveCfg = Sample|Win32
		{0E0BA2A2-3C7E-4618-9797-0897BC73E89A}.ats4nodoka_debug|Win32.ActiveCfg = ats4nodoka_debug|Win32
		{0E0BA2A2-3C7E-4618-9797-0897BC73E89A}.ats4nodoka_debug|x64.ActiveCfg = ats4nodoka_debug|Win32
		{0E0BA2A2-3C7E-4618-9797-0897BC73E89A}.ats4nodoka|Win32.ActiveCfg = Release|Win32
		{0E0BA2A2-3C7E-4618-9797-0897BC73E89A}.ats4nodoka|x64.ActiveCfg = ats4nodoka_debug|Win32
		{0E0BA2A2-3C7E-4618-9797-0897BC73E89A}.cts4nodoka|Win32.ActiveCfg = Release|Win32
		{0E0BA2A2-3C7E-4618-9797-0897BC73E89A}.cts4nodoka|x64.ActiveCfg = ats4nodoka_debug|Win32
		{0E0BA2A2-3C7E-4618-9797-0897BC73E89A}.Debug|Win32.ActiveCfg = Debug|Win32
		{0E0BA2A2-3C7E-4618-9797-0897BC73E89A}.Debug|x64.ActiveCfg = Debug|Win32
		{0E0BA2A2-3C7E-4618-9797-0897BC73E89A}.Release|Win32.ActiveCfg = Release|Win32
		{0E0BA2A2-3C7E-4618-9797-0897BC73E89A}.Release|x64.ActiveCfg = Release|x64
		{0E0BA2A2-3C7E-4618-9797-0897BC73E89A}.s|Win32.ActiveCfg = Sample|Win32
		{0E0BA2A2-3C7E-4618-9797-0897BC73E89A}.s|Win32.Build.0 = Sample|Win32
		{0E0BA2A2-3C7E-4618-9797-0897BC73E89A}.s|x64.ActiveCfg = Sample|Win32
		{0E0BA2A2-3C7E-4618-9797-0897BC73E89A}.Sample|Win32.ActiveCfg = Sample|Win32
		{0E0BA2A2-3C7E-4618-9797-0897BC73E89A}.Sample|x64.ActiveCfg = Release|x64
		{0E0BA2A2-3C7E-4618-9797-0897BC73E89A}.Setup|Win32.ActiveCfg = Sample|Win32
		{0E0BA2A2-3C7E-4618-9797-0897BC73E89A}.Setup|Win32.Build.0 = Sample|Win32
		{0E0BA2A2-3C7E-4618-9797-0897BC73E89A}.Setup|x64.ActiveCfg = Sample|Win32
		{0E0BA2A2-3C7E-4618-9797-0897BC73E89A}.sts4nodoka|Win32.ActiveCfg = Release|Win32
		{0E0BA2A2-3C7E-4618-9797-0897BC73E89A}.sts4nodoka|x64.ActiveCfg = Sample|Win32
		{4CC95CE1-E5E6-4D58-877E-2BAD2CAD35D9}.ats4nodoka_debug|Win32.ActiveCfg = Release|Win32
		{4CC95CE1-E5E6-4D58-877E-2BAD2CAD35D9}.ats4nodoka_debug|x64.ActiveCfg = Release|Win32
		{4CC95CE1-E5E6-4D58-877E-2BAD2CAD35D9}.ats4nodoka|Win32.ActiveCfg = Release|Win32
		{4CC95CE1-E5E6-4D58-877E-2BAD2CAD35D9}.ats4nodoka|x64.ActiveCfg = Release|x64
		{4CC95CE1-E5E6-4D58-877E-2BAD2CAD35D9}.cts4nodoka|Win32.ActiveCfg = Release|Win32
		{4CC95CE1-E5E6-4D58-877E-2BAD2CAD35D9}.cts4nodoka|x64.ActiveCfg = Release|Win32
		{4CC95CE1-E5E6-4D58-877E-2BAD2CAD35D9}.Debug|Win32.ActiveCfg = Debug|Win32
		{4CC95CE1-E5E6-4D58-877E-2BAD2CAD35D9}.Debug|x64.ActiveCfg = Debug|Win32
		{4CC95CE1-E5E6-4D58-877E-2BAD2CAD35D9}.Debug|x64.Build.0 = Debug|Win32
		{4CC95CE1-E5E6-4D58-877E-2BAD2CAD35D9}.Release|Win32.ActiveCfg = Release|Win32
		{4CC95CE1-E5E6-4D58-877E-2BAD2CAD35D9}.Release|x64.ActiveCfg = Release|Win32
		{4CC95CE1-E5E6-4D58-877E-2BAD2CAD35D9}.Release|x64.Build.0 = Release|Win32
		{4CC95CE1-E5E6-4D58-877E-2BAD2CAD35D9}.s|Win32.ActiveCfg = Release|x64
		{4CC95CE1-E5E6-4D58-877E-2BAD2CAD35D9}.s|x64.ActiveCfg = Release|x64
		{4CC95CE1-E5E6-4D58-877E-2BAD2CAD35D9}.s|x64.Build.0 = Release|x64
		{4CC95CE1-E5E6-4D58-877E-2BAD2CAD35D9}.Sample|Win32.ActiveCfg = Release|Win32
		{4CC95CE1-E5E6-4D58-877E-2BAD2CAD35D9}.Sample|x64.ActiveCfg = Release|Win32
		{4CC95CE1-E5E6-4D58-877E-2BAD2CAD35D9}.Setup|Win32.ActiveCfg = Release|x64
		{4CC95CE1-E5E6-4D58-877E-2BAD2CAD35D9}.Setup|x64.ActiveCfg = Release|x64
		{4CC95CE1-E5E6-4D58-877E-2BAD2CAD35D9}.Setup|x64.Build.0 = Release|x64
		{4CC95CE1-E5E6-4D58-877E-2BAD2CAD35D9}.sts4nodoka|Win32.ActiveCfg = Release|Win32
		{4CC95CE1-E5E6-4D58-877E-2BAD2CAD35D9}.sts4nodoka|x64.ActiveCfg = Release|Win32
		{713405DD-8217-474E-965A-14124034ED18}.ats4nodoka_debug|Win32.ActiveCfg = Release|Win32
		{713405DD-8217-474E-965A-14124034ED18}.ats4nodoka_debug|x64.ActiveCfg = Release|x64
		{713405DD-8217-474E-965A-14124034ED18}.ats4nodoka|Win32.ActiveCfg = Release|Win32
		{713405DD-8217-474E-965A-14124034ED18}.ats4nodoka|x64.ActiveCfg = Release|x64
		{713405DD-8217-474E-965A-14124034ED18}.cts4nodoka|Win32.ActiveCfg = Release|Win32
		{713405DD-8217-474E-965A-14124034ED18}.cts4nodoka|x64.ActiveCfg = Release|x64
		{713405DD-8217-474E-965A-14124034ED18}.Debug|Win32.ActiveCfg = Debug|x64
		{713405DD-8217-474E-965A-14124034ED18}.Debug|Win32.Build.0 = Debug|x64
		{713405DD-8217-474E-965A-14124034ED18}.Debug|x64.ActiveCfg = Debug|x64
		{713405DD-8217-474E-965A-14124034ED18}.Debug|x64.Build.0 = Debug|x64
		{713405DD-8217-474E-965A-14124034ED18}.Release|Win32.ActiveCfg = Release|x64
		{713405DD-8217-474E-965A-14124034ED18}.Release|x64.ActiveCfg = Release|x64
		{713405DD-8217-474E-965A-14124034ED18}.Release|x64.Build.0 = Release|x64
		{713405DD-8217-474E-965A-14124034ED18}.s|Win32.ActiveCfg = Sample|x64
		{713405DD-8217-474E-965A-14124034ED18}.s|x64.ActiveCfg = Sample|x64
		{713405DD-8217-474E-965A-14124034ED18}.s|x64.Build.0 = Sample|x64
		{713405DD-8217-474E-965A-14124034ED18}.Sample|Win32.ActiveCfg = Sample|x64
		{713405DD-8217-474E-965A-14124034ED18}.Sample|x64.ActiveCfg = Sample|x64
		{713405DD-8217-474E-965A-14124034ED18}.Sample|x64.Build.0 = Sample|x64
		{713405DD-8217-474E-965A-14124034ED18}.Setup|Win32.ActiveCfg = Sample|x64
		{713405DD-8217-474E-965A-14124034ED18}.Setup|x64.ActiveCfg = Sample|x64
		{713405DD-8217-474E-965A-14124034ED18}.Setup|x64.Build.0 = Sample|x64
		{713405DD-8217-474E-965A-14124034ED18}.sts4nodoka|Win32.ActiveCfg = Release|Win32
		{713405DD-8217-474E-965A-14124034ED18}.sts4nodoka|x64.ActiveCfg = Release|x64
		{11114EBF-FF47-41AE-AAA7-E5758F7ED1E9}.ats4nodoka_debug|Win32.ActiveCfg = Release|Win32
		{11114EBF-FF47-41AE-AAA7-E5758F7ED1E9}.ats4nodoka_debug|x64.ActiveCfg = Release|Win32
		{11114EBF-FF47-41AE-AAA7-E5758F7ED1E9}.ats4nodoka|Win32.ActiveCfg = Release|Win32
		{11114EBF-FF47-41AE-AAA7-E5758F7ED1E9}.ats4nodoka|x64.ActiveCfg = Release|x64
		{11114EBF-FF47-41AE-AAA7-E5758F7ED1E9}.cts4nodoka|Win32.ActiveCfg = Release|Win32
		{11114EBF-FF47-41AE-AAA7-E5758F7ED1E9}.cts4nodoka|x64.ActiveCfg = Release|Win32
		{11114EBF-FF47-41AE-AAA7-E5758F7ED1E9}.Debug|Win32.ActiveCfg = Debug|x64
		{11114EBF-FF47-41AE-AAA7-E5758F7ED1E9}.Debug|Win32.Build.0 = Debug|x64
		{11114EBF-FF47-41AE-AAA7-E5758F7ED1E9}.Debug|x64.ActiveCfg = Debug|x64
		{11114EBF-FF47-41AE-AAA7-E5758F7ED1E9}.Debug|x64.Build.0 = Debug|x64
		{11114EBF-FF47-41AE-AAA7-E5758F7ED1E9}.Release|Win32.ActiveCfg = Release|x64
		{11114EBF-FF47-41AE-AAA7-E5758F7ED1E9}.Release|x64.ActiveCfg = Release|x64
		{11114EBF-FF47-41AE-AAA7-E5758F7ED1E9}.Release|x64.Build.0 = Release|x64
		{11114EBF-FF47-41AE-AAA7-E5758F7ED1E9}.s|Win32.ActiveCfg = Sample|x64
		{11114EBF-FF47-41AE-AAA7-E5758F7ED1E9}.s|x64.ActiveCfg = Sample|x64
		{11114EBF-FF47-41AE-AAA7-E5758F7ED1E9}.s|x64.Build.0 = Sample|x64
		{11114EBF-FF47-41AE-AAA7-E5758F7ED1E9}.Sample|Win32.ActiveCfg = Sample|x64
		{11114EBF-FF47-41AE-AAA7-E5758F7ED1E9}.Sample|x64.ActiveCfg = Sample|x64
		{11114EBF-FF47-41AE-AAA7-E5758F7ED1E9}.Sample|x64.Build.0 = Sample|x64
		{11114EBF-FF47-41AE-AAA7-E5758F7ED1E9}.Setup|Win32.ActiveCfg = Sample|x64
		{11114EBF-FF47-41AE-AAA7-E5758F7ED1E9}.Setup|x64.ActiveCfg = Sample|x64
		{11114EBF-FF47-41AE-AAA7-E5758F7ED1E9}.Setup|x64.Build.0 = Sample|x64
		{11114EBF-FF47-41AE-AAA7-E5758F7ED1E9}.sts4nodoka|Win32.ActiveCfg = Release|Win32
		{11114EBF-FF47-41AE-AAA7-E5758F7ED1E9}.sts4nodoka|x64.ActiveCfg = Release|Win32
		{E4A63F12-8B5C-4D91-A1F3-9C2E704B6A81}.ats4nodoka_debug|Win32.ActiveCfg = Release|Win32
		{E4A63F12-8B5C-4D91-A1F3-9C2E704B6A81}.ats4nodoka_debug|x64.ActiveCfg = Release|Win32
		{E4A63F12-8B5C-4D91-A1F3-9C2E704B6A81}.ats4nodoka|Win32.ActiveCfg = Release|Win32
		{E4A63F12-8B5C-4D91-A1F3-9C2E704B6A81}.ats4nodoka|x64.ActiveCfg = Release|x64
		{E4A63F12-8B5C-4D91-A1F3-9C2E704B6A81}.cts4nodoka|Win32.ActiveCfg = Release|Win32
		{E4A63F12-8B5C-4D91-A1F3-9C2E704B6A81}.cts4nodoka|x64.ActiveCfg = Release|Win32
		{E4A63F12-8B5C-4D91-A1F3-9C2E704B6A81}.Debug|Win32.ActiveCfg = Debug|x64
		{E4A63F12-8B5C-4D91-A1F3-9C2E704B6A81}.Debug|Win32.Build.0 = Debug|x64
		{E4A63F12-8B5C-4D91-A1F3-9C2E704B6A81}.Debug|x64.ActiveCfg = Debug|x64
		{E4A63F12-8B5C-4D91-A1F3-9C2E704B6A81}.Debug|x64.Build.0 = Debug|x64
		{E4A63F12-8B5C-4D91-A1F3-9C2E704B6A81}.Release|Win32.ActiveCfg = Release|x64
		{E4A63F12-8B5C-4D91-A1F3-9C2E704B6A81}.Release|x64.ActiveCfg = Release|x64
		{E4A63F12-8B5C-4D91-A1F3-9C2E704B6A81}.Release|x64.Build.0 = Release|x64
		{E4A63F12-8B5C-4D91-A1F3-9C2E704B6A81}.s|Win32.ActiveCfg = Sample|x64
		{E4A63F12-8B5C-4D91-A1F3-9C2E704B6A81}.s|x64.ActiveCfg = Sample|x64
		{E4A63F12-8B5C-4D91-A1F3-9C2E704B6A81}.s|x64.Build.0 = Sample|x64
		{E4A63F12-8B5C-4D91-A1F3-9C2E704B6A81}.Sample|Win32.ActiveCfg = Sample|x64
		{E4A63F12-8B5C-4D91-A1F3-9C2E704B6A81}.Sample|x64.ActiveCfg = Sample|x64
		{E4A63F12-8B5C-4D91-A1F3-9C2E704B6A81}.Sample|x64.Build.0 = Sample|x64
		{E4A63F12-8B5C-4D91-A1F3-9C2E704B6A81}.Setup|Win32.ActiveCfg = Sample|x64
		{E4A63F12-8B5C-4D91-A1F3-9C2E704B6A81}.Setup|x64.ActiveCfg = Sample|x64
		{E4A63F12-8B5C-4D91-A1F3-9C2E704B6A81}.Setup|x64.Build.0 = Sample|x64
		{E4A63F12-8B5C-4D91-A1F3-9C2E704B6A81}.sts4nodoka|Win32.ActiveCfg = Release|Win32
		{E4A63F12-8B5C-4D91-A1F3-9C2E704B6A81}.sts4nodoka|x64.ActiveCfg = Release|Win32
		{1234EADD-5757-4969-B29A-22C435921AB0}.ats4nodoka_debug|Win32.ActiveCfg = Release|Win32
		{1234EADD-5757-4969-B29A-22C435921AB0}.ats4nodoka_debug|x64.ActiveCfg = Release|Win32
		{1234EADD-5757-4969-B29A-22C435921AB0}.ats4nodoka|Win32.ActiveCfg = Release|Win32
		{1234EADD-5757-4969-B29A-22C435921AB0}.ats4nodoka|x64.ActiveCfg = Release|Win32
		{1234EADD-5757-4969-B29A-22C435921AB0}.cts4nodoka|Win32.ActiveCfg = Release|Win32
		{1234EADD-5757-4969-B29A-22C435921AB0}.cts4nodoka|x64.ActiveCfg = Release|Win32
		{1234EADD-5757-4969-B29A-22C435921AB0}.Debug|Win32.ActiveCfg = Debug|Win32
		{1234EADD-5757-4969-B29A-22C435921AB0}.Debug|x64.ActiveCfg = Debug|Win32
		{1234EADD-5757-4969-B29A-22C435921AB0}.Debug|x64.Build.0 = Debug|Win32
		{1234EADD-5757-4969-B29A-22C435921AB0}.Release|Win32.ActiveCfg = Release|Win32
		{1234EADD-5757-4969-B29A-22C435921AB0}.Release|x64.ActiveCfg = Release|Win32
		{1234EADD-5757-4969-B29A-22C435921AB0}.Release|x64.Build.0 = Release|Win32
		{1234EADD-5757-4969-B29A-22C435921AB0}.s|Win32.ActiveCfg = Release|Win32
		{1234EADD-5757-4969-B29A-22C435921AB0}.s|Win32.Build.0 = Release|Win32
		{1234EADD-5757-4969-B29A-22C435921AB0}.s|x64.ActiveCfg = Release|Win32
		{1234EADD-5757-4969-B29A-22C435921AB0}.Sample|Win32.ActiveCfg = Release|Win32
		{1234EADD-5757-4969-B29A-22C435921AB0}.Sample|x64.ActiveCfg = Release|Win32
		{1234EADD-5757-4969-B29A-22C435921AB0}.Setup|Win32.ActiveCfg = Release|Win32
		{1234EADD-5757-4969-B29A-22C435921AB0}.Setup|Win32.Build.0 = Release|Win32
		{1234EADD-5757-4969-B29A-22C435921AB0}.Setup|x64.ActiveCfg = Release|Win32
		{1234EADD-5757-4969-B29A-22C435921AB0}.sts4nodoka|Win32.ActiveCfg = Release|Win32
		{1234EADD-5757-4969-B29A-22C435921AB0}.sts4nodoka|x64.ActiveCfg = Release|Win32
		{05E03B0D-C5EF-424D-8C80-82D65E1FB0C0}.ats4nodoka_debug|Win32.ActiveCfg = Release|Win32
		{05E03B0D-C5EF-424D-8C80-82D65E1FB0C0}.ats4nodoka_debug|x64.ActiveCfg = Release|Win32
		{05E03B0D-C5EF-424D-8C80-82D65E1FB0C0}.ats4nodoka|Win32.ActiveCfg = Release|Win32
		{05E03B0D-C5EF-424D-8C80-82D65E1FB0C0}.ats4nodoka|x64.ActiveCfg = Release|Win32
		{05E03B0D-C5EF-424D-8C80-82D65E1FB0C0}.cts4nodoka|Win32.ActiveCfg = Release|Win32
		{05E03B0D-C5EF-424D-8C80-82D65E1FB0C0}.cts4nodoka|x64.ActiveCfg = Release|Win32
		{05E03B0D-C5EF-424D-8C80-82D65E1FB0C0}.Debug|Win32.ActiveCfg = Debug|x64
		{05E03B0D-C5EF-424D-8C80-82D65E1FB0C0}.Debug|Win32.Build.0 = Debug|x64
		{05E03B0D-C5EF-424D-8C80-82D65E1FB0C0}.Debug|x64.ActiveCfg = Debug|x64
		{05E03B0D-C5EF-424D-8C80-82D65E1FB0C0}.Debug|x64.Build.0 = Debug|x64
		{05E03B0D-C5EF-424D-8C80-82D65E1FB0C0}.Release|Win32.ActiveCfg = Release|x64
		{05E03B0D-C5EF-424D-8C80-82D65E1FB0C0}.Release|x64.ActiveCfg = Release|x64
		{05E03B0D-C5EF-424D-8C80-82D65E1FB0C0}.Release|x64.Build.0 = Release|x64
		{05E03B0D-C5EF-424D-8C80-82D65E1FB0C0}.s|Win32.ActiveCfg = Sample|x64
		{05E03B0D-C5EF-424D-8C80-82D65E1FB0C0}.s|x64.ActiveCfg = Sample|x64
		{05E03B0D-C5EF-424D-8C80-82D65E1FB0C0}.s|x64.Build.0 = Sample|x64
		{05E03B0D-C5EF-424D-8C80-82D65E1FB0C0}.Sample|Win32.ActiveCfg = Sample|x64
		{05E03B0D-C5EF-424D-8C80-82D65E1FB0C0}.Sample|x64.ActiveCfg = Sample|x64
		{05E03B0D-C5EF-424D-8C80-82D65E1FB0C0}.Sample|x64.Build.0 = Sample|x64
		{05E03B0D-C5EF-424D-8C80-82D65E1FB0C0}.Setup|Win32.ActiveCfg = Sample|x64
		{05E03B0D-C5EF-424D-8C80-82D65E1FB0C0}.Setup|x64.ActiveCfg = Sample|x64
		{05E03B0D-C5EF-424D-8C80-82D65E1FB0C0}.Setup|x64.Build.0 = Sample|x64
		{05E03B0D-C5EF-424D-8C80-82D65E1FB0C0}.sts4nodoka|Win32.ActiveCfg = Release|Win32
		{05E03B0D-C5EF-424D-8C80-82D65E1FB0C0}.sts4nodoka|x64.ActiveCfg = Release|Win32
		{63AA33A9-B8F1-4265-8148-98F536A1FEB5}.ats4nodoka_debug|Win32.ActiveCfg = Release|Win32
		{63AA33A9-B8F1-4265-8148-98F536A1FEB5}.ats4nodoka_debug|x64.ActiveCfg = Release|Win32
		{63AA33A9-B8F1-4265-8148-98F536A1FEB5}.ats4nodoka|Win32.ActiveCfg = Release|Win32
		{63AA33A9-B8F1-4265-8148-98F536A1FEB5}.ats4nodoka|x64.ActiveCfg = Release|Win32
		{63AA33A9-B8F1-4265-8148-98F536A1FEB5}.cts4nodoka|Win32.ActiveCfg = Release|Win32
		{63AA33A9-B8F1-4265-8148-98F536A1FEB5}.cts4nodoka|x64.ActiveCfg = Release|Win32
		{63AA33A9-B8F1-4265-8148-98F536A1FEB5}.Debug|Win32.ActiveCfg = Debug|Win32
		{63AA33A9-B8F1-4265-8148-98F536A1FEB5}.Debug|Win32.Build.0 = Debug|Win32
		{63AA33A9-B8F1-4265-8148-98F536A1FEB5}.Debug|x64.ActiveCfg = Debug|Win32
		{63AA33A9-B8F1-4265-8148-98F536A1FEB5}.Debug|x64.Build.0 = Debug|Win32
		{63AA33A9-B8F1-4265-8148-98F536A1FEB5}.Release|Win32.ActiveCfg = Release|Win32
		{63AA33A9-B8F1-4265-8148-98F536A1FEB5}.Release|x64.ActiveCfg = Release|Win32
		{63AA33A9-B8F1-4265-8148-98F536A1FEB5}.Release|x64.Build.0 = Release|Win32
		{63AA33A9-B8F1-4265-8148-98F536A1FEB5}.s|Win32.ActiveCfg = Sample|Win32
		{63AA33A9-B8F1-4265-8148-98F536A1FEB5}.s|Win32.Build.0 = Sample|Win32
		{63AA33A9-B8F1-4265-8148-98F536A1FEB5}.s|x64.ActiveCfg = Sample|Win32
		{63AA33A9-B8F1-4265-8148-98F536A1FEB5}.Sample|Win32.ActiveCfg = Sample|Win32
		{63AA33A9-B8F1-4265-8148-98F536A1FEB5}.Sample|x64.ActiveCfg = Sample|Win32
		{63AA33A9-B8F1-4265-8148-98F536A1FEB5}.Sample|x64.Build.0 = Sample|Win32
		{63AA33A9-B8F1-4265-8148-98F536A1FEB5}.Setup|Win32.ActiveCfg = Sample|Win32
		{63AA33A9-B8F1-4265-8148-98F536A1FEB5}.Setup|Win32.Build.0 = Sample|Win32
		{63AA33A9-B8F1-4265-8148-98F536A1FEB5}.Setup|x64.ActiveCfg = Sample|Win32
		{63AA33A9-B8F1-4265-8148-98F536A1FEB5}.sts4nodoka|Win32.ActiveCfg = Release|Win32
		{63AA33A9-B8F1-4265-8148-98F536A1FEB5}.sts4nodoka|x64.ActiveCfg = Release|Win32
		{806429CF-6A51-41D2-ABA5-78D2B999DF91}.ats4nodoka_debug|Win32.ActiveCfg = Release|Win32
		{806429CF-6A51-41D2-ABA5-78D2B999DF91}.ats4nodoka_debug|x64.ActiveCfg = Release|Win32
		{806429CF-6A51-41D2-ABA5-78D2B999DF91}.ats4nodoka|Win32.ActiveCfg = Release|Win32
		{806429CF-6A51-41D2-ABA5-78D2B999DF91}.ats4nodoka|x64.ActiveCfg = Release|Win32
		{806429CF-6A51-41D2-ABA5-78D2B999DF91}.cts4nodoka|Win32.ActiveCfg = Release|Win32
		{806429CF-6A51-41D2-ABA5-78D2B999DF91}.cts4nodoka|x64.ActiveCfg = Release|Win32
		{806429CF-6A51-41D2-ABA5-78D2B999DF91}.Debug|Win32.ActiveCfg = Debug|Win32
		{806429CF-6A51-41D2-ABA5-78D2B999DF91}.Debug|Win32.Build.0 = Debug|Win32
		{806429CF-6A51-41D2-ABA5-78D2B999DF91}.Debug|x64.ActiveCfg = Debug|Win32
		{806429CF-6A51-41D2-ABA5-78D2B999DF91}.Debug|x64.Build.0 = Debug|Win32
		{806429CF-6A51-41D2-ABA5-78D2B999DF91}.Release|Win32.ActiveCfg = Release|Win32
		{806429CF-6A51-41D2-ABA5-78D2B999DF91}.Release|x64.ActiveCfg = Release|Win32
		{806429CF-6A51-41D2-ABA5-78D2B999DF91}.Release|x64.Build.0 = Release|Win32
		{806429CF-6A51-41D2-ABA5-78D2B999DF91}.s|Win32.ActiveCfg = Sample|Win32
		{806429CF-6A51-41D2-ABA5-78D2B999DF91}.s|Win32.Build.0 = Sample|Win32
		{806429CF-6A51-41D2-ABA5-78D2B999DF91}.s|x64.ActiveCfg = Sample|Win32
		{806429CF-6A51-41D2-ABA5-78D2B999DF91}.Sample|Win32.ActiveCfg = Sample|Win32
		{806429CF-6A51-41D2-ABA5-78D2B999DF91}.Sample|x64.ActiveCfg = Sample|Win32
		{806429CF-6A51-41D2-ABA5-78D2B999DF91}.Sample|x64.Build.0 = Sample|Win32
		{806429CF-6A51-41D2-ABA5-78D2B999DF91}.Setup|Win32.ActiveCfg = Sample|Win32
		{806429CF-6A51-41D2-ABA5-78D2B999DF91}.Setup|Win32.Build.0 = Sample|Win32
		{806429CF-6A51-41D2-ABA5-78D2B999DF91}.Setup|x64.ActiveCfg = Sample|Win32
		{806429CF-6A51-41D2-ABA5-78D2B999DF91}.sts4nodoka|Win32.ActiveCfg = Release|Win32
		{806429CF-6A51-41D2-ABA5-78D2B999DF91}.sts4nodoka|x64.ActiveCfg = Release|Win32
		{A570141E-DABB-4CC8-9F11-A0895DF5726A}.ats4nodoka_debug|Win32.ActiveCfg = Release|Win32
		{A570141E-DABB-4CC8-9F11-A0895DF5726A}.ats4nodoka_debug|x64.ActiveCfg = Release|Win32
		{A570141E-DABB-4CC8-9F11-A0895DF5726A}.ats4nodoka|Win32.ActiveCfg = Release|Win32
		{A570141E-DABB-4CC8-9F11-A0895DF5726A}.ats4nodoka|x64.ActiveCfg = Release|Win32
		{A570141E-DABB-4CC8-9F11-A0895DF5726A}.cts4nodoka|Win32.ActiveCfg = Release|Win32
		{A570141E-DABB-4CC8-9F11-A0895DF5726A}.cts4nodoka|x64.ActiveCfg = Release|Win32
		{A570141E-DABB-4CC8-9F11-A0895DF5726A}.Debug|Win32.ActiveCfg = Debug|Win32
		{A570141E-DABB-4CC8-9F11-A0895DF5726A}.Debug|Win32.Build.0 = Debug|Win32
		{A570141E-DABB-4CC8-9F11-A0895DF5726A}.Debug|x64.ActiveCfg = Debug|x64
		{A570141E-DABB-4CC8-9F11-A0895DF5726A}.Debug|x64.Build.0 = Debug|x64
		{A570141E-DABB-4CC8-9F11-A0895DF5726A}.Release|Win32.ActiveCfg = Release|x64
		{A570141E-DABB-4CC8-9F11-A0895DF5726A}.Release|x64.ActiveCfg = Release|x64
		{A570141E-DABB-4CC8-9F11-A0895DF5726A}.Release|x64.Build.0 = Release|x64
		{A570141E-DABB-4CC8-9F11-A0895DF5726A}.s|Win32.ActiveCfg = Sample|x64
		{A570141E-DABB-4CC8-9F11-A0895DF5726A}.s|x64.ActiveCfg = Sample|x64
		{A570141E-DABB-4CC8-9F11-A0895DF5726A}.s|x64.Build.0 = Sample|x64
		{A570141E-DABB-4CC8-9F11-A0895DF5726A}.Sample|Win32.ActiveCfg = Sample|x64
		{A570141E-DABB-4CC8-9F11-A0895DF5726A}.Sample|x64.ActiveCfg = Sample|x64
		{A570141E-DABB-4CC8-9F11-A0895DF5726A}.Sample|x64.Build.0 = Sample|x64
		{A570141E-DABB-4CC8-9F11-A0895DF5726A}.Setup|Win32.ActiveCfg = Sample|x64
		{A570141E-DABB-4CC8-9F11-A0895DF5726A}.Setup|x64.ActiveCfg = Sample|x64
		{A570141E-DABB-4CC8-9F11-A0895DF5726A}.Setup|x64.Build.0 = Sample|x64
		{A570141E-DABB-4CC8-9F11-A0895DF5726A}.sts4nodoka|Win32.ActiveCfg = Release|Win32
		{A570141E-DABB-4CC8-9F11-A0895DF5726A}.sts4nodoka|x64.ActiveCfg = Release|Win32
		{263B0A6B-6D9A-4969-8964-822EC6DA2C86}.ats4nodoka_debug|Win32.ActiveCfg = Sample|Win32
		{263B0A6B-6D9A-4969-8964-822EC6DA2C86}.ats4nodoka_debug|Win32.Build.0 = Sample|Win32
		{263B0A6B-6D9A-4969-8964-822EC6DA2C86}.ats4nodoka_debug|x64.ActiveCfg = Sample|Win32
		{263B0A6B-6D9A-4969-8964-822EC6DA2C86}.ats4nodoka|Win32.ActiveCfg = Sample|Win32
		{263B0A6B-6D9A-4969-8964-822EC6DA2C86}.ats4nodoka|Win32.Build.0 = Sample|Win32
		{263B0A6B-6D9A-4969-8964-822EC6DA2C86}.ats4nodoka|x64.ActiveCfg = Sample|Win32
		{263B0A6B-6D9A-4969-8964-822EC6DA2C86}.cts4nodoka|Win32.ActiveCfg = Sample|Win32
		{263B0A6B-6D9A-4969-8964-822EC6DA2C86}.cts4nodoka|Win32.Build.0 = Sample|Win32
		{263B0A6B-6D9A-4969-8964-822EC6DA2C86}.cts4nodoka|x64.ActiveCfg = Sample|Win32
		{263B0A6B-6D9A-4969-8964-822EC6DA2C86}.Debug|Win32.ActiveCfg = Debug|Win32
		{263B0A6B-6D9A-4969-8964-822EC6DA2C86}.Debug|x64.ActiveCfg = Debug|Win32
		{263B0A6B-6D9A-4969-8964-822EC6DA2C86}.Release|Win32.ActiveCfg = Release|Win32
		{263B0A6B-6D9A-4969-8964-822EC6DA2C86}.Release|x64.ActiveCfg = Release|x64
		{263B0A6B-6D9A-4969-8964-822EC6DA2C86}.s|Win32.ActiveCfg = Sample|Win32
		{263B0A6B-6D9A-4969-8964-822EC6DA2C86}.s|Win32.Build.0 = Sample|Win32
		{263B0A6B-6D9A-4969-8964-822EC6DA2C86}.s|x64.ActiveCfg = Sample|Win32
		{263B0A6B-6D9A-4969-8964-822EC6DA2C86}.Sample|Win32.ActiveCfg = Release|Win32
		{263B0A6B-6D9A-4969-8964-822EC6DA2C86}.Sample|x64.ActiveCfg = Release|Win32
		{263B0A6B-6D9A-4969-8964-822EC6DA2C86}.Setup|Win32.ActiveCfg = Sample|Win32
		{263B0A6B-6D9A-4969-8964-822EC6DA2C86}.Setup|Win32.Build.0 = Sample|Win32
		{263B0A6B-6D9A-4969-8964-822EC6DA2C86}.Setup|x64.ActiveCfg = Sample|Win32
		{263B0A6B-6D9A-4969-8964-822EC6DA2C86}.sts4nodoka|Win32.ActiveCfg = Sample|Win32
		{263B0A6B-6D9A-4969-8964-822EC6DA2C86}.sts4nodoka|Win32.Build.0 = Sample|Win32
		{263B0A6B-6D9A-4969-8964-822EC6DA2C86}.sts4nodoka|x64.ActiveCfg = Sample|Win32
		{7E08A1A2-80F6-4A20-8E28-25C8F5D982CD}.ats4nodoka_debug|Win32.ActiveCfg = ats4nodoka|Win32
		{7E08A1A2-80F6-4A20-8E28-25C8F5D982CD}.ats4nodoka_debug|Win32.Build.0 = ats4nodoka|Win32
		{7E08A1A2-80F6-4A20-8E28-25C8F5D982CD}.ats4nodoka_debug|x64.ActiveCfg = ats4nodoka|Win32
		{7E08A1A2-80F6-4A20-8E28-25C8F5D982CD}.ats4nodoka|Win32.ActiveCfg = ats4nodoka|Win32
		{7E08A1A2-80F6-4A20-8E28-25C8F5D982CD}.ats4nodoka|Win32.Build.0 = ats4nodoka|Win32
		{7E08A1A2-80F6-4A20-8E28-25C8F5D982CD}.ats4nodoka|x64.ActiveCfg = ats4nodoka|Win32
		{7E08A1A2-80F6-4A20-8E28-25C8F5D982CD}.cts4nodoka|Win32.ActiveCfg = ats4nodoka|Win32
		{7E08A1A2-80F6-4A20-8E28-25C8F5D982CD}.cts4nodoka|Win32.Build.0 = ats4nodoka|Win32
		{7E08A1A2-80F6-4A20-8E28-25C8F5D982CD}.cts4nodoka|x64.ActiveCfg = ats4nodoka|Win32
		{7E08A1A2-80F6-4A20-8E28-25C8F5D982CD}.Debug|Win32.ActiveCfg = ats4nodoka|Win32
		{7E08A1A2-80F6-4A20-8E28-25C8F5D982CD}.Debug|Win32.Build.0 = ats4nodoka|Win32
		{7E08A1A2-80F6-4A20-8E28-25C8F5D982CD}.Debug|x64.ActiveCfg = ats4nodoka|Win32
		{7E08A1A2-80F6-4A20-8E28-25C8F5D982CD}.Debug|x64.Build.0 = ats4nodoka|Win32
		{7E08A1A2-80F6-4A20-8E28-25C8F5D982CD}.Release|Win32.ActiveCfg = ats4nodoka|Win32
		{7E08A1A2-80F6-4A20-8E28-25C8F5D982CD}.Release|x64.ActiveCfg = ats4nodoka|Win32
		{7E08A1A2-80F6-4A20-8E28-25C8F5D982CD}.Release|x64.Build.0 = ats4nodoka|Win32
		{7E08A1A2-80F6-4A20-8E28-25C8F5D982CD}.s|Win32.ActiveCfg = ats4nodoka|Win32
		{7E08A1A2-80F6-4A20-8E28-25C8F5D982CD}.s|Win32.Build.0 = ats4nodoka|Win32
		{7E08A1A2-80F6-4A20-8E28-25C8F5D982CD}.s|x64.ActiveCfg = ats4nodoka|Win32
		{7E08A1A2-80F6-4A20-8E28-25C8F5D982CD}.Sample|Win32.ActiveCfg = ats4nodoka|Win32
		{7E08A1A2-80F6-4A20-8E28-25C8F5D982CD}.Sample|x64.ActiveCfg = ats4nodoka|Win32
		{7E08A1A2-80F6-4A20-8E28-25C8F5D982CD}.Setup|Win32.ActiveCfg = ats4nodoka|Win32
		{7E08A1A2-80F6-4A20-8E28-25C8F5D982CD}.Setup|Win32.Build.0 = ats4nodoka|Win32
		{7E08A1A2-80F6-4A20-8E28-25C8F5D982CD}.Setup|x64.ActiveCfg = ats4nodoka|Win32
		{7E08A1A2-80F6-4A20-8E28-25C8F5D982CD}.sts4nodoka|Win32.ActiveCfg = ats4nodoka|Win32
		{7E08A1A2-80F6-4A20-8E28-25C8F5D982CD}.sts4nodoka|Win32.Build.0 = ats4nodoka|Win32
		{7E08A1A2-80F6-4A20-8E28-25C8F5D982CD}.sts4nodoka|x64.ActiveCfg = ats4nodoka|Win32
		{C38A69F8-750D-4EEB-A32D-8DA8B1782917}.ats4nodoka_debug|Win32.ActiveCfg = cts4nodoka|Win32
		{C38A69F8-750D-4EEB-A32D-8DA8B1782917}.ats4nodoka_debug|Win32.Build.0 = cts4nodoka|Win32
		{C38A69F8-750D-4EEB-A32D-8DA8B1782917}.ats4nodoka_debug|x64.ActiveCfg = cts4nodoka|Win32
		{C38A69F8-750D-4EEB-A32D-8DA8B1782917}.ats4nodoka|Win32.ActiveCfg = cts4nodoka|Win32
		{C38A69F8-750D-4EEB-A32D-8DA8B1782917}.ats4nodoka|Win32.Build.0 = cts4nodoka|Win32
		{C38A69F8-750D-4EEB-A32D-8DA8B1782917}.ats4nodoka|x64.ActiveCfg = cts4nodoka|Win32
		{C38A69F8-750D-4EEB-A32D-8DA8B1782917}.cts4nodoka|Win32.ActiveCfg = cts4nodoka|Win32
		{C38A69F8-750D-4EEB-A32D-8DA8B1782917}.cts4nodoka|Win32.Build.0 = cts4nodoka|Win32
		{C38A69F8-750D-4EEB-A32D-8DA8B1782917}.cts4nodoka|x64.ActiveCfg = cts4nodoka|Win32
		{C38A69F8-750D-4EEB-A32D-8DA8B1782917}.Debug|Win32.ActiveCfg = cts4nodoka|Win32
		{C38A69F8-750D-4EEB-A32D-8DA8B1782917}.Debug|Win32.Build.0 = cts4nodoka|Win32
		{C38A69F8-750D-4EEB-A32D-8DA8B1782917}.Debug|x64.ActiveCfg = cts4nodoka|Win32
		{C38A69F8-750D-4EEB-A32D-8DA8B1782917}.Debug|x64.Build.0 = cts4nodoka|Win32
		{C38A69F8-750D-4EEB-A32D-8DA8B1782917}.Release|Win32.ActiveCfg = cts4nodoka|Win32
		{C38A69F8-750D-4EEB-A32D-8DA8B1782917}.Release|x64.ActiveCfg = cts4nodoka|Win32
		{C38A69F8-750D-4EEB-A32D-8DA8B1782917}.Release|x64.Build.0 = cts4nodoka|Win32
		{C38A69F8-750D-4EEB-A32D-8DA8B1782917}.s|Win32.ActiveCfg = cts4nodoka|Win32
		{C38A69F8-750D-4EEB-A32D-8DA8B1782917}.s|Win32.Build.0 = cts4nodoka|Win32
		{C38A69F8-750D-4EEB-A32D-8DA8B1782917}.s|x64.ActiveCfg = cts4nodoka|Win32
		{C38A69F8-750D-4EEB-A32D-8DA8B1782917}.Sample|Win32.ActiveCfg = cts4nodoka|Win32
		{C38A69F8-750D-4EEB-A32D-8DA8B1782917}.Sample|x64.ActiveCfg = cts4nodoka|Win32
		{C38A69F8-750D-4EEB-A32D-8DA8B1782917}.Setup|Win32.ActiveCfg = cts4nodoka|Win32
		{C38A69F8-750D-4EEB-A32D-8DA8B1782917}.Setup|Win32.Build.0 = cts4nodoka|Win32
		{C38A69F8-750D-4EEB-A32D-8DA8B1782917}.Setup|x64.ActiveCfg = cts4nodoka|Win32
		{C38A69F8-750D-4EEB-A32D-8DA8B1782917}.sts4nodoka|Win32.ActiveCfg = cts4nodoka|Win32
		{C38A69F8-750D-4EEB-A32D-8DA8B1782917}.sts4nodoka|Win32.Build.0 = cts4nodoka|Win32
		{C38A69F8-750D-4EEB-A32D-8DA8B1782917}.sts4nodoka|x64.ActiveCfg = cts4nodoka|Win32
		{A4EC2B76-BEC1-47E6-A004-5FC52F1AAD2A}.ats4nodoka_debug|Win32.ActiveCfg = sts4nodoka|Win32
		{A4EC2B76-BEC1-47E6-A004-5FC52F1AAD2A}.ats4nodoka_debug|Win32.Build.0 = sts4nodoka|Win32
		{A4EC2B76-BEC1-47E6-A004-5FC52F1AAD2A}.ats4nodoka_debug|x64.ActiveCfg = sts4nodoka|Win32
		{A4EC2B76-BEC1-47E6-A004-5FC52F1AAD2A}.ats4nodoka|Win32.ActiveCfg = sts4nodoka|Win32
		{A4EC2B76-BEC1-47E6-A004-5FC52F1AAD2A}.ats4nodoka|Win32.Build.0 = sts4nodoka|Win32
		{A4EC2B76-BEC1-47E6-A004-5FC52F1AAD2A}.ats4nodoka|x64.ActiveCfg = sts4nodoka|Win32
		{A4EC2B76-BEC1-47E6-A004-5FC52F1AAD2A}.cts4nodoka|Win32.ActiveCfg = sts4nodoka|Win32
		{A4EC2B76-BEC1-47E6-A004-5FC52F1AAD2A}.cts4nodoka|Win32.Build.0 = sts4nodoka|Win32
		{A4EC2B76-BEC1-47E6-A004-5FC52F1AAD2A}.cts4nodoka|x64.ActiveCfg = sts4nodoka|Win32
		{A4EC2B76-BEC1-47E6-A004-5FC52F1AAD2A}.Debug|Win32.ActiveCfg = sts4nodoka|Win32
		{A4EC2B76-BEC1-47E6-A004-5FC52F1AAD2A}.Debug|Win32.Build.0 = sts4nodoka|Win32
		{A4EC2B76-BEC1-47E6-A004-5FC52F1AAD2A}.Debug|x64.ActiveCfg = sts4nodoka|Win32
		{A4EC2B76-BEC1-47E6-A004-5FC52F1AAD2A}.Debug|x64.Build.0 = sts4nodoka|Win32
		{A4EC2B76-BEC1-47E6-A004-5FC52F1AAD2A}.Release|Win32.ActiveCfg = sts4nodoka|Win32
		{A4EC2B76-BEC1-47E6-A004-5FC52F1AAD2A}.Release|x64.ActiveCfg = sts4nodoka|Win32
		{A4EC2B76-BEC1-47E6-A004-5FC52F1AAD2A}.Release|x64.Build.0 = sts4nodoka|Win32
		{A4EC2B76-BEC1-47E6-A004-5FC52F1AAD2A}.s|Win32.ActiveCfg = sts4nodoka|Win32
		{A4EC2B76-BEC1-47E6-A004-5FC52F1AAD2A}.s|Win32.Build.0 = sts4nodoka|Win32
		{A4EC2B76-BEC1-47E6-A004-5FC52F1AAD2A}.s|x64.ActiveCfg = sts4nodoka|Win32
		{A4EC2B76-BEC1-47E6-A004-5FC52F1AAD2A}.Sample|Win32.ActiveCfg = sts4nodoka|Win32
		{A4EC2B76-BEC1-47E6-A004-5FC52F1AAD2A}.Sample|x64.ActiveCfg = sts4nodoka|Win32
		{A4EC2B76-BEC1-47E6-A004-5FC52F1AAD2A}.Setup|Win32.ActiveCfg = sts4nodoka|Win32
		{A4EC2B76-BEC1-47E6-A004-5FC52F1AAD2A}.Setup|Win32.Build.0 = sts4nodoka|Win32
		{A4EC2B76-BEC1-47E6-A004-5FC52F1AAD2A}.Setup|x64.ActiveCfg = sts4nodoka|Win32
		{A4EC2B76-BEC1-47E6-A004-5FC52F1AAD2A}.sts4nodoka|Win32.ActiveCfg = sts4nodoka|Win32
		{A4EC2B76-BEC1-47E6-A004-5FC52F1AAD2A}.sts4nodoka|Win32.Build.0 = sts4nodoka|Win32
		{A4EC2B76-BEC1-47E6-A004-5FC52F1AAD2A}.sts4nodoka|x64.ActiveCfg = sts4nodoka|Win32
		{1ECA92D2-3F64-4465-9B46-1C96FA97048F}.ats4nodoka_debug|Win32.ActiveCfg = ats4nodoka_debug|x64
		{1ECA92D2-3F64-4465-9B46-1C96FA97048F}.ats4nodoka_debug|x64.ActiveCfg = ats4nodoka_debug|x64
		{1ECA92D2-3F64-4465-9B46-1C96FA97048F}.ats4nodoka_debug|x64.Build.0 = ats4nodoka_debug|x64
		{1ECA92D2-3F64-4465-9B46-1C96FA97048F}.ats4nodoka|Win32.ActiveCfg = ats4nodoka|x64
		{1ECA92D2-3F64-4465-9B46-1C96FA97048F}.ats4nodoka|x64.ActiveCfg = ats4nodoka|x64
		{1ECA92D2-3F64-4465-9B46-1C96FA97048F}.ats4nodoka|x64.Build.0 = ats4nodoka|x64
		{1ECA92D2-3F64-4465-9B46-1C96FA97048F}.cts4nodoka|Win32.ActiveCfg = ats4nodoka_debug|x64
		{1ECA92D2-3F64-4465-9B46-1C96FA97048F}.cts4nodoka|x64.ActiveCfg = ats4nodoka_debug|x64
		{1ECA92D2-3F64-4465-9B46-1C96FA97048F}.cts4nodoka|x64.Build.0 = ats4nodoka_debug|x64
		{1ECA92D2-3F64-4465-9B46-1C96FA97048F}.Debug|Win32.ActiveCfg = ats4nodoka_debug|x64
		{1ECA92D2-3F64-4465-9B46-1C96FA97048F}.Debug|x64.ActiveCfg = ats4nodoka_debug|x64
		{1ECA92D2-3F64-4465-9B46-1C96FA97048F}.Debug|x64.Build.0 = ats4nodoka_debug|x64
		{1ECA92D2-3F64-4465-9B46-1C96FA97048F}.Release|Win32.ActiveCfg = ats4nodoka_debug|x64
		{1ECA92D2-3F64-4465-9B46-1C96FA97048F}.Release|x64.ActiveCfg = ats4nodoka|x64
		{1ECA92D2-3F64-4465-9B46-1C96FA97048F}.Release|x64.Build.0 = ats4nodoka|x64
		{1ECA92D2-3F64-4465-9B46-1C96FA97048F}.s|Win32.ActiveCfg = ats4nodoka_debug|x64
		{1ECA92D2-3F64-4465-9B46-1C96FA97048F}.s|x64.ActiveCfg = ats4nodoka_debug|x64
		{1ECA92D2-3F64-4465-9B46-1C96FA97048F}.s|x64.Build.0 = ats4nodoka_debug|x64
		{1ECA92D2-3F64-4465-9B46-1C96FA97048F}.Sample|Win32.ActiveCfg = ats4nodoka_debug|x64
		{1ECA92D2-3F64-4465-9B46-1C96FA97048F}.Sample|x64.ActiveCfg = ats4nodoka|x64
		{1ECA92D2-3F64-4465-9B46-1C96FA97048F}.Setup|Win32.ActiveCfg = ats4nodoka_debug|x64
		{1ECA92D2-3F64-4465-9B46-1C96FA97048F}.Setup|x64.ActiveCfg = ats4nodoka_debug|x64
		{1ECA92D2-3F64-4465-9B46-1C96FA97048F}.Setup|x64.Build.0 = ats4nodoka_debug|x64
		{1ECA92D2-3F64-4465-9B46-1C96FA97048F}.sts4nodoka|Win32.ActiveCfg = ats4nodoka_debug|x64
		{1ECA92D2-3F64-4465-9B46-1C96FA97048F}.sts4nodoka|x64.ActiveCfg = ats4nodoka_debug|x64
		{1ECA92D2-3F64-4465-9B46-1C96FA97048F}.sts4nodoka|x64.Build.0 = ats4nodoka_debug|x64
		{016B03B9-94F3-4AE6-BD7F-161CAD4CE249}.ats4nodoka_debug|Win32.ActiveCfg = cts4nodoka|x64
		{016B03B9-94F3-4AE6-BD7F-161CAD4CE249}.ats4nodoka_debug|x64.ActiveCfg = cts4nodoka|x64
		{016B03B9-94F3-4AE6-BD7F-161CAD4CE249}.ats4nodoka_debug|x64.Build.0 = cts4nodoka|x64
		{016B03B9-94F3-4AE6-BD7F-161CAD4CE249}.ats4nodoka|Win32.ActiveCfg = cts4nodoka|x64
		{016B03B9-94F3-4AE6-BD7F-161CAD4CE249}.ats4nodoka|x64.ActiveCfg = cts4nodoka|x64
		{016B03B9-94F3-4AE6-BD7F-161CAD4CE249}.ats4nodoka|x64.Build.0 = cts4nodoka|x64
		{016B03B9-94F3-4AE6-BD7F-161CAD4CE249}.cts4nodoka|Win32.ActiveCfg = cts4nodoka|x64
		{016B03B9-94F3-4AE6-BD7F-161CAD4CE249}.cts4nodoka|x64.ActiveCfg = cts4nodoka|x64
		{016B03B9-94F3-4AE6-BD7F-161CAD4CE249}.cts4nodoka|x64.Build.0 = cts4nodoka|x64
		{016B03B9-94F3-4AE6-BD7F-161CAD4CE249}.Debug|Win32.ActiveCfg = cts4nodoka|x64
		{016B03B9-94F3-4AE6-BD7F-161CAD4CE249}.Debug|x64.ActiveCfg = cts4nodoka|x64
		{016B03B9-94F3-4AE6-BD7F-161CAD4CE249}.Release|Win32.ActiveCfg = cts4nodoka|x64
		{016B03B9-94F3-4AE6-BD7F-161CAD4CE249}.Release|x64.ActiveCfg = cts4nodoka|x64
		{016B03B9-94F3-4AE6-BD7F-161CAD4CE249}.s|Win32.ActiveCfg = cts4nodoka|x64
		{016B03B9-94F3-4AE6-BD7F-161CAD4CE249}.s|x64.ActiveCfg = cts4nodoka|x64
		{016B03B9-94F3-4AE6-BD7F-161CAD4CE249}.s|x64.Build.0 = cts4nodoka|x64
		{016B03B9-94F3-4AE6-BD7F-161CAD4CE249}.Sample|Win32.ActiveCfg = cts4nodoka|x64
		{016B03B9-94F3-4AE6-BD7F-161CAD4CE249}.Sample|x64.ActiveCfg = cts4nodoka|x64
		{016B03B9-94F3-4AE6-BD7F-161CAD4CE249}.Setup|Win32.ActiveCfg = cts4nodoka|x64
		{016B03B9-94F3-4AE6-BD7F-161CAD4CE249}.Setup|x64.ActiveCfg = cts4nodoka|x64
		{016B03B9-94F3-4AE6-BD7F-161CAD4CE249}.Setup|x64.Build.0 = cts4nodoka|x64
		{016B03B9-94F3-4AE6-BD7F-161CAD4CE249}.sts4nodoka|Win32.ActiveCfg = cts4nodoka|x64
		{016B03B9-94F3-4AE6-BD7F-161CAD4CE249}.sts4nodoka|x64.ActiveCfg = cts4nodoka|x64
		{016B03B9-94F3-4AE6-BD7F-161CAD4CE249}.sts4nodoka|x64.Build.0 = cts4nodoka|x64
		{F8BF1E6B-22BF-4182-B06F-E4F1706FC91D}.ats4nodoka_debug|Win32.ActiveCfg = sts4nodoka|x64
		{F8BF1E6B-22BF-4182-B06F-E4F1706FC91D}.ats4nodoka_debug|x64.ActiveCfg = sts4nodoka|x64
		{F8BF1E6B-22BF-4182-B06F-E4F1706FC91D}.ats4nodoka_debug|x64.Build.0 = sts4nodoka|x64
		{F8BF1E6B-22BF-4182-B06F-E4F1706FC91D}.ats4nodoka|Win32.ActiveCfg = sts4nodoka|x64
		{F8BF1E6B-22BF-4182-B06F-E4F1706FC91D}.ats4nodoka|x64.ActiveCfg = sts4nodoka|x64
		{F8BF1E6B-22BF-4182-B06F-E4F1706FC91D}.ats4nodoka|x64.Build.0 = sts4nodoka|x64
		{F8BF1E6B-22BF-4182-B06F-E4F1706FC91D}.cts4nodoka|Win32.ActiveCfg = sts4nodoka|x64
		{F8BF1E6B-22BF-4182-B06F-E4F1706FC91D}.cts4nodoka|x64.ActiveCfg = sts4nodoka|x64
		{F8BF1E6B-22BF-4182-B06F-E4F1706FC91D}.cts4nodoka|x64.Build.0 = sts4nodoka|x64
		{F8BF1E6B-22BF-4182-B06F-E4F1706FC91D}.Debug|Win32.ActiveCfg = sts4nodoka|x64
		{F8BF1E6B-22BF-4182-B06F-E4F1706FC91D}.Debug|x64.ActiveCfg = sts4nodoka|x64
		{F8BF1E6B-22BF-4182-B06F-E4F1706FC91D}.Debug|x64.Build.0 = sts4nodoka|x64
		{F8BF1E6B-22BF-4182-B06F-E4F1706FC91D}.Release|Win32.ActiveCfg = sts4nodoka|x64
		{F8BF1E6B-22BF-4182-B06F-E4F1706FC91D}.Release|x64.ActiveCfg = sts4nodoka|x64
		{F8BF1E6B-22BF-4182-B06F-E4F1706FC91D}.Release|x64.Build.0 = sts4nodoka|x64
		{F8BF1E6B-22BF-4182-B06F-E4F1706FC91D}.s|Win32.ActiveCfg = sts4nodoka|x64
		{F8BF1E6B-22BF-4182-B06F-E4F1706FC91D}.s|x64.ActiveCfg = sts4nodoka|x64
		{F8BF1E6B-22BF-4182-B06F-E4F1706FC91D}.s|x64.Build.0 = sts4nodoka|x64
		{F8BF1E6B-22BF-4182-B06F-E4F1706FC91D}.Sample|Win32.ActiveCfg = sts4nodoka|x64
		{F8BF1E6B-22BF-4182-B06F-E4F1706FC91D}.Sample|x64.ActiveCfg = sts4nodoka|x64
		{F8BF1E6B-22BF-4182-B06F-E4F1706FC91D}.Setup|Win32.ActiveCfg = sts4nodoka|x64
		{F8BF1E6B-22BF-4182-B06F-E4F1706FC91D}.Setup|x64.ActiveCfg = sts4nodoka|x64
		{F8BF1E6B-22BF-4182-B06F-E4F1706FC91D}.Setup|x64.Build.0 = sts4nodoka|x64
		{F8BF1E6B-22BF-4182-B06F-E4F1706FC91D}.sts4nodoka|Win32.ActiveCfg = sts4nodoka|x64
		{F8BF1E6B-22BF-4182-B06F-E4F1706FC91D}.sts4nodoka|x64.ActiveCfg = sts4nodoka|x64
		{F8BF1E6B-22BF-4182-B06F-E4F1706FC91D}.sts4nodoka|x64.Build.0 = sts4nodoka|x64
		{4D6C82A2-5B77-4DB9-9CED-3454CC78B530}.ats4nodoka_debug|Win32.ActiveCfg = Release|x64
		{4D6C82A2-5B77-4DB9-9CED-3454CC78B530}.ats4nodoka_debug|x64.ActiveCfg = Release|x64
		{4D6C82A2-5B77-4DB9-9CED-3454CC78B530}.ats4nodoka_debug|x64.Build.0 = Release|x64
		{4D6C82A2-5B77-4DB9-9CED-3454CC78B530}.ats4nodoka|Win32.ActiveCfg = Release|x64
		{4D6C82A2-5B77-4DB9-9CED-3454CC78B530}.ats4nodoka|x64.ActiveCfg = Release|x64
		{4D6C82A2-5B77-4DB9-9CED-3454CC78B530}.ats4nodoka|x64.Build.0 = Release|x64
		{4D6C82A2-5B77-4DB9-9CED-3454CC78B530}.cts4nodoka|Win32.ActiveCfg = Release|x64
		{4D6C82A2-5B77-4DB9-9CED-3454CC78B530}.cts4nodoka|x64.ActiveCfg = Release|x64
		{4D6C82A2-5B77-4DB9-9CED-3454CC78B530}.cts4nodoka|x64.Build.0 = Release|x64
		{4D6C82A2-5B77-4DB9-9CED-3454CC78B530}.Debug|Win32.ActiveCfg = Debug|Win32
		{4D6C82A2-5B77-4DB9-9CED-3454CC78B530}.Debug|Win32.Build.0 = Debug|Win32
		{4D6C82A2-5B77-4DB9-9CED-3454CC78B530}.Debug|x64.ActiveCfg = Debug|x64
		{4D6C82A2-5B77-4DB9-9CED-3454CC78B530}.Debug|x64.Build.0 = Debug|x64
		{4D6C82A2-5B77-4DB9-9CED-3454CC78B530}.Release|Win32.ActiveCfg = Release|Win32
		{4D6C82A2-5B77-4DB9-9CED-3454CC78B530}.Release|x64.ActiveCfg = Release|x64
		{4D6C82A2-5B77-4DB9-9CED-3454CC78B530}.Release|x64.Build.0 = Release|x64
		{4D6C82A2-5B77-4DB9-9CED-3454CC78B530}.s|Win32.ActiveCfg = Release|x64
		{4D6C82A2-5B77-4DB9-9CED-3454CC78B530}.s|x64.ActiveCfg = Release|x64
		{4D6C82A2-5B77-4DB9-9CED-3454CC78B530}.s|x64.Build.0 = Release|x64
		{4D6C82A2-5B77-4DB9-9CED-3454CC78B530}.Sample|Win32.ActiveCfg = Release|x64
		{4D6C82A2-5B77-4DB9-9CED-3454CC78B530}.Sample|x64.ActiveCfg = Release|x64
		{4D6C82A2-5B77-4DB9-9CED-3454CC78B530}.Setup|Win32.ActiveCfg = Release|x64
		{4D6C82A2-5B77-4DB9-9CED-3454CC78B530}.Setup|x64.ActiveCfg = Release|x64
		{4D6C82A2-5B77-4DB9-9CED-3454CC78B530}.Setup|x64.Build.0 = Release|x64
		{4D6C82A2-5B77-4DB9-9CED-3454CC78B530}.sts4nodoka|Win32.ActiveCfg = Release|x64
		{4D6C82A2-5B77-4DB9-9CED-3454CC78B530}.sts4nodoka|x64.ActiveCfg = Release|x64
		{4D6C82A2-5B77-4DB9-9CED-3454CC78B530}.sts4nodoka|x64.Build.0 = Release|x64
		{237A25F1-6729-432B-8117-7679D9BF1D34}.ats4nodoka_debug|Win32.ActiveCfg = ats4nodoka_debug|Win32
		{237A25F1-6729-432B-8117-7679D9BF1D34}.ats4nodoka_debug|Win32.Build.0 = ats4nodoka_debug|Win32
		{237A25F1-6729-432B-8117-7679D9BF1D34}.ats4nodoka_debug|x64.ActiveCfg = ats4nodoka_debug|x64
		{237A25F1-6729-432B-8117-7679D9BF1D34}.ats4nodoka_debug|x64.Build.0 = ats4nodoka_debug|x64
		{237A25F1-6729-432B-8117-7679D9BF1D34}.ats4nodoka|Win32.ActiveCfg = ats4nodoka|Win32
		{237A25F1-6729-432B-8117-7679D9BF1D34}.ats4nodoka|Win32.Build.0 = ats4nodoka|Win32
		{237A25F1-6729-432B-8117-7679D9BF1D34}.ats4nodoka|x64.ActiveCfg = ats4nodoka|x64
		{237A25F1-6729-432B-8117-7679D9BF1D34}.ats4nodoka|x64.Build.0 = ats4nodoka|x64
		{237A25F1-6729-432B-8117-7679D9BF1D34}.cts4nodoka|Win32.ActiveCfg = cts4nodoka|Win32
		{237A25F1-6729-432B-8117-7679D9BF1D34}.cts4nodoka|Win32.Build.0 = cts4nodoka|Win32
		{237A25F1-6729-432B-8117-7679D9BF1D34}.cts4nodoka|x64.ActiveCfg = cts4nodoka|x64
		{237A25F1-6729-432B-8117-7679D9BF1D34}.cts4nodoka|x64.Build.0 = cts4nodoka|x64
		{237A25F1-6729-432B-8117-7679D9BF1D34}.Debug|Win32.ActiveCfg = Debug|Win32
		{237A25F1-6729-432B-8117-7679D9BF1D34}.Debug|Win32.Build.0 = Debug|Win32
		{237A25F1-6729-432B-8117-7679D9BF1D34}.Debug|x64.ActiveCfg = Debug|x64
		{237A25F1-6729-432B-8117-7679D9BF1D34}.Debug|x64.Build.0 = Debug|x64
		{237A25F1-6729-432B-8117-7679D9BF1D34}.Release|Win32.ActiveCfg = Release|Win32
		{237A25F1-6729-432B-8117-7679D9BF1D34}.Release|x64.ActiveCfg = Release|x64
		{237A25F1-6729-432B-8117-7679D9BF1D34}.Release|x64.Build.0 = Release|x64
		{237A25F1-6729-432B-8117-7679D9BF1D34}.s|Win32.ActiveCfg = s|Win32
		{237A25F1-6729-432B-8117-7679D9BF1D34}.s|Win32.Build.0 = s|Win32
		{237A25F1-6729-432B-8117-7679D9BF1D34}.s|x64.ActiveCfg = s|x64
		{237A25F1-6729-432B-8117-7679D9BF1D34}.s|x64.Build.0 = s|x64
		{237A25F1-6729-432B-8117-7679D9BF1D34}.Sample|Win32.ActiveCfg = Sample|Win32
		{237A25F1-6729-432B-8117-7679D9BF1D34}.Sample|x64.ActiveCfg = Release|x64
		{237A25F1-6729-432B-8117-7679D9BF1D34}.Setup|Win32.ActiveCfg = Sample|x64
		{237A25F1-6729-432B-8117-7679D9BF1D34}.Setup|x64.ActiveCfg = Sample|x64
		{237A25F1-6729-432B-8117-7679D9BF1D34}.Setup|x64.Build.0 = Sample|x64
		{237A25F1-6729-432B-8117-7679D9BF1D34}.sts4nodoka|Win32.ActiveCfg = nodoka|Win32
		{237A25F1-6729-432B-8117-7679D9BF1D34}.sts4nodoka|Win32.Build.0 = nodoka|Win32
		{237A25F1-6729-432B-8117-7679D9BF1D34}.sts4nodoka|x64.ActiveCfg = nodoka|x64
		{237A25F1-6729-432B-8117-7679D9BF1D34}.sts4nodoka|x64.Build.0 = nodoka|x64
		{07CD4DD5-AA30-4282-B503-DCA3C412BBA0}.ats4nodoka_debug|Win32.ActiveCfg = Release|Win32
		{07CD4DD5-AA30-4282-B503-DCA3C412BBA0}.ats4nodoka_debug|Win32.Build.0 = Release|Win32
		{07CD4DD5-AA30-4282-B503-DCA3C412BBA0}.ats4nodoka_debug|x64.ActiveCfg = Release|x64
		{07CD4DD5-AA30-4282-B503-DCA3C412BBA0}.ats4nodoka_debug|x64.Build.0 = Release|x64
		{07CD4DD5-AA30-4282-B503-DCA3C412BBA0}.ats4nodoka|Win32.ActiveCfg = Release|Win32
		{07CD4DD5-AA30-4282-B503-DCA3C412BBA0}.ats4nodoka|Win32.Build.0 = Release|Win32
		{07CD4DD5-AA30-4282-B503-DCA3C412BBA0}.ats4nodoka|x64.ActiveCfg = Release|x64
		{07CD4DD5-AA30-4282-B503-DCA3C412BBA0}.ats4nodoka|x64.Build.0 = Release|x64
		{07CD4DD5-AA30-4282-B503-DCA3C412BBA0}.cts4nodoka|Win32.ActiveCfg = Release|Win32
		{07CD4DD5-AA30-4282-B503-DCA3C412BBA0}.cts4nodoka|Win32.Build.0 = Release|Win32
		{07CD4DD5-AA30-4282-B503-DCA3C412BBA0}.cts4nodoka|x64.ActiveCfg = Release|x64
		{07CD4DD5-AA30-4282-B503-DCA3C412BBA0}.cts4nodoka|x64.Build.0 = Release|x64
		{07CD4DD5-AA30-4282-B503-DCA3C412BBA0}.Debug|Win32.ActiveCfg = Debug|Win32
		{07CD4DD5-AA30-4282-B503-DCA3C412BBA0}.Debug|Win32.Build.0 = Debug|Win32
		{07CD4DD5-AA30-4282-B503-DCA3C412BBA0}.Debug|x64.ActiveCfg = Debug|Win32
		{07CD4DD5-AA30-4282-B503-DCA3C412BBA0}.Debug|x64.Build.0 = Debug|Win32
		{07CD4DD5-AA30-4282-B503-DCA3C412BBA0}.Release|Win32.ActiveCfg = Release|Win32
		{07CD4DD5-AA30-4282-B503-DCA3C412BBA0}.Release|x64.ActiveCfg = Release|Win32
		{07CD4DD5-AA30-4282-B503-DCA3C412BBA0}.Release|x64.Build.0 = Release|Win32
		{07CD4DD5-AA30-4282-B503-DCA3C412BBA0}.s|Win32.ActiveCfg = Debug|Win32
		{07CD4DD5-AA30-4282-B503-DCA3C412BBA0}.s|Win32.Build.0 = Debug|Win32
		{07CD4DD5-AA30-4282-B503-DCA3C412BBA0}.s|x64.ActiveCfg = Debug|x64
		{07CD4DD5-AA30-4282-B503-DCA3C412BBA0}.s|x64.Build.0 = Debug|x64
		{07CD4DD5-AA30-4282-B503-DCA3C412BBA0}.Sample|Win32.ActiveCfg = Release|Win32
		{07CD4DD5-AA30-4282-B503-DCA3C412BBA0}.Sample|x64.ActiveCfg = Release|Win32
		{07CD4DD5-AA30-4282-B503-DCA3C412BBA0}.Setup|Win32.ActiveCfg = Debug|Win32
		{07CD4DD5-AA30-4282-B503-DCA3C412BBA0}.Setup|Win32.Build.0 = Debug|Win32
		{07CD4DD5-AA30-4282-B503-DCA3C412BBA0}.Setup|x64.ActiveCfg = Debug|x64
		{07CD4DD5-AA30-4282-B503-DCA3C412BBA0}.Setup|x64.Build.0 = Debug|x64
		{07CD4DD5-AA30-4282-B503-DCA3C412BBA0}.sts4nodoka|Win32.ActiveCfg = Release|Win32
		{07CD4DD5-AA30-4282-B503-DCA3C412BBA0}.sts4nodoka|Win32.Build.0 = Release|Win32
		{07CD4DD5-AA30-4282-B503-DCA3C412BBA0}.sts4nodoka|x64.ActiveCfg = Release|x64
		{07CD4DD5-AA30-4282-B503-DCA3C412BBA0}.sts4nodoka|x64.Build.0 = Release|x64
		{71E46836-AF51-F003-3EB6-7F2467ED98A2}.ats4nodoka_debug|Win32.ActiveCfg = Win11 Release|Win32
		{71E46836-AF51-F003-3EB6-7F2467ED98A2}.ats4nodoka_debug|Win32.Build.0 = Win11 Release|Win32
		{71E46836-AF51-F003-3EB6-7F2467ED98A2}.ats4nodoka_debug|Win32.Deploy.0 = Win11 Release|Win32
		{71E46836-AF51-F003-3EB6-7F2467ED98A2}.ats4nodoka_debug|x64.ActiveCfg = Win11 Release|Win32
		{71E46836-AF51-F003-3EB6-7F2467ED98A2}.ats4nodoka_debug|x64.Build.0 = Win11 Release|Win32
		{71E46836-AF51-F003-3EB6-7F2467ED98A2}.ats4nodoka_debug|x64.Deploy.0 = Win11 Release|Win32
		{71E46836-AF51-F003-3EB6-7F2467ED98A2}.ats4nodoka|Win32.ActiveCfg = Win11 Release|Win32
		{71E46836-AF51-F003-3EB6-7F2467ED98A2}.ats4nodoka|Win32.Build.0 = Win11 Release|Win32
		{71E46836-AF51-F003-3EB6-7F2467ED98A2}.ats4nodoka|Win32.Deploy.0 = Win11 Release|Win32
		{71E46836-AF51-F003-3EB6-7F2467ED98A2}.ats4nodoka|x64.ActiveCfg = Win11 Release|Win32
		{71E46836-AF51-F003-3EB6-7F2467ED98A2}.ats4nodoka|x64.Build.0 = Win11 Release|Win32
		{71E46836-AF51-F003-3EB6-7F2467ED98A2}.ats4nodoka|x64.Deploy.0 = Win11 Release|Win32
		{71E46836-AF51-F003-3EB6-7F2467ED98A2}.cts4nodoka|Win32.ActiveCfg = Win11 Release|Win32
		{71E46836-AF51-F003-3EB6-7F2467ED98A2}.cts4nodoka|Win32.Build.0 = Win11 Release|Win32
		{71E46836-AF51-F003-3EB6-7F2467ED98A2}.cts4nodoka|Win32.Deploy.0 = Win11 Release|Win32
		{71E46836-AF51-F003-3EB6-7F2467ED98A2}.cts4nodoka|x64.ActiveCfg = Win11 Release|Win32
		{71E46836-AF51-F003-3EB6-7F2467ED98A2}.cts4nodoka|x64.Build.0 = Win11 Release|Win32
		{71E46836-AF51-F003-3EB6-7F2467ED98A2}.cts4nodoka|x64.Deploy.0 = Win11 Release|Win32
		{71E46836-AF51-F003-3EB6-7F2467ED98A2}.Debug|Win32.ActiveCfg = Win11 Debug|Win32
		{71E46836-AF51-F003-3EB6-7F2467ED98A2}.Debug|x64.ActiveCfg = Debug|Win32
		{71E46836-AF51-F003-3EB6-7F2467ED98A2}.Release|Win32.ActiveCfg = Release|Win32
		{71E46836-AF51-F003-3EB6-7F2467ED98A2}.Release|x64.ActiveCfg = Release|Win32
		{71E46836-AF51-F003-3EB6-7F2467ED98A2}.s|Win32.ActiveCfg = Win11 Debug|Win32
		{71E46836-AF51-F003-3EB6-7F2467ED98A2}.s|Win32.Build.0 = Win11 Debug|Win32
		{71E46836-AF51-F003-3EB6-7F2467ED98A2}.s|Win32.Deploy.0 = Win11 Debug|Win32
		{71E46836-AF51-F003-3EB6-7F2467ED98A2}.s|x64.ActiveCfg = Win11 Debug|Win32
		{71E46836-AF51-F003-3EB6-7F2467ED98A2}.s|x64.Build.0 = Win11 Debug|Win32
		{71E46836-AF51-F003-3EB6-7F2467ED98A2}.s|x64.Deploy.0 = Win11 Debug|Win32
		{71E46836-AF51-F003-3EB6-7F2467ED98A2}.Sample|Win32.ActiveCfg = Win11 Debug|Win32
		{71E46836-AF51-F003-3EB6-7F2467ED98A2}.Sample|x64.ActiveCfg = Release|Win32
		{71E46836-AF51-F003-3EB6-7F2467ED98A2}.Setup|Win32.ActiveCfg = Win11 Debug|Win32
		{71E46836-AF51-F003-3EB6-7F2467ED98A2}.Setup|Win32.Build.0 = Win11 Debug|Win32
		{71E46836-AF51-F003-3EB6-7F2467ED98A2}.Setup|Win32.Deploy.0 = Win11 Debug|Win32
		{71E46836-AF51-F003-3EB6-7F2467ED98A2}.Setup|x64.ActiveCfg = Win11 Debug|Win32
		{71E46836-AF51-F003-3EB6-7F2467ED98A2}.Setup|x64.Build.0 = Win11 Debug|Win32
		{71E46836-AF51-F003-3EB6-7F2467ED98A2}.Setup|x64.Deploy.0 = Win11 Debug|Win32
		{71E46836-AF51-F003-3EB6-7F2467ED98A2}.sts4nodoka|Win32.ActiveCfg = Win11 Release|Win32
		{71E46836-AF51-F003-3EB6-7F2467ED98A2}.sts4nodoka|Win32.Build.0 = Win11 Release|Win32
		{71E46836-AF51-F003-3EB6-7F2467ED98A2}.sts4nodoka|Win32.Deploy.0 = Win11 Release|Win32
		{71E46836-AF51-F003-3EB6-7F2467ED98A2}.sts4nodoka|x64.ActiveCfg = Win11 Release|Win32
		{71E46836-AF51-F003-3EB6-7F2467ED98A2}.sts4nodoka|x64.Build.0 = Win11 Release|Win32
		{71E46836-AF51-F003-3EB6-7F2467ED98A2}.sts4nodoka|x64.Deploy.0 = Win11 Release|Win32
		{0A087915-7D25-4B37-AB85-092856D7F2FE}.ats4nodoka_debug|Win32.ActiveCfg = Release|x64
		{0A087915-7D25-4B37-AB85-092856D7F2FE}.ats4nodoka_debug|Win32.Build.0 = Release|x64
		{0A087915-7D25-4B37-AB85-092856D7F2FE}.ats4nodoka_debug|Win32.Deploy.0 = Release|x64
		{0A087915-7D25-4B37-AB85-092856D7F2FE}.ats4nodoka_debug|x64.ActiveCfg = Release|x64
		{0A087915-7D25-4B37-AB85-092856D7F2FE}.ats4nodoka_debug|x64.Build.0 = Release|x64
		{0A087915-7D25-4B37-AB85-092856D7F2FE}.ats4nodoka_debug|x64.Deploy.0 = Release|x64
		{0A087915-7D25-4B37-AB85-092856D7F2FE}.ats4nodoka|Win32.ActiveCfg = Release|x64
		{0A087915-7D25-4B37-AB85-092856D7F2FE}.ats4nodoka|Win32.Build.0 = Release|x64
		{0A087915-7D25-4B37-AB85-092856D7F2FE}.ats4nodoka|Win32.Deploy.0 = Release|x64
		{0A087915-7D25-4B37-AB85-092856D7F2FE}.ats4nodoka|x64.ActiveCfg = Release|x64
		{0A087915-7D25-4B37-AB85-092856D7F2FE}.ats4nodoka|x64.Build.0 = Release|x64
		{0A087915-7D25-4B37-AB85-092856D7F2FE}.ats4nodoka|x64.Deploy.0 = Release|x64
		{0A087915-7D25-4B37-AB85-092856D7F2FE}.cts4nodoka|Win32.ActiveCfg = Release|x64
		{0A087915-7D25-4B37-AB85-092856D7F2FE}.cts4nodoka|Win32.Build.0 = Release|x64
		{0A087915-7D25-4B37-AB85-092856D7F2FE}.cts4nodoka|Win32.Deploy.0 = Release|x64
		{0A087915-7D25-4B37-AB85-092856D7F2FE}.cts4nodoka|x64.ActiveCfg = Release|x64
		{0A087915-7D25-4B37-AB85-092856D7F2FE}.cts4nodoka|x64.Build.0 = Release|x64
		{0A087915-7D25-4B37-AB85-092856D7F2FE}.cts4nodoka|x64.Deploy.0 = Release|x64
		{0A087915-7D25-4B37-AB85-092856D7F2FE}.Debug|Win32.ActiveCfg = Debug|x64
		{0A087915-7D25-4B37-AB85-092856D7F2FE}.Debug|x64.ActiveCfg = Debug|x64
		{0A087915-7D25-4B37-AB85-092856D7F2FE}.Release|Win32.ActiveCfg = Release|x64
		{0A087915-7D25-4B37-AB85-092856D7F2FE}.Release|x64.ActiveCfg = Release|x64
		{0A087915-7D25-4B37-AB85-092856D7F2FE}.s|Win32.ActiveCfg = Debug|x64
		{0A087915-7D25-4B37-AB85-092856D7F2FE}.s|Win32.Build.0 = Debug|x64
		{0A087915-7D25-4B37-AB85-092856D7F2FE}.s|Win32.Deploy.0 = Debug|x64
		{0A087915-7D25-4B37-AB85-092856D7F2FE}.s|x64.ActiveCfg = Debug|x64
		{0A087915-7D25-4B37-AB85-092856D7F2FE}.s|x64.Build.0 = Debug|x64
		{0A087915-7D25-4B37-AB85-092856D7F2FE}.s|x64.Deploy.0 = Debug|x64
		{0A087915-7D25-4B37-AB85-092856D7F2FE}.Sample|Win32.ActiveCfg = Release|x64
		{0A087915-7D25-4B37-AB85-092856D7F2FE}.Sample|x64.ActiveCfg = Release|x64
		{0A087915-7D25-4B37-AB85-092856D7F2FE}.Setup|Win32.ActiveCfg = Debug|x64
		{0A087915-7D25-4B37-AB85-092856D7F2FE}.Setup|Win32.Build.0 = Debug|x64
		{0A087915-7D25-4B37-AB85-092856D7F2FE}.Setup|Win32.Deploy.0 = Debug|x64
		{0A087915-7D25-4B37-AB85-092856D7F2FE}.Setup|x64.ActiveCfg = Debug|x64
		{0A087915-7D25-4B37-AB85-092856D7F2FE}.Setup|x64.Build.0 = Debug|x64
		{0A087915-7D25-4B37-AB85-092856D7F2FE}.Setup|x64.Deploy.0 = Debug|x64
		{0A087915-7D25-4B37-AB85-092856D7F2FE}.sts4nodoka|Win32.ActiveCfg = Release|x64
		{0A087915-7D25-4B37-AB85-092856D7F2FE}.sts4nodoka|Win32.Build.0 = Release|x64
		{0A087915-7D25-4B37-AB85-092856D7F2FE}.sts4nodoka|Win32.Deploy.0 = Release|x64
		{0A087915-7D25-4B37-AB85-092856D7F2FE}.sts4nodoka|x64.ActiveCfg = Release|x64
		{0A087915-7D25-4B37-AB85-092856D7F2FE}.sts4nodoka|x64.Build.0 = Release|x64
		{0A087915-7D25-4B37-AB85-092856D7F2FE}.sts4nodoka|x64.Deploy.0 = Release|x64
		{DBFBDE76-649E-4AD6-8146-368C34158208}.ats4nodoka_debug|Win32.ActiveCfg = Release|Win32
		{DBFBDE76-649E-4AD6-8146-368C34158208}.ats4nodoka_debug|Win32.Build.0 = Release|Win32
		{DBFBDE76-649E-4AD6-8146-368C34158208}.ats4nodoka_debug|x64.ActiveCfg = Release|x64
		{DBFBDE76-649E-4AD6-8146-368C34158208}.ats4nodoka_debug|x64.Build.0 = Release|x64
		{DBFBDE76-649E-4AD6-8146-368C34158208}.ats4nodoka|Win32.ActiveCfg = Release|Win32
		{DBFBDE76-649E-4AD6-8146-368C34158208}.ats4nodoka|Win32.Build.0 = Release|Win32
		{DBFBDE76-649E-4AD6-8146-368C34158208}.ats4nodoka|x64.ActiveCfg = Release|x64
		{DBFBDE76-649E-4AD6-8146-368C34158208}.ats4nodoka|x64.Build.0 = Release|x64
		{DBFBDE76-649E-4AD6-8146-368C34158208}.cts4nodoka|Win32.ActiveCfg = Release|Win32
		{DBFBDE76-649E-4AD6-8146-368C34158208}.cts4nodoka|Win32.Build.0 = Release|Win32
		{DBFBDE76-649E-4AD6-8146-368C34158208}.cts4nodoka|x64.ActiveCfg = Release|x64
		{DBFBDE76-649E-4AD6-8146-368C34158208}.cts4nodoka|x64.Build.0 = Release|x64
		{DBFBDE76-649E-4AD6-8146-368C34158208}.Debug|Win32.ActiveCfg = Debug|Win32
		{DBFBDE76-649E-4AD6-8146-368C34158208}.Debug|Win32.Build.0 = Debug|Win32
		{DBFBDE76-649E-4AD6-8146-368C34158208}.Debug|x64.ActiveCfg = Debug|x64
		{DBFBDE76-649E-4AD6-8146-368C34158208}.Debug|x64.Build.0 = Debug|x64
		{DBFBDE76-649E-4AD6-8146-368C34158208}.Release|Win32.ActiveCfg = Release|Win32
		{DBFBDE76-649E-4AD6-8146-368C34158208}.Release|x64.ActiveCfg = Release|x64
		{DBFBDE76-649E-4AD6-8146-368C34158208}.Release|x64.Build.0 = Release|x64
		{DBFBDE76-649E-4AD6-8146-368C34158208}.s|Win32.ActiveCfg = Debug|Win32
		{DBFBDE76-649E-4AD6-8146-368C34158208}.s|Win32.Build.0 = Debug|Win32
		{DBFBDE76-649E-4AD6-8146-368C34158208}.s|x64.ActiveCfg = Debug|x64
		{DBFBDE76-649E-4AD6-8146-368C34158208}.s|x64.Build.0 = Debug|x64
		{DBFBDE76-649E-4AD6-8146-368C34158208}.Sample|Win32.ActiveCfg = Release|Win32
		{DBFBDE76-649E-4AD6-8146-368C34158208}.Sample|x64.ActiveCfg = Release|x64
		{DBFBDE76-649E-4AD6-8146-368C34158208}.Setup|Win32.ActiveCfg = Debug|Win32
		{DBFBDE76-649E-4AD6-8146-368C34158208}.Setup|Win32.Build.0 = Debug|Win32
		{DBFBDE76-649E-4AD6-8146-368C34158208}.Setup|x64.ActiveCfg = Debug|x64
		{DBFBDE76-649E-4AD6-8146-368C34158208}.Setup|x64.Build.0 = Debug|x64
		{DBFBDE76-649E-4AD6-8146-368C34158208}.sts4nodoka|Win32.ActiveCfg = Release|Win32
		{DBFBDE76-649E-4AD6-8146-368C34158208}.sts4nodoka|Win32.Build.0 = Release|Win32
		{DBFBDE76-649E-4AD6-8146-368C34158208}.sts4nodoka|x64.ActiveCfg = Release|x64
		{DBFBDE76-649E-4AD6-8146-368C34158208}.sts4nodoka|x64.Build.0 = Release|x64
		{66247D47-4B6C-49B4-AAED-9D3F9CDF76E8}.ats4nodoka_debug|Win32.ActiveCfg = Release|Win32
		{66247D47-4B6C-49B4-AAED-9D3F9CDF76E8}.ats4nodoka_debug|Win32.Build.0 = Release|Win32
		{66247D47-4B6C-49B4-AAED-9D3F9CDF76E8}.ats4nodoka_debug|x64.ActiveCfg = Release|x64
		{66247D47-4B6C-49B4-AAED-9D3F9CDF76E8}.ats4nodoka_debug|x64.Build.0 = Release|x64
		{66247D47-4B6C-49B4-AAED-9D3F9CDF76E8}.ats4nodoka|Win32.ActiveCfg = Release|Win32
		{66247D47-4B6C-49B4-AAED-9D3F9CDF76E8}.ats4nodoka|Win32.Build.0 = Release|Win32
		{66247D47-4B6C-49B4-AAED-9D3F9CDF76E8}.ats4nodoka|x64.ActiveCfg = Release|x64
		{66247D47-4B6C-49B4-AAED-9D3F9CDF76E8}.ats4nodoka|x64.Build.0 = Release|x64
		{66247D47-4B6C-49B4-AAED-9D3F9CDF76E8}.cts4nodoka|Win32.ActiveCfg = Release|Win32
		{66247D47-4B6C-49B4-AAED-9D3F9CDF76E8}.cts4nodoka|Win32.Build.0 = Release|Win32
		{66247D47-4B6C-49B4-AAED-9D3F9CDF76E8}.cts4nodoka|x64.ActiveCfg = Release|x64
		{66247D47-4B6C-49B4-AAED-9D3F9CDF76E8}.cts4nodoka|x64.Build.0 = Release|x64
		{66247D47-4B6C-49B4-AAED-9D3F9CDF76E8}.Debug|Win32.ActiveCfg = Debug|Win32
		{66247D47-4B6C-49B4-AAED-9D3F9CDF76E8}.Debug|Win32.Build.0 = Debug|Win32
		{66247D47-4B6C-49B4-AAED-9D3F9CDF76E8}.Debug|x64.ActiveCfg = Debug|Win32
		{66247D47-4B6C-49B4-AAED-9D3F9CDF76E8}.Debug|x64.Build.0 = Debug|Win32
		{66247D47-4B6C-49B4-AAED-9D3F9CDF76E8}.Release|Win32.ActiveCfg = Release|Win32
		{66247D47-4B6C-49B4-AAED-9D3F9CDF76E8}.Release|x64.ActiveCfg = Release|Win32
		{66247D47-4B6C-49B4-AAED-9D3F9CDF76E8}.Release|x64.Build.0 = Release|Win32
		{66247D47-4B6C-49B4-AAED-9D3F9CDF76E8}.s|Win32.ActiveCfg = Debug|Win32
		{66247D47-4B6C-49B4-AAED-9D3F9CDF76E8}.s|Win32.Build.0 = Debug|Win32
		{66247D47-4B6C-49B4-AAED-9D3F9CDF76E8}.s|x64.ActiveCfg = Debug|x64
		{66247D47-4B6C-49B4-AAED-9D3F9CDF76E8}.s|x64.Build.0 = Debug|x64
		{66247D47-4B6C-49B4-AAED-9D3F9CDF76E8}.Sample|Win32.ActiveCfg = Release|Win32
		{66247D47-4B6C-49B4-AAED-9D3F9CDF76E8}.Sample|x64.ActiveCfg = Release|x64
		{66247D47-4B6C-49B4-AAED-9D3F9CDF76E8}.Setup|Win32.ActiveCfg = Debug|Win32
		{66247D47-4B6C-49B4-AAED-9D3F9CDF76E8}.Setup|Win32.Build.0 = Debug|Win32
		{66247D47-4B6C-49B4-AAED-9D3F9CDF76E8}.Setup|x64.ActiveCfg = Debug|x64
		{66247D47-4B6C-49B4-AAED-9D3F9CDF76E8}.Setup|x64.Build.0 = Debug|x64
		{66247D47-4B6C-49B4-AAED-9D3F9CDF76E8}.sts4nodoka|Win32.ActiveCfg = Release|Win32
		{66247D47-4B6C-49B4-AAED-9D3F9CDF76E8}.sts4nodoka|Win32.Build.0 = Release|Win32
		{66247D47-4B6C-49B4-AAED-9D3F9CDF76E8}.sts4nodoka|x64.ActiveCfg = Release|x64
		{66247D47-4B6C-49B4-AAED-9D3F9CDF76E8}.sts4nodoka|x64.Build.0 = Release|x64
		{A1B2C3D4-E5F6-7890-ABCD-EF1234567890}.ats4nodoka_debug|Win32.ActiveCfg = Release|Any CPU
		{A1B2C3D4-E5F6-7890-ABCD-EF1234567890}.ats4nodoka_debug|Win32.Build.0 = Release|Any CPU
		{A1B2C3D4-E5F6-7890-ABCD-EF1234567890}.ats4nodoka_debug|x64.ActiveCfg = Release|x64
		{A1B2C3D4-E5F6-7890-ABCD-EF1234567890}.ats4nodoka_debug|x64.Build.0 = Release|x64
		{A1B2C3D4-E5F6-7890-ABCD-EF1234567890}.ats4nodoka|Win32.ActiveCfg = Release|Any CPU
		{A1B2C3D4-E5F6-7890-ABCD-EF1234567890}.ats4nodoka|Win32.Build.0 = Release|Any CPU
		{A1B2C3D4-E5F6-7890-ABCD-EF1234567890}.ats4nodoka|x64.ActiveCfg = Release|x64
		{A1B2C3D4-E5F6-7890-ABCD-EF1234567890}.ats4nodoka|x64.Build.0 = Release|x64
		{A1B2C3D4-E5F6-7890-ABCD-EF1234567890}.cts4nodoka|Win32.ActiveCfg = Release|Any CPU
		{A1B2C3D4-E5F6-7890-ABCD-EF1234567890}.cts4nodoka|Win32.Build.0 = Release|Any CPU
		{A1B2C3D4-E5F6-7890-ABCD-EF1234567890}.cts4nodoka|x64.ActiveCfg = Release|x64
		{A1B2C3D4-E5F6-7890-ABCD-EF1234567890}.cts4nodoka|x64.Build.0 = Release|x64
		{A1B2C3D4-E5F6-7890-ABCD-EF1234567890}.Debug|Win32.ActiveCfg = Debug|Any CPU
		{A1B2C3D4-E5F6-7890-ABCD-EF1234567890}.Debug|Win32.Build.0 = Debug|Any CPU
		{A1B2C3D4-E5F6-7890-ABCD-EF1234567890}.Debug|x64.ActiveCfg = Debug|x64
		{A1B2C3D4-E5F6-7890-ABCD-EF1234567890}.Debug|x64.Build.0 = Debug|x64
		{A1B2C3D4-E5F6-7890-ABCD-EF1234567890}.Release|Win32.ActiveCfg = Release|Any CPU
		{A1B2C3D4-E5F6-7890-ABCD-EF1234567890}.Release|x64.ActiveCfg = Release|x64
		{A1B2C3D4-E5F6-7890-ABCD-EF1234567890}.Release|x64.Build.0 = Release|x64
		{A1B2C3D4-E5F6-7890-ABCD-EF1234567890}.s|Win32.ActiveCfg = Debug|Any CPU
		{A1B2C3D4-E5F6-7890-ABCD-EF1234567890}.s|Win32.Build.0 = Debug|Any CPU
		{A1B2C3D4-E5F6-7890-ABCD-EF1234567890}.s|x64.ActiveCfg = Debug|x64
		{A1B2C3D4-E5F6-7890-ABCD-EF1234567890}.s|x64.Build.0 = Debug|x64
		{A1B2C3D4-E5F6-7890-ABCD-EF1234567890}.Sample|Win32.ActiveCfg = Release|Any CPU
		{A1B2C3D4-E5F6-7890-ABCD-EF1234567890}.Sample|x64.ActiveCfg = Release|x64
		{A1B2C3D4-E5F6-7890-ABCD-EF1234567890}.Setup|Win32.ActiveCfg = Debug|Any CPU
		{A1B2C3D4-E5F6-7890-ABCD-EF1234567890}.Setup|Win32.Build.0 = Debug|Any CPU
		{A1B2C3D4-E5F6-7890-ABCD-EF1234567890}.Setup|x64.ActiveCfg = Debug|x64
		{A1B2C3D4-E5F6-7890-ABCD-EF1234567890}.Setup|x64.Build.0 = Debug|x64
		{A1B2C3D4-E5F6-7890-ABCD-EF1234567890}.sts4nodoka|Win32.ActiveCfg = Release|Any CPU
		{A1B2C3D4-E5F6-7890-ABCD-EF1234567890}.sts4nodoka|Win32.Build.0 = Release|Any CPU
		{A1B2C3D4-E5F6-7890-ABCD-EF1234567890}.sts4nodoka|x64.ActiveCfg = Release|x64
		{A1B2C3D4-E5F6-7890-ABCD-EF1234567890}.sts4nodoka|x64.Build.0 = Release|x64
		{11111111-2222-3333-4444-555555555501}.ats4nodoka_debug|Win32.ActiveCfg = Release|Win32
		{11111111-2222-3333-4444-555555555501}.ats4nodoka_debug|Win32.Build.0 = Release|Win32
		{11111111-2222-3333-4444-555555555501}.ats4nodoka_debug|x64.ActiveCfg = Release|Win32
		{11111111-2222-3333-4444-555555555501}.ats4nodoka_debug|x64.Build.0 = Release|Win32
		{11111111-2222-3333-4444-555555555501}.ats4nodoka|Win32.ActiveCfg = Release|Win32
		{11111111-2222-3333-4444-555555555501}.ats4nodoka|Win32.Build.0 = Release|Win32
		{11111111-2222-3333-4444-555555555501}.ats4nodoka|x64.ActiveCfg = Release|Win32
		{11111111-2222-3333-4444-555555555501}.ats4nodoka|x64.Build.0 = Release|Win32
		{11111111-2222-3333-4444-555555555501}.cts4nodoka|Win32.ActiveCfg = Release|Win32
		{11111111-2222-3333-4444-555555555501}.cts4nodoka|Win32.Build.0 = Release|Win32
		{11111111-2222-3333-4444-555555555501}.cts4nodoka|x64.ActiveCfg = Release|Win32
		{11111111-2222-3333-4444-555555555501}.cts4nodoka|x64.Build.0 = Release|Win32
		{11111111-2222-3333-4444-555555555501}.Debug|Win32.ActiveCfg = Release|Win32
		{11111111-2222-3333-4444-555555555501}.Debug|Win32.Build.0 = Release|Win32
		{11111111-2222-3333-4444-555555555501}.Debug|x64.ActiveCfg = Release|Win32
		{11111111-2222-3333-4444-555555555501}.Debug|x64.Build.0 = Release|Win32
		{11111111-2222-3333-4444-555555555501}.Release|Win32.ActiveCfg = Release|Win32
		{11111111-2222-3333-4444-555555555501}.Release|x64.ActiveCfg = Release|Win32
		{11111111-2222-3333-4444-555555555501}.s|Win32.ActiveCfg = Release|Win32
		{11111111-2222-3333-4444-555555555501}.s|Win32.Build.0 = Release|Win32
		{11111111-2222-3333-4444-555555555501}.s|x64.ActiveCfg = Release|Win32
		{11111111-2222-3333-4444-555555555501}.s|x64.Build.0 = Release|Win32
		{11111111-2222-3333-4444-555555555501}.Sample|Win32.ActiveCfg = Release|Win32
		{11111111-2222-3333-4444-555555555501}.Sample|x64.ActiveCfg = Release|Win32
		{11111111-2222-3333-4444-555555555501}.Setup|Win32.ActiveCfg = Release|Win32
		{11111111-2222-3333-4444-555555555501}.Setup|Win32.Build.0 = Release|Win32
		{11111111-2222-3333-4444-555555555501}.Setup|x64.ActiveCfg = Release|Win32
		{11111111-2222-3333-4444-555555555501}.Setup|x64.Build.0 = Release|Win32
		{11111111-2222-3333-4444-555555555501}.sts4nodoka|Win32.ActiveCfg = Release|Win32
		{11111111-2222-3333-4444-555555555501}.sts4nodoka|Win32.Build.0 = Release|Win32
		{11111111-2222-3333-4444-555555555501}.sts4nodoka|x64.ActiveCfg = Release|Win32
		{11111111-2222-3333-4444-555555555501}.sts4nodoka|x64.Build.0 = Release|Win32
		{22222222-3333-4444-5555-666666666601}.ats4nodoka_debug|Win32.ActiveCfg = Release|Win32
		{22222222-3333-4444-5555-666666666601}.ats4nodoka_debug|Win32.Build.0 = Release|Win32
		{22222222-3333-4444-5555-666666666601}.ats4nodoka_debug|x64.ActiveCfg = Release|Win32
		{22222222-3333-4444-5555-666666666601}.ats4nodoka_debug|x64.Build.0 = Release|Win32
		{22222222-3333-4444-5555-666666666601}.ats4nodoka|Win32.ActiveCfg = Release|Win32
		{22222222-3333-4444-5555-666666666601}.ats4nodoka|Win32.Build.0 = Release|Win32
		{22222222-3333-4444-5555-666666666601}.ats4nodoka|x64.ActiveCfg = Release|Win32
		{22222222-3333-4444-5555-666666666601}.ats4nodoka|x64.Build.0 = Release|Win32
		{22222222-3333-4444-5555-666666666601}.cts4nodoka|Win32.ActiveCfg = Release|Win32
		{22222222-3333-4444-5555-666666666601}.cts4nodoka|Win32.Build.0 = Release|Win32
		{22222222-3333-4444-5555-666666666601}.cts4nodoka|x64.ActiveCfg = Release|Win32
		{22222222-3333-4444-5555-666666666601}.cts4nodoka|x64.Build.0 = Release|Win32
		{22222222-3333-4444-5555-666666666601}.Debug|Win32.ActiveCfg = Release|Win32
		{22222222-3333-4444-5555-666666666601}.Debug|Win32.Build.0 = Release|Win32
		{22222222-3333-4444-5555-666666666601}.Debug|x64.ActiveCfg = Release|Win32
		{22222222-3333-4444-5555-666666666601}.Debug|x64.Build.0 = Release|Win32
		{22222222-3333-4444-5555-666666666601}.Release|Win32.ActiveCfg = Release|Win32
		{22222222-3333-4444-5555-666666666601}.Release|x64.ActiveCfg = Release|Win32
		{22222222-3333-4444-5555-666666666601}.s|Win32.ActiveCfg = Release|Win32
		{22222222-3333-4444-5555-666666666601}.s|Win32.Build.0 = Release|Win32
		{22222222-3333-4444-5555-666666666601}.s|x64.ActiveCfg = Release|Win32
		{22222222-3333-4444-5555-666666666601}.s|x64.Build.0 = Release|Win32
		{22222222-3333-4444-5555-666666666601}.Sample|Win32.ActiveCfg = Release|Win32
		{22222222-3333-4444-5555-666666666601}.Sample|x64.ActiveCfg = Release|Win32
		{22222222-3333-4444-5555-666666666601}.Setup|Win32.ActiveCfg = Release|Win32
		{22222222-3333-4444-5555-666666666601}.Setup|Win32.Build.0 = Release|Win32
		{22222222-3333-4444-5555-666666666601}.Setup|x64.ActiveCfg = Release|Win32
		{22222222-3333-4444-5555-666666666601}.Setup|x64.Build.0 = Release|Win32
		{22222222-3333-4444-5555-666666666601}.sts4nodoka|Win32.ActiveCfg = Release|Win32
		{22222222-3333-4444-5555-666666666601}.sts4nodoka|Win32.Build.0 = Release|Win32
		{22222222-3333-4444-5555-666666666601}.sts4nodoka|x64.ActiveCfg = Release|Win32
		{22222222-3333-4444-5555-666666666601}.sts4nodoka|x64.Build.0 = Release|Win32
		{3E5F9A2D-6C17-4B83-A051-D8E2F4C6B793}.ats4nodoka_debug|Win32.ActiveCfg = Release|Win32
		{3E5F9A2D-6C17-4B83-A051-D8E2F4C6B793}.ats4nodoka_debug|Win32.Build.0 = Release|Win32
		{3E5F9A2D-6C17-4B83-A051-D8E2F4C6B793}.ats4nodoka_debug|x64.ActiveCfg = Release|Win32
		{3E5F9A2D-6C17-4B83-A051-D8E2F4C6B793}.ats4nodoka_debug|x64.Build.0 = Release|Win32
		{3E5F9A2D-6C17-4B83-A051-D8E2F4C6B793}.ats4nodoka|Win32.ActiveCfg = Release|Win32
		{3E5F9A2D-6C17-4B83-A051-D8E2F4C6B793}.ats4nodoka|Win32.Build.0 = Release|Win32
		{3E5F9A2D-6C17-4B83-A051-D8E2F4C6B793}.ats4nodoka|x64.ActiveCfg = Release|Win32
		{3E5F9A2D-6C17-4B83-A051-D8E2F4C6B793}.ats4nodoka|x64.Build.0 = Release|Win32
		{3E5F9A2D-6C17-4B83-A051-D8E2F4C6B793}.cts4nodoka|Win32.ActiveCfg = Release|Win32
		{3E5F9A2D-6C17-4B83-A051-D8E2F4C6B793}.cts4nodoka|Win32.Build.0 = Release|Win32
		{3E5F9A2D-6C17-4B83-A051-D8E2F4C6B793}.cts4nodoka|x64.ActiveCfg = Release|Win32
		{3E5F9A2D-6C17-4B83-A051-D8E2F4C6B793}.cts4nodoka|x64.Build.0 = Release|Win32
		{3E5F9A2D-6C17-4B83-A051-D8E2F4C6B793}.Debug|Win32.ActiveCfg = Debug|Win32
		{3E5F9A2D-6C17-4B83-A051-D8E2F4C6B793}.Debug|Win32.Build.0 = Debug|Win32
		{3E5F9A2D-6C17-4B83-A051-D8E2F4C6B793}.Debug|x64.ActiveCfg = Debug|Win32
		{3E5F9A2D-6C17-4B83-A051-D8E2F4C6B793}.Debug|x64.Build.0 = Debug|Win32
		{3E5F9A2D-6C17-4B83-A051-D8E2F4C6B793}.Release|Win32.ActiveCfg = Release|Win32
		{3E5F9A2D-6C17-4B83-A051-D8E2F4C6B793}.Release|Win32.Build.0 = Release|Win32
		{3E5F9A2D-6C17-4B83-A051-D8E2F4C6B793}.Release|x64.ActiveCfg = Release|Win32
		{3E5F9A2D-6C17-4B83-A051-D8E2F4C6B793}.Release|x64.Build.0 = Release|Win32
		{3E5F9A2D-6C17-4B83-A051-D8E2F4C6B793}.s|Win32.ActiveCfg = Debug|Win32
		{3E5F9A2D-6C17-4B83-A051-D8E2F4C6B793}.s|Win32.Build.0 = Debug|Win32
		{3E5F9A2D-6C17-4B83-A051-D8E2F4C6B793}.s|x64.ActiveCfg = Debug|Win32
		{3E5F9A2D-6C17-4B83-A051-D8E2F4C6B793}.s|x64.Build.0 = Debug|Win32
		{3E5F9A2D-6C17-4B83-A051-D8E2F4C6B793}.Sample|Win32.ActiveCfg = Release|Win32
		{3E5F9A2D-6C17-4B83-A051-D8E2F4C6B793}.Sample|Win32.Build.0 = Release|Win32
		{3E5F9A2D-6C17-4B83-A051-D8E2F4C6B793}.Sample|x64.ActiveCfg = Release|Win32
		{3E5F9A2D-6C17-4B83-A051-D8E2F4C6B793}.Setup|Win32.ActiveCfg = Debug|Win32
		{3E5F9A2D-6C17-4B83-A051-D8E2F4C6B793}.Setup|Win32.Build.0 = Debug|Win32
		{3E5F9A2D-6C17-4B83-A051-D8E2F4C6B793}.Setup|x64.ActiveCfg = Debug|Win32
		{3E5F9A2D-6C17-4B83-A051-D8E2F4C6B793}.Setup|x64.Build.0 = Debug|Win32
		{3E5F9A2D-6C17-4B83-A051-D8E2F4C6B793}.sts4nodoka|Win32.ActiveCfg = Release|Win32
		{3E5F9A2D-6C17-4B83-A051-D8E2F4C6B793}.sts4nodoka|Win32.Build.0 = Release|Win32
		{3E5F9A2D-6C17-4B83-A051-D8E2F4C6B793}.sts4nodoka|x64.ActiveCfg = Release|Win32
		{3E5F9A2D-6C17-4B83-A051-D8E2F4C6B793}.sts4nodoka|x64.Build.0 = Release|Win32
		{4F6A0B3E-7D28-5C94-B162-E9F3A5D7C804}.ats4nodoka_debug|Win32.ActiveCfg = Release|x64
		{4F6A0B3E-7D28-5C94-B162-E9F3A5D7C804}.ats4nodoka_debug|Win32.Build.0 = Release|x64
		{4F6A0B3E-7D28-5C94-B162-E9F3A5D7C804}.ats4nodoka_debug|x64.ActiveCfg = Release|x64
		{4F6A0B3E-7D28-5C94-B162-E9F3A5D7C804}.ats4nodoka_debug|x64.Build.0 = Release|x64
		{4F6A0B3E-7D28-5C94-B162-E9F3A5D7C804}.ats4nodoka|Win32.ActiveCfg = Release|x64
		{4F6A0B3E-7D28-5C94-B162-E9F3A5D7C804}.ats4nodoka|Win32.Build.0 = Release|x64
		{4F6A0B3E-7D28-5C94-B162-E9F3A5D7C804}.ats4nodoka|x64.ActiveCfg = Release|x64
		{4F6A0B3E-7D28-5C94-B162-E9F3A5D7C804}.ats4nodoka|x64.Build.0 = Release|x64
		{4F6A0B3E-7D28-5C94-B162-E9F3A5D7C804}.cts4nodoka|Win32.ActiveCfg = Release|x64
		{4F6A0B3E-7D28-5C94-B162-E9F3A5D7C804}.cts4nodoka|Win32.Build.0 = Release|x64
		{4F6A0B3E-7D28-5C94-B162-E9F3A5D7C804}.cts4nodoka|x64.ActiveCfg = Release|x64
		{4F6A0B3E-7D28-5C94-B162-E9F3A5D7C804}.cts4nodoka|x64.Build.0 = Release|x64
		{4F6A0B3E-7D28-5C94-B162-E9F3A5D7C804}.Debug|Win32.ActiveCfg = Debug|x64
		{4F6A0B3E-7D28-5C94-B162-E9F3A5D7C804}.Debug|Win32.Build.0 = Debug|x64
		{4F6A0B3E-7D28-5C94-B162-E9F3A5D7C804}.Debug|x64.ActiveCfg = Debug|x64
		{4F6A0B3E-7D28-5C94-B162-E9F3A5D7C804}.Debug|x64.Build.0 = Debug|x64
		{4F6A0B3E-7D28-5C94-B162-E9F3A5D7C804}.Release|Win32.ActiveCfg = Release|x64
		{4F6A0B3E-7D28-5C94-B162-E9F3A5D7C804}.Release|Win32.Build.0 = Release|x64
		{4F6A0B3E-7D28-5C94-B162-E9F3A5D7C804}.Release|x64.ActiveCfg = Release|x64
		{4F6A0B3E-7D28-5C94-B162-E9F3A5D7C804}.Release|x64.Build.0 = Release|x64
		{4F6A0B3E-7D28-5C94-B162-E9F3A5D7C804}.s|Win32.ActiveCfg = Debug|x64
		{4F6A0B3E-7D28-5C94-B162-E9F3A5D7C804}.s|Win32.Build.0 = Debug|x64
		{4F6A0B3E-7D28-5C94-B162-E9F3A5D7C804}.s|x64.ActiveCfg = Debug|x64
		{4F6A0B3E-7D28-5C94-B162-E9F3A5D7C804}.s|x64.Build.0 = Debug|x64
		{4F6A0B3E-7D28-5C94-B162-E9F3A5D7C804}.Sample|Win32.ActiveCfg = Release|x64
		{4F6A0B3E-7D28-5C94-B162-E9F3A5D7C804}.Sample|Win32.Build.0 = Release|x64
		{4F6A0B3E-7D28-5C94-B162-E9F3A5D7C804}.Sample|x64.ActiveCfg = Release|x64
		{4F6A0B3E-7D28-5C94-B162-E9F3A5D7C804}.Setup|Win32.ActiveCfg = Debug|x64
		{4F6A0B3E-7D28-5C94-B162-E9F3A5D7C804}.Setup|Win32.Build.0 = Debug|x64
		{4F6A0B3E-7D28-5C94-B162-E9F3A5D7C804}.Setup|x64.ActiveCfg = Debug|x64
		{4F6A0B3E-7D28-5C94-B162-E9F3A5D7C804}.Setup|x64.Build.0 = Debug|x64
		{4F6A0B3E-7D28-5C94-B162-E9F3A5D7C804}.sts4nodoka|Win32.ActiveCfg = Release|x64
		{4F6A0B3E-7D28-5C94-B162-E9F3A5D7C804}.sts4nodoka|Win32.Build.0 = Release|x64
		{4F6A0B3E-7D28-5C94-B162-E9F3A5D7C804}.sts4nodoka|x64.ActiveCfg = Release|x64
		{4F6A0B3E-7D28-5C94-B162-E9F3A5D7C804}.sts4nodoka|x64.Build.0 = Release|x64
	EndGlobalSection
	GlobalSection(SolutionProperties) = preSolution
		HideSolutionNode = FALSE
	EndGlobalSection
	GlobalSection(ExtensibilityGlobals) = postSolution
		SolutionGuid = {3B4E1EF1-CBD1-4D80-BC78-F7CF09C65299}
	EndGlobalSection
EndGlobal
