Microsoft Visual Studio Solution File, Format Version 9.00
# Visual Studio 2005
Project("{8BC9CEB8-8B4A-11D0-8D11-00A0C91BC942}") = "s", "s\s.vcproj", "{9E3239AC-EF1B-49BF-8D84-F1A612BE9B94}"
	ProjectSection(ProjectDependencies) = postProject
		{8C21A1A8-4A9B-47B1-9DBF-351933B958CB} = {8C21A1A8-4A9B-47B1-9DBF-351933B958CB}
	EndProjectSection
EndProject
Project("{8BC9CEB8-8B4A-11D0-8D11-00A0C91BC942}") = "ts4nodoka", "ts4nodoka\ts4nodoka.vcproj", "{13236B33-EEAD-459A-98F9-DC2736A4D4CD}"
EndProject
Project("{8BC9CEB8-8B4A-11D0-8D11-00A0C91BC942}") = "exe", "nodoka\nodoka.vcproj", "{8C21A1A8-4A9B-47B1-9DBF-351933B958CB}"
	ProjectSection(ProjectDependencies) = postProject
		{9897E270-B99F-414A-8012-C8E681C0E71D} = {9897E270-B99F-414A-8012-C8E681C0E71D}
	EndProjectSection
EndProject
Project("{8BC9CEB8-8B4A-11D0-8D11-00A0C91BC942}") = "dll", "dll\dll.vcproj", "{9897E270-B99F-414A-8012-C8E681C0E71D}"
EndProject
Project("{8BC9CEB8-8B4A-11D0-8D11-00A0C91BC942}") = "distrib", "distrib\distrib.vcproj", "{0E0BA2A2-3C7E-4618-9797-0897BC73E89A}"
EndProject
Project("{8BC9CEB8-8B4A-11D0-8D11-00A0C91BC942}") = "d", "d\d.vcproj", "{6005C32F-E4E3-4BA8-B039-135990B72137}"
EndProject
Project("{8BC9CEB8-8B4A-11D0-8D11-00A0C91BC942}") = "d.rescue", "d.rescue\d.rescue.vcproj", "{398E7364-5D2E-4650-8661-372D05CEFCB1}"
EndProject
Project("{8BC9CEB8-8B4A-11D0-8D11-00A0C91BC942}") = "gamepad", "gamepad\gamepad.vcproj", "{4CC95CE1-E5E6-4D58-877E-2BAD2CAD35D9}"
EndProject
Project("{8BC9CEB8-8B4A-11D0-8D11-00A0C91BC942}") = "dll.x64", "dll.x64\dll.x64.vcproj", "{713405DD-8217-474E-965A-14124034ED18}"
EndProject
Project("{8BC9CEB8-8B4A-11D0-8D11-00A0C91BC942}") = "exe.x64", "exe.x64\exe.x64.vcproj", "{11114EBF-FF47-41AE-AAA7-E5758F7ED1E9}"
	ProjectSection(ProjectDependencies) = postProject
		{713405DD-8217-474E-965A-14124034ED18} = {713405DD-8217-474E-965A-14124034ED18}
	EndProjectSection
EndProject
Project("{8BC9CEB8-8B4A-11D0-8D11-00A0C91BC942}") = "nodoka_helper", "nodoka_helper\nodoka_helper.vcproj", "{1234EADD-5757-4969-B29A-22C435921AB0}"
EndProject
Project("{8BC9CEB8-8B4A-11D0-8D11-00A0C91BC942}") = "exe.x64.limit", "exe.x64.limit\exe.x64.limit.vcproj", "{05E03B0D-C5EF-424D-8C80-82D65E1FB0C0}"
	ProjectSection(ProjectDependencies) = postProject
		{713405DD-8217-474E-965A-14124034ED18} = {713405DD-8217-474E-965A-14124034ED18}
	EndProjectSection
EndProject
Project("{8BC9CEB8-8B4A-11D0-8D11-00A0C91BC942}") = "exe.limit", "exe.limit\exe.limit.vcproj", "{63AA33A9-B8F1-4265-8148-98F536A1FEB5}"
	ProjectSection(ProjectDependencies) = postProject
		{9897E270-B99F-414A-8012-C8E681C0E71D} = {9897E270-B99F-414A-8012-C8E681C0E71D}
	EndProjectSection
EndProject
Project("{8BC9CEB8-8B4A-11D0-8D11-00A0C91BC942}") = "exe.hil", "exe.hil\exe.hil.vcproj", "{806429CF-6A51-41D2-ABA5-78D2B999DF91}"
	ProjectSection(ProjectDependencies) = postProject
		{9897E270-B99F-414A-8012-C8E681C0E71D} = {9897E270-B99F-414A-8012-C8E681C0E71D}
	EndProjectSection
EndProject
Project("{8BC9CEB8-8B4A-11D0-8D11-00A0C91BC942}") = "exe.x64.hil", "exe.x64.hil\exe.x64.hil.vcproj", "{A570141E-DABB-4CC8-9F11-A0895DF5726A}"
	ProjectSection(ProjectDependencies) = postProject
		{713405DD-8217-474E-965A-14124034ED18} = {713405DD-8217-474E-965A-14124034ED18}
	EndProjectSection
EndProject
Project("{8BC9CEB8-8B4A-11D0-8D11-00A0C91BC942}") = "d.sign", "d.sign\d.sign.vcproj", "{263B0A6B-6D9A-4969-8964-822EC6DA2C86}"
EndProject
Global
	GlobalSection(SolutionConfigurationPlatforms) = preSolution
		ats4nodoka_debug|Any CPU = ats4nodoka_debug|Any CPU
		ats4nodoka_debug|Mixed Platforms = ats4nodoka_debug|Mixed Platforms
		ats4nodoka_debug|Win32 = ats4nodoka_debug|Win32
		ats4nodoka_debug|x64 = ats4nodoka_debug|x64
		ats4nodoka|Any CPU = ats4nodoka|Any CPU
		ats4nodoka|Mixed Platforms = ats4nodoka|Mixed Platforms
		ats4nodoka|Win32 = ats4nodoka|Win32
		ats4nodoka|x64 = ats4nodoka|x64
		cts4nodoka|Any CPU = cts4nodoka|Any CPU
		cts4nodoka|Mixed Platforms = cts4nodoka|Mixed Platforms
		cts4nodoka|Win32 = cts4nodoka|Win32
		cts4nodoka|x64 = cts4nodoka|x64
		Debug|Any CPU = Debug|Any CPU
		Debug|Mixed Platforms = Debug|Mixed Platforms
		Debug|Win32 = Debug|Win32
		Debug|x64 = Debug|x64
		Debug64|Any CPU = Debug64|Any CPU
		Debug64|Mixed Platforms = Debug64|Mixed Platforms
		Debug64|Win32 = Debug64|Win32
		Debug64|x64 = Debug64|x64
		Release|Any CPU = Release|Any CPU
		Release|Mixed Platforms = Release|Mixed Platforms
		Release|Win32 = Release|Win32
		Release|x64 = Release|x64
		Release64|Any CPU = Release64|Any CPU
		Release64|Mixed Platforms = Release64|Mixed Platforms
		Release64|Win32 = Release64|Win32
		Release64|x64 = Release64|x64
		Sample|Any CPU = Sample|Any CPU
		Sample|Mixed Platforms = Sample|Mixed Platforms
		Sample|Win32 = Sample|Win32
		Sample|x64 = Sample|x64
		sts4nodoka|Any CPU = sts4nodoka|Any CPU
		sts4nodoka|Mixed Platforms = sts4nodoka|Mixed Platforms
		sts4nodoka|Win32 = sts4nodoka|Win32
		sts4nodoka|x64 = sts4nodoka|x64
	EndGlobalSection
	GlobalSection(ProjectConfigurationPlatforms) = postSolution
		{9E3239AC-EF1B-49BF-8D84-F1A612BE9B94}.ats4nodoka_debug|Any CPU.ActiveCfg = ats4nodoka_debug|Win32
		{9E3239AC-EF1B-49BF-8D84-F1A612BE9B94}.ats4nodoka_debug|Mixed Platforms.ActiveCfg = ats4nodoka_debug|Win32
		{9E3239AC-EF1B-49BF-8D84-F1A612BE9B94}.ats4nodoka_debug|Mixed Platforms.Build.0 = ats4nodoka_debug|Win32
		{9E3239AC-EF1B-49BF-8D84-F1A612BE9B94}.ats4nodoka_debug|Win32.ActiveCfg = ats4nodoka_debug|Win32
		{9E3239AC-EF1B-49BF-8D84-F1A612BE9B94}.ats4nodoka_debug|x64.ActiveCfg = ats4nodoka_debug|Win32
		{9E3239AC-EF1B-49BF-8D84-F1A612BE9B94}.ats4nodoka|Any CPU.ActiveCfg = ats4nodoka|Win32
		{9E3239AC-EF1B-49BF-8D84-F1A612BE9B94}.ats4nodoka|Mixed Platforms.ActiveCfg = ats4nodoka|Win32
		{9E3239AC-EF1B-49BF-8D84-F1A612BE9B94}.ats4nodoka|Mixed Platforms.Build.0 = ats4nodoka|Win32
		{9E3239AC-EF1B-49BF-8D84-F1A612BE9B94}.ats4nodoka|Win32.ActiveCfg = Release|Win32
		{9E3239AC-EF1B-49BF-8D84-F1A612BE9B94}.ats4nodoka|x64.ActiveCfg = ats4nodoka|Win32
		{9E3239AC-EF1B-49BF-8D84-F1A612BE9B94}.cts4nodoka|Any CPU.ActiveCfg = cts4nodoka|Win32
		{9E3239AC-EF1B-49BF-8D84-F1A612BE9B94}.cts4nodoka|Mixed Platforms.ActiveCfg = cts4nodoka|Win32
		{9E3239AC-EF1B-49BF-8D84-F1A612BE9B94}.cts4nodoka|Mixed Platforms.Build.0 = cts4nodoka|Win32
		{9E3239AC-EF1B-49BF-8D84-F1A612BE9B94}.cts4nodoka|Win32.ActiveCfg = Release|Win32
		{9E3239AC-EF1B-49BF-8D84-F1A612BE9B94}.cts4nodoka|x64.ActiveCfg = cts4nodoka|Win32
		{9E3239AC-EF1B-49BF-8D84-F1A612BE9B94}.Debug|Any CPU.ActiveCfg = Debug|Win32
		{9E3239AC-EF1B-49BF-8D84-F1A612BE9B94}.Debug|Mixed Platforms.ActiveCfg = Debug|Win32
		{9E3239AC-EF1B-49BF-8D84-F1A612BE9B94}.Debug|Mixed Platforms.Build.0 = Debug|Win32
		{9E3239AC-EF1B-49BF-8D84-F1A612BE9B94}.Debug|Win32.ActiveCfg = Debug|Win32
		{9E3239AC-EF1B-49BF-8D84-F1A612BE9B94}.Debug|x64.ActiveCfg = Debug|x64
		{9E3239AC-EF1B-49BF-8D84-F1A612BE9B94}.Debug64|Any CPU.ActiveCfg = Debug64|Win32
		{9E3239AC-EF1B-49BF-8D84-F1A612BE9B94}.Debug64|Mixed Platforms.ActiveCfg = Debug64|Win32
		{9E3239AC-EF1B-49BF-8D84-F1A612BE9B94}.Debug64|Mixed Platforms.Build.0 = Debug64|Win32
		{9E3239AC-EF1B-49BF-8D84-F1A612BE9B94}.Debug64|Win32.ActiveCfg = Debug64|Win32
		{9E3239AC-EF1B-49BF-8D84-F1A612BE9B94}.Debug64|x64.ActiveCfg = Debug64|Win32
		{9E3239AC-EF1B-49BF-8D84-F1A612BE9B94}.Release|Any CPU.ActiveCfg = Release|Win32
		{9E3239AC-EF1B-49BF-8D84-F1A612BE9B94}.Release|Mixed Platforms.ActiveCfg = Release|Win32
		{9E3239AC-EF1B-49BF-8D84-F1A612BE9B94}.Release|Mixed Platforms.Build.0 = Release|Win32
		{9E3239AC-EF1B-49BF-8D84-F1A612BE9B94}.Release|Win32.ActiveCfg = Release|Win32
		{9E3239AC-EF1B-49BF-8D84-F1A612BE9B94}.Release|x64.ActiveCfg = Release|x64
		{9E3239AC-EF1B-49BF-8D84-F1A612BE9B94}.Release|x64.Build.0 = Release|x64
		{9E3239AC-EF1B-49BF-8D84-F1A612BE9B94}.Release64|Any CPU.ActiveCfg = Release64|Win32
		{9E3239AC-EF1B-49BF-8D84-F1A612BE9B94}.Release64|Mixed Platforms.ActiveCfg = Release64|Win32
		{9E3239AC-EF1B-49BF-8D84-F1A612BE9B94}.Release64|Mixed Platforms.Build.0 = Release64|Win32
		{9E3239AC-EF1B-49BF-8D84-F1A612BE9B94}.Release64|Win32.ActiveCfg = Release|Win32
		{9E3239AC-EF1B-49BF-8D84-F1A612BE9B94}.Release64|x64.ActiveCfg = Release|Win32
		{9E3239AC-EF1B-49BF-8D84-F1A612BE9B94}.Sample|Any CPU.ActiveCfg = Sample|Win32
		{9E3239AC-EF1B-49BF-8D84-F1A612BE9B94}.Sample|Mixed Platforms.ActiveCfg = Sample|Win32
		{9E3239AC-EF1B-49BF-8D84-F1A612BE9B94}.Sample|Mixed Platforms.Build.0 = Sample|Win32
		{9E3239AC-EF1B-49BF-8D84-F1A612BE9B94}.Sample|Win32.ActiveCfg = Release|Win32
		{9E3239AC-EF1B-49BF-8D84-F1A612BE9B94}.Sample|x64.ActiveCfg = Release|x64
		{9E3239AC-EF1B-49BF-8D84-F1A612BE9B94}.sts4nodoka|Any CPU.ActiveCfg = nodoka|Win32
		{9E3239AC-EF1B-49BF-8D84-F1A612BE9B94}.sts4nodoka|Mixed Platforms.ActiveCfg = nodoka|Win32
		{9E3239AC-EF1B-49BF-8D84-F1A612BE9B94}.sts4nodoka|Mixed Platforms.Build.0 = nodoka|Win32
		{9E3239AC-EF1B-49BF-8D84-F1A612BE9B94}.sts4nodoka|Win32.ActiveCfg = Release|Win32
		{9E3239AC-EF1B-49BF-8D84-F1A612BE9B94}.sts4nodoka|x64.ActiveCfg = nodoka|Win32
		{13236B33-EEAD-459A-98F9-DC2736A4D4CD}.ats4nodoka_debug|Any CPU.ActiveCfg = ats4nodoka_debug|Win32
		{13236B33-EEAD-459A-98F9-DC2736A4D4CD}.ats4nodoka_debug|Mixed Platforms.ActiveCfg = ats4nodoka_debug|Win32
		{13236B33-EEAD-459A-98F9-DC2736A4D4CD}.ats4nodoka_debug|Mixed Platforms.Build.0 = ats4nodoka_debug|Win32
		{13236B33-EEAD-459A-98F9-DC2736A4D4CD}.ats4nodoka_debug|Win32.ActiveCfg = ats4nodoka_debug|Win32
		{13236B33-EEAD-459A-98F9-DC2736A4D4CD}.ats4nodoka_debug|x64.ActiveCfg = ats4nodoka_debug|Win32
		{13236B33-EEAD-459A-98F9-DC2736A4D4CD}.ats4nodoka|Any CPU.ActiveCfg = ats4nodoka|Win32
		{13236B33-EEAD-459A-98F9-DC2736A4D4CD}.ats4nodoka|Mixed Platforms.ActiveCfg = ats4nodoka|Win32
		{13236B33-EEAD-459A-98F9-DC2736A4D4CD}.ats4nodoka|Mixed Platforms.Build.0 = ats4nodoka|Win32
		{13236B33-EEAD-459A-98F9-DC2736A4D4CD}.ats4nodoka|Win32.ActiveCfg = ats4nodoka|Win32
		{13236B33-EEAD-459A-98F9-DC2736A4D4CD}.ats4nodoka|x64.ActiveCfg = ats4nodoka|x64
		{13236B33-EEAD-459A-98F9-DC2736A4D4CD}.cts4nodoka|Any CPU.ActiveCfg = cts4nodoka|Win32
		{13236B33-EEAD-459A-98F9-DC2736A4D4CD}.cts4nodoka|Mixed Platforms.ActiveCfg = cts4nodoka|Win32
		{13236B33-EEAD-459A-98F9-DC2736A4D4CD}.cts4nodoka|Mixed Platforms.Build.0 = cts4nodoka|Win32
		{13236B33-EEAD-459A-98F9-DC2736A4D4CD}.cts4nodoka|Win32.ActiveCfg = cts4nodoka|Win32
		{13236B33-EEAD-459A-98F9-DC2736A4D4CD}.cts4nodoka|x64.ActiveCfg = cts4nodoka|Win32
		{13236B33-EEAD-459A-98F9-DC2736A4D4CD}.Debug|Any CPU.ActiveCfg = Debug|Win32
		{13236B33-EEAD-459A-98F9-DC2736A4D4CD}.Debug|Mixed Platforms.ActiveCfg = Debug|Win32
		{13236B33-EEAD-459A-98F9-DC2736A4D4CD}.Debug|Mixed Platforms.Build.0 = Debug|Win32
		{13236B33-EEAD-459A-98F9-DC2736A4D4CD}.Debug|Win32.ActiveCfg = Debug|Win32
		{13236B33-EEAD-459A-98F9-DC2736A4D4CD}.Debug|x64.ActiveCfg = Debug|Win32
		{13236B33-EEAD-459A-98F9-DC2736A4D4CD}.Debug64|Any CPU.ActiveCfg = Debug64|Win32
		{13236B33-EEAD-459A-98F9-DC2736A4D4CD}.Debug64|Mixed Platforms.ActiveCfg = Debug64|Win32
		{13236B33-EEAD-459A-98F9-DC2736A4D4CD}.Debug64|Mixed Platforms.Build.0 = Debug64|Win32
		{13236B33-EEAD-459A-98F9-DC2736A4D4CD}.Debug64|Win32.ActiveCfg = Debug64|Win32
		{13236B33-EEAD-459A-98F9-DC2736A4D4CD}.Debug64|x64.ActiveCfg = Debug64|Win32
		{13236B33-EEAD-459A-98F9-DC2736A4D4CD}.Release|Any CPU.ActiveCfg = Release|Win32
		{13236B33-EEAD-459A-98F9-DC2736A4D4CD}.Release|Mixed Platforms.ActiveCfg = Release|Win32
		{13236B33-EEAD-459A-98F9-DC2736A4D4CD}.Release|Mixed Platforms.Build.0 = Release|Win32
		{13236B33-EEAD-459A-98F9-DC2736A4D4CD}.Release|Win32.ActiveCfg = Release|Win32
		{13236B33-EEAD-459A-98F9-DC2736A4D4CD}.Release|x64.ActiveCfg = Release|x64
		{13236B33-EEAD-459A-98F9-DC2736A4D4CD}.Release64|Any CPU.ActiveCfg = Release64|Win32
		{13236B33-EEAD-459A-98F9-DC2736A4D4CD}.Release64|Mixed Platforms.ActiveCfg = Release64|Win32
		{13236B33-EEAD-459A-98F9-DC2736A4D4CD}.Release64|Mixed Platforms.Build.0 = Release64|Win32
		{13236B33-EEAD-459A-98F9-DC2736A4D4CD}.Release64|Win32.ActiveCfg = Release|Win32
		{13236B33-EEAD-459A-98F9-DC2736A4D4CD}.Release64|x64.ActiveCfg = Release|Win32
		{13236B33-EEAD-459A-98F9-DC2736A4D4CD}.Sample|Any CPU.ActiveCfg = Sample|Win32
		{13236B33-EEAD-459A-98F9-DC2736A4D4CD}.Sample|Mixed Platforms.ActiveCfg = Sample|Win32
		{13236B33-EEAD-459A-98F9-DC2736A4D4CD}.Sample|Mixed Platforms.Build.0 = Sample|Win32
		{13236B33-EEAD-459A-98F9-DC2736A4D4CD}.Sample|Win32.ActiveCfg = Release|Win32
		{13236B33-EEAD-459A-98F9-DC2736A4D4CD}.Sample|x64.ActiveCfg = Release|x64
		{13236B33-EEAD-459A-98F9-DC2736A4D4CD}.sts4nodoka|Any CPU.ActiveCfg = sts4nodoka|Win32
		{13236B33-EEAD-459A-98F9-DC2736A4D4CD}.sts4nodoka|Mixed Platforms.ActiveCfg = sts4nodoka|Win32
		{13236B33-EEAD-459A-98F9-DC2736A4D4CD}.sts4nodoka|Mixed Platforms.Build.0 = sts4nodoka|Win32
		{13236B33-EEAD-459A-98F9-DC2736A4D4CD}.sts4nodoka|Win32.ActiveCfg = sts4nodoka|Win32
		{13236B33-EEAD-459A-98F9-DC2736A4D4CD}.sts4nodoka|x64.ActiveCfg = sts4nodoka|x64
		{8C21A1A8-4A9B-47B1-9DBF-351933B958CB}.ats4nodoka_debug|Any CPU.ActiveCfg = ats4nodoka_debug|Win32
		{8C21A1A8-4A9B-47B1-9DBF-351933B958CB}.ats4nodoka_debug|Mixed Platforms.ActiveCfg = ats4nodoka_debug|Win32
		{8C21A1A8-4A9B-47B1-9DBF-351933B958CB}.ats4nodoka_debug|Mixed Platforms.Build.0 = ats4nodoka_debug|Win32
		{8C21A1A8-4A9B-47B1-9DBF-351933B958CB}.ats4nodoka_debug|Win32.ActiveCfg = ats4nodoka_debug|Win32
		{8C21A1A8-4A9B-47B1-9DBF-351933B958CB}.ats4nodoka_debug|x64.ActiveCfg = ats4nodoka_debug|Win32
		{8C21A1A8-4A9B-47B1-9DBF-351933B958CB}.ats4nodoka|Any CPU.ActiveCfg = ats4nodoka|Win32
		{8C21A1A8-4A9B-47B1-9DBF-351933B958CB}.ats4nodoka|Mixed Platforms.ActiveCfg = ats4nodoka|Win32
		{8C21A1A8-4A9B-47B1-9DBF-351933B958CB}.ats4nodoka|Mixed Platforms.Build.0 = ats4nodoka|Win32
		{8C21A1A8-4A9B-47B1-9DBF-351933B958CB}.ats4nodoka|Win32.ActiveCfg = Release|Win32
		{8C21A1A8-4A9B-47B1-9DBF-351933B958CB}.ats4nodoka|x64.ActiveCfg = ats4nodoka|Win32
		{8C21A1A8-4A9B-47B1-9DBF-351933B958CB}.cts4nodoka|Any CPU.ActiveCfg = cts4nodoka|Win32
		{8C21A1A8-4A9B-47B1-9DBF-351933B958CB}.cts4nodoka|Mixed Platforms.ActiveCfg = cts4nodoka|Win32
		{8C21A1A8-4A9B-47B1-9DBF-351933B958CB}.cts4nodoka|Mixed Platforms.Build.0 = cts4nodoka|Win32
		{8C21A1A8-4A9B-47B1-9DBF-351933B958CB}.cts4nodoka|Win32.ActiveCfg = Release|Win32
		{8C21A1A8-4A9B-47B1-9DBF-351933B958CB}.cts4nodoka|x64.ActiveCfg = cts4nodoka|Win32
		{8C21A1A8-4A9B-47B1-9DBF-351933B958CB}.Debug|Any CPU.ActiveCfg = Debug|Win32
		{8C21A1A8-4A9B-47B1-9DBF-351933B958CB}.Debug|Mixed Platforms.ActiveCfg = Debug|Win32
		{8C21A1A8-4A9B-47B1-9DBF-351933B958CB}.Debug|Mixed Platforms.Build.0 = Debug|Win32
		{8C21A1A8-4A9B-47B1-9DBF-351933B958CB}.Debug|Win32.ActiveCfg = Debug|Win32
		{8C21A1A8-4A9B-47B1-9DBF-351933B958CB}.Debug|x64.ActiveCfg = Debug|Win32
		{8C21A1A8-4A9B-47B1-9DBF-351933B958CB}.Debug64|Any CPU.ActiveCfg = Debug64|Win32
		{8C21A1A8-4A9B-47B1-9DBF-351933B958CB}.Debug64|Mixed Platforms.ActiveCfg = Debug64|Win32
		{8C21A1A8-4A9B-47B1-9DBF-351933B958CB}.Debug64|Mixed Platforms.Build.0 = Debug64|Win32
		{8C21A1A8-4A9B-47B1-9DBF-351933B958CB}.Debug64|Win32.ActiveCfg = Debug64|Win32
		{8C21A1A8-4A9B-47B1-9DBF-351933B958CB}.Debug64|x64.ActiveCfg = Debug64|Win32
		{8C21A1A8-4A9B-47B1-9DBF-351933B958CB}.Release|Any CPU.ActiveCfg = Release|Win32
		{8C21A1A8-4A9B-47B1-9DBF-351933B958CB}.Release|Mixed Platforms.ActiveCfg = Release|Win32
		{8C21A1A8-4A9B-47B1-9DBF-351933B958CB}.Release|Mixed Platforms.Build.0 = Release|Win32
		{8C21A1A8-4A9B-47B1-9DBF-351933B958CB}.Release|Win32.ActiveCfg = Release|Win32
		{8C21A1A8-4A9B-47B1-9DBF-351933B958CB}.Release|x64.ActiveCfg = Release|Win32
		{8C21A1A8-4A9B-47B1-9DBF-351933B958CB}.Release64|Any CPU.ActiveCfg = Release64|Win32
		{8C21A1A8-4A9B-47B1-9DBF-351933B958CB}.Release64|Mixed Platforms.ActiveCfg = Release64|Win32
		{8C21A1A8-4A9B-47B1-9DBF-351933B958CB}.Release64|Mixed Platforms.Build.0 = Release64|Win32
		{8C21A1A8-4A9B-47B1-9DBF-351933B958CB}.Release64|Win32.ActiveCfg = Release|Win32
		{8C21A1A8-4A9B-47B1-9DBF-351933B958CB}.Release64|x64.ActiveCfg = Release|Win32
		{8C21A1A8-4A9B-47B1-9DBF-351933B958CB}.Sample|Any CPU.ActiveCfg = Sample|Win32
		{8C21A1A8-4A9B-47B1-9DBF-351933B958CB}.Sample|Mixed Platforms.ActiveCfg = Sample|Win32
		{8C21A1A8-4A9B-47B1-9DBF-351933B958CB}.Sample|Mixed Platforms.Build.0 = Sample|Win32
		{8C21A1A8-4A9B-47B1-9DBF-351933B958CB}.Sample|Win32.ActiveCfg = Sample|Win32
		{8C21A1A8-4A9B-47B1-9DBF-351933B958CB}.Sample|x64.ActiveCfg = Release|Win32
		{8C21A1A8-4A9B-47B1-9DBF-351933B958CB}.sts4nodoka|Any CPU.ActiveCfg = nodoka|Win32
		{8C21A1A8-4A9B-47B1-9DBF-351933B958CB}.sts4nodoka|Mixed Platforms.ActiveCfg = nodoka|Win32
		{8C21A1A8-4A9B-47B1-9DBF-351933B958CB}.sts4nodoka|Mixed Platforms.Build.0 = nodoka|Win32
		{8C21A1A8-4A9B-47B1-9DBF-351933B958CB}.sts4nodoka|Win32.ActiveCfg = Release|Win32
		{8C21A1A8-4A9B-47B1-9DBF-351933B958CB}.sts4nodoka|x64.ActiveCfg = nodoka|Win32
		{9897E270-B99F-414A-8012-C8E681C0E71D}.ats4nodoka_debug|Any CPU.ActiveCfg = ats4nodoka_debug|Win32
		{9897E270-B99F-414A-8012-C8E681C0E71D}.ats4nodoka_debug|Mixed Platforms.ActiveCfg = ats4nodoka_debug|Win32
		{9897E270-B99F-414A-8012-C8E681C0E71D}.ats4nodoka_debug|Mixed Platforms.Build.0 = ats4nodoka_debug|Win32
		{9897E270-B99F-414A-8012-C8E681C0E71D}.ats4nodoka_debug|Win32.ActiveCfg = ats4nodoka_debug|Win32
		{9897E270-B99F-414A-8012-C8E681C0E71D}.ats4nodoka_debug|x64.ActiveCfg = ats4nodoka_debug|Win32
		{9897E270-B99F-414A-8012-C8E681C0E71D}.ats4nodoka|Any CPU.ActiveCfg = ats4nodoka_debug|Win32
		{9897E270-B99F-414A-8012-C8E681C0E71D}.ats4nodoka|Mixed Platforms.ActiveCfg = ats4nodoka_debug|Win32
		{9897E270-B99F-414A-8012-C8E681C0E71D}.ats4nodoka|Mixed Platforms.Build.0 = ats4nodoka_debug|Win32
		{9897E270-B99F-414A-8012-C8E681C0E71D}.ats4nodoka|Win32.ActiveCfg = Release|Win32
		{9897E270-B99F-414A-8012-C8E681C0E71D}.ats4nodoka|x64.ActiveCfg = ats4nodoka_debug|Win32
		{9897E270-B99F-414A-8012-C8E681C0E71D}.cts4nodoka|Any CPU.ActiveCfg = ats4nodoka_debug|Win32
		{9897E270-B99F-414A-8012-C8E681C0E71D}.cts4nodoka|Mixed Platforms.ActiveCfg = ats4nodoka_debug|Win32
		{9897E270-B99F-414A-8012-C8E681C0E71D}.cts4nodoka|Mixed Platforms.Build.0 = ats4nodoka_debug|Win32
		{9897E270-B99F-414A-8012-C8E681C0E71D}.cts4nodoka|Win32.ActiveCfg = Release|Win32
		{9897E270-B99F-414A-8012-C8E681C0E71D}.cts4nodoka|x64.ActiveCfg = ats4nodoka_debug|Win32
		{9897E270-B99F-414A-8012-C8E681C0E71D}.Debug|Any CPU.ActiveCfg = Debug|Win32
		{9897E270-B99F-414A-8012-C8E681C0E71D}.Debug|Mixed Platforms.ActiveCfg = Debug|Win32
		{9897E270-B99F-414A-8012-C8E681C0E71D}.Debug|Mixed Platforms.Build.0 = Debug|Win32
		{9897E270-B99F-414A-8012-C8E681C0E71D}.Debug|Win32.ActiveCfg = Debug|Win32
		{9897E270-B99F-414A-8012-C8E681C0E71D}.Debug|x64.ActiveCfg = Debug|Win32
		{9897E270-B99F-414A-8012-C8E681C0E71D}.Debug64|Any CPU.ActiveCfg = Debug64|Win32
		{9897E270-B99F-414A-8012-C8E681C0E71D}.Debug64|Mixed Platforms.ActiveCfg = Debug64|Win32
		{9897E270-B99F-414A-8012-C8E681C0E71D}.Debug64|Mixed Platforms.Build.0 = Debug64|Win32
		{9897E270-B99F-414A-8012-C8E681C0E71D}.Debug64|Win32.ActiveCfg = Debug64|Win32
		{9897E270-B99F-414A-8012-C8E681C0E71D}.Debug64|x64.ActiveCfg = Debug64|Win32
		{9897E270-B99F-414A-8012-C8E681C0E71D}.Release|Any CPU.ActiveCfg = Release|Win32
		{9897E270-B99F-414A-8012-C8E681C0E71D}.Release|Mixed Platforms.ActiveCfg = Release|Win32
		{9897E270-B99F-414A-8012-C8E681C0E71D}.Release|Mixed Platforms.Build.0 = Release|Win32
		{9897E270-B99F-414A-8012-C8E681C0E71D}.Release|Win32.ActiveCfg = Release|Win32
		{9897E270-B99F-414A-8012-C8E681C0E71D}.Release|x64.ActiveCfg = Release|Win32
		{9897E270-B99F-414A-8012-C8E681C0E71D}.Release64|Any CPU.ActiveCfg = Release64|Win32
		{9897E270-B99F-414A-8012-C8E681C0E71D}.Release64|Mixed Platforms.ActiveCfg = Release64|Win32
		{9897E270-B99F-414A-8012-C8E681C0E71D}.Release64|Mixed Platforms.Build.0 = Release64|Win32
		{9897E270-B99F-414A-8012-C8E681C0E71D}.Release64|Win32.ActiveCfg = Release|Win32
		{9897E270-B99F-414A-8012-C8E681C0E71D}.Release64|x64.ActiveCfg = Release|Win32
		{9897E270-B99F-414A-8012-C8E681C0E71D}.Sample|Any CPU.ActiveCfg = Sample|Win32
		{9897E270-B99F-414A-8012-C8E681C0E71D}.Sample|Mixed Platforms.ActiveCfg = Sample|Win32
		{9897E270-B99F-414A-8012-C8E681C0E71D}.Sample|Mixed Platforms.Build.0 = Sample|Win32
		{9897E270-B99F-414A-8012-C8E681C0E71D}.Sample|Win32.ActiveCfg = Release|Win32
		{9897E270-B99F-414A-8012-C8E681C0E71D}.Sample|x64.ActiveCfg = Release|Win32
		{9897E270-B99F-414A-8012-C8E681C0E71D}.sts4nodoka|Any CPU.ActiveCfg = Sample|Win32
		{9897E270-B99F-414A-8012-C8E681C0E71D}.sts4nodoka|Mixed Platforms.ActiveCfg = Sample|Win32
		{9897E270-B99F-414A-8012-C8E681C0E71D}.sts4nodoka|Mixed Platforms.Build.0 = Sample|Win32
		{9897E270-B99F-414A-8012-C8E681C0E71D}.sts4nodoka|Win32.ActiveCfg = Release|Win32
		{9897E270-B99F-414A-8012-C8E681C0E71D}.sts4nodoka|x64.ActiveCfg = Sample|Win32
		{0E0BA2A2-3C7E-4618-9797-0897BC73E89A}.ats4nodoka_debug|Any CPU.ActiveCfg = ats4nodoka_debug|Win32
		{0E0BA2A2-3C7E-4618-9797-0897BC73E89A}.ats4nodoka_debug|Mixed Platforms.ActiveCfg = ats4nodoka_debug|Win32
		{0E0BA2A2-3C7E-4618-9797-0897BC73E89A}.ats4nodoka_debug|Mixed Platforms.Build.0 = ats4nodoka_debug|Win32
		{0E0BA2A2-3C7E-4618-9797-0897BC73E89A}.ats4nodoka_debug|Win32.ActiveCfg = ats4nodoka_debug|Win32
		{0E0BA2A2-3C7E-4618-9797-0897BC73E89A}.ats4nodoka_debug|x64.ActiveCfg = ats4nodoka_debug|Win32
		{0E0BA2A2-3C7E-4618-9797-0897BC73E89A}.ats4nodoka|Any CPU.ActiveCfg = ats4nodoka_debug|Win32
		{0E0BA2A2-3C7E-4618-9797-0897BC73E89A}.ats4nodoka|Mixed Platforms.ActiveCfg = ats4nodoka_debug|Win32
		{0E0BA2A2-3C7E-4618-9797-0897BC73E89A}.ats4nodoka|Mixed Platforms.Build.0 = ats4nodoka_debug|Win32
		{0E0BA2A2-3C7E-4618-9797-0897BC73E89A}.ats4nodoka|Win32.ActiveCfg = Release|Win32
		{0E0BA2A2-3C7E-4618-9797-0897BC73E89A}.ats4nodoka|x64.ActiveCfg = ats4nodoka_debug|Win32
		{0E0BA2A2-3C7E-4618-9797-0897BC73E89A}.cts4nodoka|Any CPU.ActiveCfg = ats4nodoka_debug|Win32
		{0E0BA2A2-3C7E-4618-9797-0897BC73E89A}.cts4nodoka|Mixed Platforms.ActiveCfg = ats4nodoka_debug|Win32
		{0E0BA2A2-3C7E-4618-9797-0897BC73E89A}.cts4nodoka|Mixed Platforms.Build.0 = ats4nodoka_debug|Win32
		{0E0BA2A2-3C7E-4618-9797-0897BC73E89A}.cts4nodoka|Win32.ActiveCfg = Release|Win32
		{0E0BA2A2-3C7E-4618-9797-0897BC73E89A}.cts4nodoka|x64.ActiveCfg = ats4nodoka_debug|Win32
		{0E0BA2A2-3C7E-4618-9797-0897BC73E89A}.Debug|Any CPU.ActiveCfg = Debug|Win32
		{0E0BA2A2-3C7E-4618-9797-0897BC73E89A}.Debug|Mixed Platforms.ActiveCfg = Debug|Win32
		{0E0BA2A2-3C7E-4618-9797-0897BC73E89A}.Debug|Mixed Platforms.Build.0 = Debug|Win32
		{0E0BA2A2-3C7E-4618-9797-0897BC73E89A}.Debug|Win32.ActiveCfg = Debug|Win32
		{0E0BA2A2-3C7E-4618-9797-0897BC73E89A}.Debug|x64.ActiveCfg = Debug|Win32
		{0E0BA2A2-3C7E-4618-9797-0897BC73E89A}.Debug64|Any CPU.ActiveCfg = Debug64|Win32
		{0E0BA2A2-3C7E-4618-9797-0897BC73E89A}.Debug64|Mixed Platforms.ActiveCfg = Debug64|Win32
		{0E0BA2A2-3C7E-4618-9797-0897BC73E89A}.Debug64|Mixed Platforms.Build.0 = Debug64|Win32
		{0E0BA2A2-3C7E-4618-9797-0897BC73E89A}.Debug64|Win32.ActiveCfg = Debug64|Win32
		{0E0BA2A2-3C7E-4618-9797-0897BC73E89A}.Debug64|x64.ActiveCfg = Debug64|Win32
		{0E0BA2A2-3C7E-4618-9797-0897BC73E89A}.Release|Any CPU.ActiveCfg = Release|Win32
		{0E0BA2A2-3C7E-4618-9797-0897BC73E89A}.Release|Mixed Platforms.ActiveCfg = Release|Win32
		{0E0BA2A2-3C7E-4618-9797-0897BC73E89A}.Release|Mixed Platforms.Build.0 = Release|Win32
		{0E0BA2A2-3C7E-4618-9797-0897BC73E89A}.Release|Win32.ActiveCfg = Release|Win32
		{0E0BA2A2-3C7E-4618-9797-0897BC73E89A}.Release|x64.ActiveCfg = Release|Win32
		{0E0BA2A2-3C7E-4618-9797-0897BC73E89A}.Release64|Any CPU.ActiveCfg = Release64|Win32
		{0E0BA2A2-3C7E-4618-9797-0897BC73E89A}.Release64|Mixed Platforms.ActiveCfg = Release64|Win32
		{0E0BA2A2-3C7E-4618-9797-0897BC73E89A}.Release64|Mixed Platforms.Build.0 = Release64|Win32
		{0E0BA2A2-3C7E-4618-9797-0897BC73E89A}.Release64|Win32.ActiveCfg = Release|Win32
		{0E0BA2A2-3C7E-4618-9797-0897BC73E89A}.Release64|x64.ActiveCfg = Release|Win32
		{0E0BA2A2-3C7E-4618-9797-0897BC73E89A}.Sample|Any CPU.ActiveCfg = Sample|Win32
		{0E0BA2A2-3C7E-4618-9797-0897BC73E89A}.Sample|Mixed Platforms.ActiveCfg = Sample|Win32
		{0E0BA2A2-3C7E-4618-9797-0897BC73E89A}.Sample|Mixed Platforms.Build.0 = Sample|Win32
		{0E0BA2A2-3C7E-4618-9797-0897BC73E89A}.Sample|Win32.ActiveCfg = Sample|Win32
		{0E0BA2A2-3C7E-4618-9797-0897BC73E89A}.Sample|x64.ActiveCfg = Sample|Win32
		{0E0BA2A2-3C7E-4618-9797-0897BC73E89A}.sts4nodoka|Any CPU.ActiveCfg = Sample|Win32
		{0E0BA2A2-3C7E-4618-9797-0897BC73E89A}.sts4nodoka|Mixed Platforms.ActiveCfg = Sample|Win32
		{0E0BA2A2-3C7E-4618-9797-0897BC73E89A}.sts4nodoka|Mixed Platforms.Build.0 = Sample|Win32
		{0E0BA2A2-3C7E-4618-9797-0897BC73E89A}.sts4nodoka|Win32.ActiveCfg = Release|Win32
		{0E0BA2A2-3C7E-4618-9797-0897BC73E89A}.sts4nodoka|x64.ActiveCfg = Sample|Win32
		{6005C32F-E4E3-4BA8-B039-135990B72137}.ats4nodoka_debug|Any CPU.ActiveCfg = ats4nodoka_debug|Win32
		{6005C32F-E4E3-4BA8-B039-135990B72137}.ats4nodoka_debug|Mixed Platforms.ActiveCfg = ats4nodoka_debug|Win32
		{6005C32F-E4E3-4BA8-B039-135990B72137}.ats4nodoka_debug|Mixed Platforms.Build.0 = ats4nodoka_debug|Win32
		{6005C32F-E4E3-4BA8-B039-135990B72137}.ats4nodoka_debug|Win32.ActiveCfg = ats4nodoka_debug|Win32
		{6005C32F-E4E3-4BA8-B039-135990B72137}.ats4nodoka_debug|x64.ActiveCfg = ats4nodoka_debug|Win32
		{6005C32F-E4E3-4BA8-B039-135990B72137}.ats4nodoka|Any CPU.ActiveCfg = ats4nodoka_debug|Win32
		{6005C32F-E4E3-4BA8-B039-135990B72137}.ats4nodoka|Mixed Platforms.ActiveCfg = ats4nodoka_debug|Win32
		{6005C32F-E4E3-4BA8-B039-135990B72137}.ats4nodoka|Mixed Platforms.Build.0 = ats4nodoka_debug|Win32
		{6005C32F-E4E3-4BA8-B039-135990B72137}.ats4nodoka|Win32.ActiveCfg = Release|Win32
		{6005C32F-E4E3-4BA8-B039-135990B72137}.ats4nodoka|x64.ActiveCfg = ats4nodoka_debug|Win32
		{6005C32F-E4E3-4BA8-B039-135990B72137}.cts4nodoka|Any CPU.ActiveCfg = ats4nodoka_debug|Win32
		{6005C32F-E4E3-4BA8-B039-135990B72137}.cts4nodoka|Mixed Platforms.ActiveCfg = ats4nodoka_debug|Win32
		{6005C32F-E4E3-4BA8-B039-135990B72137}.cts4nodoka|Mixed Platforms.Build.0 = ats4nodoka_debug|Win32
		{6005C32F-E4E3-4BA8-B039-135990B72137}.cts4nodoka|Win32.ActiveCfg = Release|Win32
		{6005C32F-E4E3-4BA8-B039-135990B72137}.cts4nodoka|x64.ActiveCfg = ats4nodoka_debug|Win32
		{6005C32F-E4E3-4BA8-B039-135990B72137}.Debug|Any CPU.ActiveCfg = Debug|Win32
		{6005C32F-E4E3-4BA8-B039-135990B72137}.Debug|Mixed Platforms.ActiveCfg = Debug|Win32
		{6005C32F-E4E3-4BA8-B039-135990B72137}.Debug|Mixed Platforms.Build.0 = Debug|Win32
		{6005C32F-E4E3-4BA8-B039-135990B72137}.Debug|Win32.ActiveCfg = Debug|Win32
		{6005C32F-E4E3-4BA8-B039-135990B72137}.Debug|x64.ActiveCfg = Debug64|Win32
		{6005C32F-E4E3-4BA8-B039-135990B72137}.Debug64|Any CPU.ActiveCfg = Debug64|Win32
		{6005C32F-E4E3-4BA8-B039-135990B72137}.Debug64|Mixed Platforms.ActiveCfg = Debug64|Win32
		{6005C32F-E4E3-4BA8-B039-135990B72137}.Debug64|Mixed Platforms.Build.0 = Debug64|Win32
		{6005C32F-E4E3-4BA8-B039-135990B72137}.Debug64|Win32.ActiveCfg = Debug64|Win32
		{6005C32F-E4E3-4BA8-B039-135990B72137}.Debug64|Win32.Build.0 = Debug64|Win32
		{6005C32F-E4E3-4BA8-B039-135990B72137}.Debug64|x64.ActiveCfg = Debug64|Win32
		{6005C32F-E4E3-4BA8-B039-135990B72137}.Release|Any CPU.ActiveCfg = Release|Win32
		{6005C32F-E4E3-4BA8-B039-135990B72137}.Release|Mixed Platforms.ActiveCfg = Release|Win32
		{6005C32F-E4E3-4BA8-B039-135990B72137}.Release|Mixed Platforms.Build.0 = Release|Win32
		{6005C32F-E4E3-4BA8-B039-135990B72137}.Release|Win32.ActiveCfg = Release|Win32
		{6005C32F-E4E3-4BA8-B039-135990B72137}.Release|x64.ActiveCfg = Release|Win32
		{6005C32F-E4E3-4BA8-B039-135990B72137}.Release64|Any CPU.ActiveCfg = Release64|Win32
		{6005C32F-E4E3-4BA8-B039-135990B72137}.Release64|Mixed Platforms.ActiveCfg = Release64|Win32
		{6005C32F-E4E3-4BA8-B039-135990B72137}.Release64|Mixed Platforms.Build.0 = Release64|Win32
		{6005C32F-E4E3-4BA8-B039-135990B72137}.Release64|Win32.ActiveCfg = Release64|Win32
		{6005C32F-E4E3-4BA8-B039-135990B72137}.Release64|Win32.Build.0 = Release64|Win32
		{6005C32F-E4E3-4BA8-B039-135990B72137}.Release64|x64.ActiveCfg = Release64|Win32
		{6005C32F-E4E3-4BA8-B039-135990B72137}.Sample|Any CPU.ActiveCfg = ats4nodoka_debug|Win32
		{6005C32F-E4E3-4BA8-B039-135990B72137}.Sample|Mixed Platforms.ActiveCfg = ats4nodoka_debug|Win32
		{6005C32F-E4E3-4BA8-B039-135990B72137}.Sample|Mixed Platforms.Build.0 = ats4nodoka_debug|Win32
		{6005C32F-E4E3-4BA8-B039-135990B72137}.Sample|Win32.ActiveCfg = Release|Win32
		{6005C32F-E4E3-4BA8-B039-135990B72137}.Sample|x64.ActiveCfg = Release64|Win32
		{6005C32F-E4E3-4BA8-B039-135990B72137}.sts4nodoka|Any CPU.ActiveCfg = ats4nodoka_debug|Win32
		{6005C32F-E4E3-4BA8-B039-135990B72137}.sts4nodoka|Mixed Platforms.ActiveCfg = ats4nodoka_debug|Win32
		{6005C32F-E4E3-4BA8-B039-135990B72137}.sts4nodoka|Mixed Platforms.Build.0 = ats4nodoka_debug|Win32
		{6005C32F-E4E3-4BA8-B039-135990B72137}.sts4nodoka|Win32.ActiveCfg = Release|Win32
		{6005C32F-E4E3-4BA8-B039-135990B72137}.sts4nodoka|x64.ActiveCfg = ats4nodoka_debug|Win32
		{398E7364-5D2E-4650-8661-372D05CEFCB1}.ats4nodoka_debug|Any CPU.ActiveCfg = ats4nodoka_debug|Win32
		{398E7364-5D2E-4650-8661-372D05CEFCB1}.ats4nodoka_debug|Mixed Platforms.ActiveCfg = ats4nodoka_debug|Win32
		{398E7364-5D2E-4650-8661-372D05CEFCB1}.ats4nodoka_debug|Mixed Platforms.Build.0 = ats4nodoka_debug|Win32
		{398E7364-5D2E-4650-8661-372D05CEFCB1}.ats4nodoka_debug|Win32.ActiveCfg = ats4nodoka_debug|Win32
		{398E7364-5D2E-4650-8661-372D05CEFCB1}.ats4nodoka_debug|x64.ActiveCfg = ats4nodoka_debug|Win32
		{398E7364-5D2E-4650-8661-372D05CEFCB1}.ats4nodoka|Any CPU.ActiveCfg = ats4nodoka_debug|Win32
		{398E7364-5D2E-4650-8661-372D05CEFCB1}.ats4nodoka|Mixed Platforms.ActiveCfg = ats4nodoka_debug|Win32
		{398E7364-5D2E-4650-8661-372D05CEFCB1}.ats4nodoka|Mixed Platforms.Build.0 = ats4nodoka_debug|Win32
		{398E7364-5D2E-4650-8661-372D05CEFCB1}.ats4nodoka|Win32.ActiveCfg = Release|Win32
		{398E7364-5D2E-4650-8661-372D05CEFCB1}.ats4nodoka|x64.ActiveCfg = ats4nodoka_debug|Win32
		{398E7364-5D2E-4650-8661-372D05CEFCB1}.cts4nodoka|Any CPU.ActiveCfg = ats4nodoka_debug|Win32
		{398E7364-5D2E-4650-8661-372D05CEFCB1}.cts4nodoka|Mixed Platforms.ActiveCfg = ats4nodoka_debug|Win32
		{398E7364-5D2E-4650-8661-372D05CEFCB1}.cts4nodoka|Mixed Platforms.Build.0 = ats4nodoka_debug|Win32
		{398E7364-5D2E-4650-8661-372D05CEFCB1}.cts4nodoka|Win32.ActiveCfg = Release|Win32
		{398E7364-5D2E-4650-8661-372D05CEFCB1}.cts4nodoka|x64.ActiveCfg = ats4nodoka_debug|Win32
		{398E7364-5D2E-4650-8661-372D05CEFCB1}.Debug|Any CPU.ActiveCfg = Debug|Win32
		{398E7364-5D2E-4650-8661-372D05CEFCB1}.Debug|Mixed Platforms.ActiveCfg = Debug|Win32
		{398E7364-5D2E-4650-8661-372D05CEFCB1}.Debug|Mixed Platforms.Build.0 = Debug|Win32
		{398E7364-5D2E-4650-8661-372D05CEFCB1}.Debug|Win32.ActiveCfg = Debug|Win32
		{398E7364-5D2E-4650-8661-372D05CEFCB1}.Debug|x64.ActiveCfg = Debug64|Win32
		{398E7364-5D2E-4650-8661-372D05CEFCB1}.Debug64|Any CPU.ActiveCfg = Debug64|Win32
		{398E7364-5D2E-4650-8661-372D05CEFCB1}.Debug64|Mixed Platforms.ActiveCfg = Debug64|Win32
		{398E7364-5D2E-4650-8661-372D05CEFCB1}.Debug64|Mixed Platforms.Build.0 = Debug64|Win32
		{398E7364-5D2E-4650-8661-372D05CEFCB1}.Debug64|Win32.ActiveCfg = Debug64|Win32
		{398E7364-5D2E-4650-8661-372D05CEFCB1}.Debug64|Win32.Build.0 = Debug64|Win32
		{398E7364-5D2E-4650-8661-372D05CEFCB1}.Debug64|x64.ActiveCfg = Debug64|Win32
		{398E7364-5D2E-4650-8661-372D05CEFCB1}.Release|Any CPU.ActiveCfg = Release|Win32
		{398E7364-5D2E-4650-8661-372D05CEFCB1}.Release|Mixed Platforms.ActiveCfg = Release|Win32
		{398E7364-5D2E-4650-8661-372D05CEFCB1}.Release|Mixed Platforms.Build.0 = Release|Win32
		{398E7364-5D2E-4650-8661-372D05CEFCB1}.Release|Win32.ActiveCfg = Release|Win32
		{398E7364-5D2E-4650-8661-372D05CEFCB1}.Release|x64.ActiveCfg = Release|Win32
		{398E7364-5D2E-4650-8661-372D05CEFCB1}.Release64|Any CPU.ActiveCfg = Release64|Win32
		{398E7364-5D2E-4650-8661-372D05CEFCB1}.Release64|Mixed Platforms.ActiveCfg = Release64|Win32
		{398E7364-5D2E-4650-8661-372D05CEFCB1}.Release64|Mixed Platforms.Build.0 = Release64|Win32
		{398E7364-5D2E-4650-8661-372D05CEFCB1}.Release64|Win32.ActiveCfg = Release64|Win32
		{398E7364-5D2E-4650-8661-372D05CEFCB1}.Release64|Win32.Build.0 = Release64|Win32
		{398E7364-5D2E-4650-8661-372D05CEFCB1}.Release64|x64.ActiveCfg = Release64|Win32
		{398E7364-5D2E-4650-8661-372D05CEFCB1}.Sample|Any CPU.ActiveCfg = ats4nodoka_debug|Win32
		{398E7364-5D2E-4650-8661-372D05CEFCB1}.Sample|Mixed Platforms.ActiveCfg = ats4nodoka_debug|Win32
		{398E7364-5D2E-4650-8661-372D05CEFCB1}.Sample|Mixed Platforms.Build.0 = ats4nodoka_debug|Win32
		{398E7364-5D2E-4650-8661-372D05CEFCB1}.Sample|Win32.ActiveCfg = Release|Win32
		{398E7364-5D2E-4650-8661-372D05CEFCB1}.Sample|x64.ActiveCfg = Release64|Win32
		{398E7364-5D2E-4650-8661-372D05CEFCB1}.sts4nodoka|Any CPU.ActiveCfg = ats4nodoka_debug|Win32
		{398E7364-5D2E-4650-8661-372D05CEFCB1}.sts4nodoka|Mixed Platforms.ActiveCfg = ats4nodoka_debug|Win32
		{398E7364-5D2E-4650-8661-372D05CEFCB1}.sts4nodoka|Mixed Platforms.Build.0 = ats4nodoka_debug|Win32
		{398E7364-5D2E-4650-8661-372D05CEFCB1}.sts4nodoka|Win32.ActiveCfg = Release|Win32
		{398E7364-5D2E-4650-8661-372D05CEFCB1}.sts4nodoka|x64.ActiveCfg = ats4nodoka_debug|Win32
		{4CC95CE1-E5E6-4D58-877E-2BAD2CAD35D9}.ats4nodoka_debug|Any CPU.ActiveCfg = Release|Win32
		{4CC95CE1-E5E6-4D58-877E-2BAD2CAD35D9}.ats4nodoka_debug|Mixed Platforms.ActiveCfg = Release|Win32
		{4CC95CE1-E5E6-4D58-877E-2BAD2CAD35D9}.ats4nodoka_debug|Mixed Platforms.Build.0 = Release|Win32
		{4CC95CE1-E5E6-4D58-877E-2BAD2CAD35D9}.ats4nodoka_debug|Win32.ActiveCfg = Release|Win32
		{4CC95CE1-E5E6-4D58-877E-2BAD2CAD35D9}.ats4nodoka_debug|x64.ActiveCfg = Release|Win32
		{4CC95CE1-E5E6-4D58-877E-2BAD2CAD35D9}.ats4nodoka|Any CPU.ActiveCfg = Release|Win32
		{4CC95CE1-E5E6-4D58-877E-2BAD2CAD35D9}.ats4nodoka|Mixed Platforms.ActiveCfg = Release|Win32
		{4CC95CE1-E5E6-4D58-877E-2BAD2CAD35D9}.ats4nodoka|Mixed Platforms.Build.0 = Release|Win32
		{4CC95CE1-E5E6-4D58-877E-2BAD2CAD35D9}.ats4nodoka|Win32.ActiveCfg = Release|Win32
		{4CC95CE1-E5E6-4D58-877E-2BAD2CAD35D9}.ats4nodoka|x64.ActiveCfg = Release|x64
		{4CC95CE1-E5E6-4D58-877E-2BAD2CAD35D9}.cts4nodoka|Any CPU.ActiveCfg = Release|Win32
		{4CC95CE1-E5E6-4D58-877E-2BAD2CAD35D9}.cts4nodoka|Mixed Platforms.ActiveCfg = Release|Win32
		{4CC95CE1-E5E6-4D58-877E-2BAD2CAD35D9}.cts4nodoka|Mixed Platforms.Build.0 = Release|Win32
		{4CC95CE1-E5E6-4D58-877E-2BAD2CAD35D9}.cts4nodoka|Win32.ActiveCfg = Release|Win32
		{4CC95CE1-E5E6-4D58-877E-2BAD2CAD35D9}.cts4nodoka|x64.ActiveCfg = Release|Win32
		{4CC95CE1-E5E6-4D58-877E-2BAD2CAD35D9}.Debug|Any CPU.ActiveCfg = Debug|Win32
		{4CC95CE1-E5E6-4D58-877E-2BAD2CAD35D9}.Debug|Mixed Platforms.ActiveCfg = Debug|Win32
		{4CC95CE1-E5E6-4D58-877E-2BAD2CAD35D9}.Debug|Mixed Platforms.Build.0 = Debug|Win32
		{4CC95CE1-E5E6-4D58-877E-2BAD2CAD35D9}.Debug|Win32.ActiveCfg = Debug|Win32
		{4CC95CE1-E5E6-4D58-877E-2BAD2CAD35D9}.Debug|x64.ActiveCfg = Debug|Win32
		{4CC95CE1-E5E6-4D58-877E-2BAD2CAD35D9}.Debug64|Any CPU.ActiveCfg = Debug|Win32
		{4CC95CE1-E5E6-4D58-877E-2BAD2CAD35D9}.Debug64|Mixed Platforms.ActiveCfg = Debug|Win32
		{4CC95CE1-E5E6-4D58-877E-2BAD2CAD35D9}.Debug64|Mixed Platforms.Build.0 = Debug|Win32
		{4CC95CE1-E5E6-4D58-877E-2BAD2CAD35D9}.Debug64|Win32.ActiveCfg = Debug|Win32
		{4CC95CE1-E5E6-4D58-877E-2BAD2CAD35D9}.Debug64|Win32.Build.0 = Debug|Win32
		{4CC95CE1-E5E6-4D58-877E-2BAD2CAD35D9}.Debug64|x64.ActiveCfg = Debug|Win32
		{4CC95CE1-E5E6-4D58-877E-2BAD2CAD35D9}.Release|Any CPU.ActiveCfg = Release|Win32
		{4CC95CE1-E5E6-4D58-877E-2BAD2CAD35D9}.Release|Mixed Platforms.ActiveCfg = Release|Win32
		{4CC95CE1-E5E6-4D58-877E-2BAD2CAD35D9}.Release|Mixed Platforms.Build.0 = Release|Win32
		{4CC95CE1-E5E6-4D58-877E-2BAD2CAD35D9}.Release|Win32.ActiveCfg = Release|Win32
		{4CC95CE1-E5E6-4D58-877E-2BAD2CAD35D9}.Release|x64.ActiveCfg = Release|x64
		{4CC95CE1-E5E6-4D58-877E-2BAD2CAD35D9}.Release|x64.Build.0 = Release|x64
		{4CC95CE1-E5E6-4D58-877E-2BAD2CAD35D9}.Release64|Any CPU.ActiveCfg = Release|Win32
		{4CC95CE1-E5E6-4D58-877E-2BAD2CAD35D9}.Release64|Mixed Platforms.ActiveCfg = Release|Win32
		{4CC95CE1-E5E6-4D58-877E-2BAD2CAD35D9}.Release64|Mixed Platforms.Build.0 = Release|Win32
		{4CC95CE1-E5E6-4D58-877E-2BAD2CAD35D9}.Release64|Win32.ActiveCfg = Release|Win32
		{4CC95CE1-E5E6-4D58-877E-2BAD2CAD35D9}.Release64|x64.ActiveCfg = Release|Win32
		{4CC95CE1-E5E6-4D58-877E-2BAD2CAD35D9}.Sample|Any CPU.ActiveCfg = Release|Win32
		{4CC95CE1-E5E6-4D58-877E-2BAD2CAD35D9}.Sample|Mixed Platforms.ActiveCfg = Release|Win32
		{4CC95CE1-E5E6-4D58-877E-2BAD2CAD35D9}.Sample|Mixed Platforms.Build.0 = Release|Win32
		{4CC95CE1-E5E6-4D58-877E-2BAD2CAD35D9}.Sample|Win32.ActiveCfg = Release|Win32
		{4CC95CE1-E5E6-4D58-877E-2BAD2CAD35D9}.Sample|x64.ActiveCfg = Release|x64
		{4CC95CE1-E5E6-4D58-877E-2BAD2CAD35D9}.sts4nodoka|Any CPU.ActiveCfg = Release|Win32
		{4CC95CE1-E5E6-4D58-877E-2BAD2CAD35D9}.sts4nodoka|Mixed Platforms.ActiveCfg = Release|Win32
		{4CC95CE1-E5E6-4D58-877E-2BAD2CAD35D9}.sts4nodoka|Mixed Platforms.Build.0 = Release|Win32
		{4CC95CE1-E5E6-4D58-877E-2BAD2CAD35D9}.sts4nodoka|Win32.ActiveCfg = Release|Win32
		{4CC95CE1-E5E6-4D58-877E-2BAD2CAD35D9}.sts4nodoka|x64.ActiveCfg = Release|Win32
		{713405DD-8217-474E-965A-14124034ED18}.ats4nodoka_debug|Any CPU.ActiveCfg = Release|Win32
		{713405DD-8217-474E-965A-14124034ED18}.ats4nodoka_debug|Mixed Platforms.ActiveCfg = Release|Win32
		{713405DD-8217-474E-965A-14124034ED18}.ats4nodoka_debug|Mixed Platforms.Build.0 = Release|Win32
		{713405DD-8217-474E-965A-14124034ED18}.ats4nodoka_debug|Win32.ActiveCfg = Release|Win32
		{713405DD-8217-474E-965A-14124034ED18}.ats4nodoka_debug|x64.ActiveCfg = Release|x64
		{713405DD-8217-474E-965A-14124034ED18}.ats4nodoka|Any CPU.ActiveCfg = Release|Win32
		{713405DD-8217-474E-965A-14124034ED18}.ats4nodoka|Mixed Platforms.ActiveCfg = Release|Win32
		{713405DD-8217-474E-965A-14124034ED18}.ats4nodoka|Mixed Platforms.Build.0 = Release|Win32
		{713405DD-8217-474E-965A-14124034ED18}.ats4nodoka|Win32.ActiveCfg = Release|Win32
		{713405DD-8217-474E-965A-14124034ED18}.ats4nodoka|x64.ActiveCfg = Release|x64
		{713405DD-8217-474E-965A-14124034ED18}.cts4nodoka|Any CPU.ActiveCfg = Release|Win32
		{713405DD-8217-474E-965A-14124034ED18}.cts4nodoka|Mixed Platforms.ActiveCfg = Release|Win32
		{713405DD-8217-474E-965A-14124034ED18}.cts4nodoka|Mixed Platforms.Build.0 = Release|Win32
		{713405DD-8217-474E-965A-14124034ED18}.cts4nodoka|Win32.ActiveCfg = Release|Win32
		{713405DD-8217-474E-965A-14124034ED18}.cts4nodoka|x64.ActiveCfg = Release|x64
		{713405DD-8217-474E-965A-14124034ED18}.Debug|Any CPU.ActiveCfg = Debug|Win32
		{713405DD-8217-474E-965A-14124034ED18}.Debug|Mixed Platforms.ActiveCfg = Debug|Win32
		{713405DD-8217-474E-965A-14124034ED18}.Debug|Mixed Platforms.Build.0 = Debug|Win32
		{713405DD-8217-474E-965A-14124034ED18}.Debug|Win32.ActiveCfg = Debug|x64
		{713405DD-8217-474E-965A-14124034ED18}.Debug|x64.ActiveCfg = Debug|x64
		{713405DD-8217-474E-965A-14124034ED18}.Debug64|Any CPU.ActiveCfg = Debug|Win32
		{713405DD-8217-474E-965A-14124034ED18}.Debug64|Mixed Platforms.ActiveCfg = Debug|Win32
		{713405DD-8217-474E-965A-14124034ED18}.Debug64|Mixed Platforms.Build.0 = Debug|Win32
		{713405DD-8217-474E-965A-14124034ED18}.Debug64|Win32.ActiveCfg = Debug|Win32
		{713405DD-8217-474E-965A-14124034ED18}.Debug64|Win32.Build.0 = Debug|Win32
		{713405DD-8217-474E-965A-14124034ED18}.Debug64|x64.ActiveCfg = Debug|x64
		{713405DD-8217-474E-965A-14124034ED18}.Debug64|x64.Build.0 = Debug|x64
		{713405DD-8217-474E-965A-14124034ED18}.Release|Any CPU.ActiveCfg = Release|Win32
		{713405DD-8217-474E-965A-14124034ED18}.Release|Mixed Platforms.ActiveCfg = Release|Win32
		{713405DD-8217-474E-965A-14124034ED18}.Release|Mixed Platforms.Build.0 = Release|Win32
		{713405DD-8217-474E-965A-14124034ED18}.Release|Win32.ActiveCfg = Release|x64
		{713405DD-8217-474E-965A-14124034ED18}.Release|x64.ActiveCfg = Release|x64
		{713405DD-8217-474E-965A-14124034ED18}.Release|x64.Build.0 = Release|x64
		{713405DD-8217-474E-965A-14124034ED18}.Release64|Any CPU.ActiveCfg = Release|Win32
		{713405DD-8217-474E-965A-14124034ED18}.Release64|Mixed Platforms.ActiveCfg = Release|Win32
		{713405DD-8217-474E-965A-14124034ED18}.Release64|Mixed Platforms.Build.0 = Release|Win32
		{713405DD-8217-474E-965A-14124034ED18}.Release64|Win32.ActiveCfg = Release|Win32
		{713405DD-8217-474E-965A-14124034ED18}.Release64|x64.ActiveCfg = Release|x64
		{713405DD-8217-474E-965A-14124034ED18}.Sample|Any CPU.ActiveCfg = Release|Win32
		{713405DD-8217-474E-965A-14124034ED18}.Sample|Mixed Platforms.ActiveCfg = Release|Win32
		{713405DD-8217-474E-965A-14124034ED18}.Sample|Mixed Platforms.Build.0 = Release|Win32
		{713405DD-8217-474E-965A-14124034ED18}.Sample|Win32.ActiveCfg = Release|x64
		{713405DD-8217-474E-965A-14124034ED18}.Sample|x64.ActiveCfg = Release|x64
		{713405DD-8217-474E-965A-14124034ED18}.sts4nodoka|Any CPU.ActiveCfg = Release|Win32
		{713405DD-8217-474E-965A-14124034ED18}.sts4nodoka|Mixed Platforms.ActiveCfg = Release|Win32
		{713405DD-8217-474E-965A-14124034ED18}.sts4nodoka|Mixed Platforms.Build.0 = Release|Win32
		{713405DD-8217-474E-965A-14124034ED18}.sts4nodoka|Win32.ActiveCfg = Release|Win32
		{713405DD-8217-474E-965A-14124034ED18}.sts4nodoka|x64.ActiveCfg = Release|x64
		{11114EBF-FF47-41AE-AAA7-E5758F7ED1E9}.ats4nodoka_debug|Any CPU.ActiveCfg = Release|Win32
		{11114EBF-FF47-41AE-AAA7-E5758F7ED1E9}.ats4nodoka_debug|Mixed Platforms.ActiveCfg = Release|Win32
		{11114EBF-FF47-41AE-AAA7-E5758F7ED1E9}.ats4nodoka_debug|Mixed Platforms.Build.0 = Release|Win32
		{11114EBF-FF47-41AE-AAA7-E5758F7ED1E9}.ats4nodoka_debug|Win32.ActiveCfg = Release|Win32
		{11114EBF-FF47-41AE-AAA7-E5758F7ED1E9}.ats4nodoka_debug|x64.ActiveCfg = Release|Win32
		{11114EBF-FF47-41AE-AAA7-E5758F7ED1E9}.ats4nodoka|Any CPU.ActiveCfg = Release|Win32
		{11114EBF-FF47-41AE-AAA7-E5758F7ED1E9}.ats4nodoka|Mixed Platforms.ActiveCfg = Release|Win32
		{11114EBF-FF47-41AE-AAA7-E5758F7ED1E9}.ats4nodoka|Mixed Platforms.Build.0 = Release|Win32
		{11114EBF-FF47-41AE-AAA7-E5758F7ED1E9}.ats4nodoka|Win32.ActiveCfg = Release|Win32
		{11114EBF-FF47-41AE-AAA7-E5758F7ED1E9}.ats4nodoka|x64.ActiveCfg = Release|x64
		{11114EBF-FF47-41AE-AAA7-E5758F7ED1E9}.cts4nodoka|Any CPU.ActiveCfg = Release|Win32
		{11114EBF-FF47-41AE-AAA7-E5758F7ED1E9}.cts4nodoka|Mixed Platforms.ActiveCfg = Release|Win32
		{11114EBF-FF47-41AE-AAA7-E5758F7ED1E9}.cts4nodoka|Mixed Platforms.Build.0 = Release|Win32
		{11114EBF-FF47-41AE-AAA7-E5758F7ED1E9}.cts4nodoka|Win32.ActiveCfg = Release|Win32
		{11114EBF-FF47-41AE-AAA7-E5758F7ED1E9}.cts4nodoka|x64.ActiveCfg = Release|Win32
		{11114EBF-FF47-41AE-AAA7-E5758F7ED1E9}.Debug|Any CPU.ActiveCfg = Debug|Win32
		{11114EBF-FF47-41AE-AAA7-E5758F7ED1E9}.Debug|Mixed Platforms.ActiveCfg = Debug|Win32
		{11114EBF-FF47-41AE-AAA7-E5758F7ED1E9}.Debug|Mixed Platforms.Build.0 = Debug|Win32
		{11114EBF-FF47-41AE-AAA7-E5758F7ED1E9}.Debug|Win32.ActiveCfg = Debug|x64
		{11114EBF-FF47-41AE-AAA7-E5758F7ED1E9}.Debug|x64.ActiveCfg = Debug|x64
		{11114EBF-FF47-41AE-AAA7-E5758F7ED1E9}.Debug64|Any CPU.ActiveCfg = Debug|Win32
		{11114EBF-FF47-41AE-AAA7-E5758F7ED1E9}.Debug64|Mixed Platforms.ActiveCfg = Debug|Win32
		{11114EBF-FF47-41AE-AAA7-E5758F7ED1E9}.Debug64|Mixed Platforms.Build.0 = Debug|Win32
		{11114EBF-FF47-41AE-AAA7-E5758F7ED1E9}.Debug64|Win32.ActiveCfg = Debug|Win32
		{11114EBF-FF47-41AE-AAA7-E5758F7ED1E9}.Debug64|Win32.Build.0 = Debug|Win32
		{11114EBF-FF47-41AE-AAA7-E5758F7ED1E9}.Debug64|x64.ActiveCfg = Debug|Win32
		{11114EBF-FF47-41AE-AAA7-E5758F7ED1E9}.Release|Any CPU.ActiveCfg = Release|Win32
		{11114EBF-FF47-41AE-AAA7-E5758F7ED1E9}.Release|Mixed Platforms.ActiveCfg = Release|Win32
		{11114EBF-FF47-41AE-AAA7-E5758F7ED1E9}.Release|Mixed Platforms.Build.0 = Release|Win32
		{11114EBF-FF47-41AE-AAA7-E5758F7ED1E9}.Release|Win32.ActiveCfg = Release|x64
		{11114EBF-FF47-41AE-AAA7-E5758F7ED1E9}.Release|x64.ActiveCfg = Release|x64
		{11114EBF-FF47-41AE-AAA7-E5758F7ED1E9}.Release|x64.Build.0 = Release|x64
		{11114EBF-FF47-41AE-AAA7-E5758F7ED1E9}.Release64|Any CPU.ActiveCfg = Release|Win32
		{11114EBF-FF47-41AE-AAA7-E5758F7ED1E9}.Release64|Mixed Platforms.ActiveCfg = Release|Win32
		{11114EBF-FF47-41AE-AAA7-E5758F7ED1E9}.Release64|Mixed Platforms.Build.0 = Release|Win32
		{11114EBF-FF47-41AE-AAA7-E5758F7ED1E9}.Release64|Win32.ActiveCfg = Release|Win32
		{11114EBF-FF47-41AE-AAA7-E5758F7ED1E9}.Release64|x64.ActiveCfg = Release|Win32
		{11114EBF-FF47-41AE-AAA7-E5758F7ED1E9}.Sample|Any CPU.ActiveCfg = Release|Win32
		{11114EBF-FF47-41AE-AAA7-E5758F7ED1E9}.Sample|Mixed Platforms.ActiveCfg = Release|Win32
		{11114EBF-FF47-41AE-AAA7-E5758F7ED1E9}.Sample|Mixed Platforms.Build.0 = Release|Win32
		{11114EBF-FF47-41AE-AAA7-E5758F7ED1E9}.Sample|Win32.ActiveCfg = Sample|x64
		{11114EBF-FF47-41AE-AAA7-E5758F7ED1E9}.Sample|x64.ActiveCfg = Sample|x64
		{11114EBF-FF47-41AE-AAA7-E5758F7ED1E9}.sts4nodoka|Any CPU.ActiveCfg = Release|Win32
		{11114EBF-FF47-41AE-AAA7-E5758F7ED1E9}.sts4nodoka|Mixed Platforms.ActiveCfg = Release|Win32
		{11114EBF-FF47-41AE-AAA7-E5758F7ED1E9}.sts4nodoka|Mixed Platforms.Build.0 = Release|Win32
		{11114EBF-FF47-41AE-AAA7-E5758F7ED1E9}.sts4nodoka|Win32.ActiveCfg = Release|Win32
		{11114EBF-FF47-41AE-AAA7-E5758F7ED1E9}.sts4nodoka|x64.ActiveCfg = Release|Win32
		{1234EADD-5757-4969-B29A-22C435921AB0}.ats4nodoka_debug|Any CPU.ActiveCfg = Release|Win32
		{1234EADD-5757-4969-B29A-22C435921AB0}.ats4nodoka_debug|Mixed Platforms.ActiveCfg = Release|Win32
		{1234EADD-5757-4969-B29A-22C435921AB0}.ats4nodoka_debug|Mixed Platforms.Build.0 = Release|Win32
		{1234EADD-5757-4969-B29A-22C435921AB0}.ats4nodoka_debug|Win32.ActiveCfg = Release|Win32
		{1234EADD-5757-4969-B29A-22C435921AB0}.ats4nodoka_debug|x64.ActiveCfg = Release|Win32
		{1234EADD-5757-4969-B29A-22C435921AB0}.ats4nodoka|Any CPU.ActiveCfg = Release|Win32
		{1234EADD-5757-4969-B29A-22C435921AB0}.ats4nodoka|Mixed Platforms.ActiveCfg = Release|Win32
		{1234EADD-5757-4969-B29A-22C435921AB0}.ats4nodoka|Mixed Platforms.Build.0 = Release|Win32
		{1234EADD-5757-4969-B29A-22C435921AB0}.ats4nodoka|Win32.ActiveCfg = Release|Win32
		{1234EADD-5757-4969-B29A-22C435921AB0}.ats4nodoka|x64.ActiveCfg = Release|Win32
		{1234EADD-5757-4969-B29A-22C435921AB0}.cts4nodoka|Any CPU.ActiveCfg = Release|Win32
		{1234EADD-5757-4969-B29A-22C435921AB0}.cts4nodoka|Mixed Platforms.ActiveCfg = Release|Win32
		{1234EADD-5757-4969-B29A-22C435921AB0}.cts4nodoka|Mixed Platforms.Build.0 = Release|Win32
		{1234EADD-5757-4969-B29A-22C435921AB0}.cts4nodoka|Win32.ActiveCfg = Release|Win32
		{1234EADD-5757-4969-B29A-22C435921AB0}.cts4nodoka|x64.ActiveCfg = Release|Win32
		{1234EADD-5757-4969-B29A-22C435921AB0}.Debug|Any CPU.ActiveCfg = Debug|Win32
		{1234EADD-5757-4969-B29A-22C435921AB0}.Debug|Mixed Platforms.ActiveCfg = Debug|Win32
		{1234EADD-5757-4969-B29A-22C435921AB0}.Debug|Mixed Platforms.Build.0 = Debug|Win32
		{1234EADD-5757-4969-B29A-22C435921AB0}.Debug|Win32.ActiveCfg = Debug|Win32
		{1234EADD-5757-4969-B29A-22C435921AB0}.Debug|x64.ActiveCfg = Debug|Win32
		{1234EADD-5757-4969-B29A-22C435921AB0}.Debug64|Any CPU.ActiveCfg = Debug|Win32
		{1234EADD-5757-4969-B29A-22C435921AB0}.Debug64|Mixed Platforms.ActiveCfg = Debug|Win32
		{1234EADD-5757-4969-B29A-22C435921AB0}.Debug64|Mixed Platforms.Build.0 = Debug|Win32
		{1234EADD-5757-4969-B29A-22C435921AB0}.Debug64|Win32.ActiveCfg = Debug|Win32
		{1234EADD-5757-4969-B29A-22C435921AB0}.Debug64|Win32.Build.0 = Debug|Win32
		{1234EADD-5757-4969-B29A-22C435921AB0}.Debug64|x64.ActiveCfg = Debug|Win32
		{1234EADD-5757-4969-B29A-22C435921AB0}.Release|Any CPU.ActiveCfg = Release|Win32
		{1234EADD-5757-4969-B29A-22C435921AB0}.Release|Mixed Platforms.ActiveCfg = Release|Win32
		{1234EADD-5757-4969-B29A-22C435921AB0}.Release|Mixed Platforms.Build.0 = Release|Win32
		{1234EADD-5757-4969-B29A-22C435921AB0}.Release|Win32.ActiveCfg = Release|Win32
		{1234EADD-5757-4969-B29A-22C435921AB0}.Release|x64.ActiveCfg = Release|Win32
		{1234EADD-5757-4969-B29A-22C435921AB0}.Release64|Any CPU.ActiveCfg = Release|Win32
		{1234EADD-5757-4969-B29A-22C435921AB0}.Release64|Mixed Platforms.ActiveCfg = Release|Win32
		{1234EADD-5757-4969-B29A-22C435921AB0}.Release64|Mixed Platforms.Build.0 = Release|Win32
		{1234EADD-5757-4969-B29A-22C435921AB0}.Release64|Win32.ActiveCfg = Release|Win32
		{1234EADD-5757-4969-B29A-22C435921AB0}.Release64|x64.ActiveCfg = Release|Win32
		{1234EADD-5757-4969-B29A-22C435921AB0}.Sample|Any CPU.ActiveCfg = Release|Win32
		{1234EADD-5757-4969-B29A-22C435921AB0}.Sample|Mixed Platforms.ActiveCfg = Release|Win32
		{1234EADD-5757-4969-B29A-22C435921AB0}.Sample|Mixed Platforms.Build.0 = Release|Win32
		{1234EADD-5757-4969-B29A-22C435921AB0}.Sample|Win32.ActiveCfg = Release|Win32
		{1234EADD-5757-4969-B29A-22C435921AB0}.Sample|x64.ActiveCfg = Release|Win32
		{1234EADD-5757-4969-B29A-22C435921AB0}.sts4nodoka|Any CPU.ActiveCfg = Release|Win32
		{1234EADD-5757-4969-B29A-22C435921AB0}.sts4nodoka|Mixed Platforms.ActiveCfg = Release|Win32
		{1234EADD-5757-4969-B29A-22C435921AB0}.sts4nodoka|Mixed Platforms.Build.0 = Release|Win32
		{1234EADD-5757-4969-B29A-22C435921AB0}.sts4nodoka|Win32.ActiveCfg = Release|Win32
		{1234EADD-5757-4969-B29A-22C435921AB0}.sts4nodoka|x64.ActiveCfg = Release|Win32
		{05E03B0D-C5EF-424D-8C80-82D65E1FB0C0}.ats4nodoka_debug|Any CPU.ActiveCfg = Release|Win32
		{05E03B0D-C5EF-424D-8C80-82D65E1FB0C0}.ats4nodoka_debug|Mixed Platforms.ActiveCfg = Release|Win32
		{05E03B0D-C5EF-424D-8C80-82D65E1FB0C0}.ats4nodoka_debug|Mixed Platforms.Build.0 = Release|Win32
		{05E03B0D-C5EF-424D-8C80-82D65E1FB0C0}.ats4nodoka_debug|Win32.ActiveCfg = Release|Win32
		{05E03B0D-C5EF-424D-8C80-82D65E1FB0C0}.ats4nodoka_debug|x64.ActiveCfg = Release|Win32
		{05E03B0D-C5EF-424D-8C80-82D65E1FB0C0}.ats4nodoka|Any CPU.ActiveCfg = Release|Win32
		{05E03B0D-C5EF-424D-8C80-82D65E1FB0C0}.ats4nodoka|Mixed Platforms.ActiveCfg = Release|Win32
		{05E03B0D-C5EF-424D-8C80-82D65E1FB0C0}.ats4nodoka|Mixed Platforms.Build.0 = Release|Win32
		{05E03B0D-C5EF-424D-8C80-82D65E1FB0C0}.ats4nodoka|Win32.ActiveCfg = Release|Win32
		{05E03B0D-C5EF-424D-8C80-82D65E1FB0C0}.ats4nodoka|x64.ActiveCfg = Release|Win32
		{05E03B0D-C5EF-424D-8C80-82D65E1FB0C0}.cts4nodoka|Any CPU.ActiveCfg = Release|Win32
		{05E03B0D-C5EF-424D-8C80-82D65E1FB0C0}.cts4nodoka|Mixed Platforms.ActiveCfg = Release|Win32
		{05E03B0D-C5EF-424D-8C80-82D65E1FB0C0}.cts4nodoka|Mixed Platforms.Build.0 = Release|Win32
		{05E03B0D-C5EF-424D-8C80-82D65E1FB0C0}.cts4nodoka|Win32.ActiveCfg = Release|Win32
		{05E03B0D-C5EF-424D-8C80-82D65E1FB0C0}.cts4nodoka|x64.ActiveCfg = Release|Win32
		{05E03B0D-C5EF-424D-8C80-82D65E1FB0C0}.Debug|Any CPU.ActiveCfg = Debug|Win32
		{05E03B0D-C5EF-424D-8C80-82D65E1FB0C0}.Debug|Mixed Platforms.ActiveCfg = Debug|Win32
		{05E03B0D-C5EF-424D-8C80-82D65E1FB0C0}.Debug|Mixed Platforms.Build.0 = Debug|Win32
		{05E03B0D-C5EF-424D-8C80-82D65E1FB0C0}.Debug|Win32.ActiveCfg = Debug|x64
		{05E03B0D-C5EF-424D-8C80-82D65E1FB0C0}.Debug|x64.ActiveCfg = Debug|x64
		{05E03B0D-C5EF-424D-8C80-82D65E1FB0C0}.Debug64|Any CPU.ActiveCfg = Debug|Win32
		{05E03B0D-C5EF-424D-8C80-82D65E1FB0C0}.Debug64|Mixed Platforms.ActiveCfg = Debug|Win32
		{05E03B0D-C5EF-424D-8C80-82D65E1FB0C0}.Debug64|Mixed Platforms.Build.0 = Debug|Win32
		{05E03B0D-C5EF-424D-8C80-82D65E1FB0C0}.Debug64|Win32.ActiveCfg = Debug|Win32
		{05E03B0D-C5EF-424D-8C80-82D65E1FB0C0}.Debug64|Win32.Build.0 = Debug|Win32
		{05E03B0D-C5EF-424D-8C80-82D65E1FB0C0}.Debug64|x64.ActiveCfg = Debug|Win32
		{05E03B0D-C5EF-424D-8C80-82D65E1FB0C0}.Release|Any CPU.ActiveCfg = Release|Win32
		{05E03B0D-C5EF-424D-8C80-82D65E1FB0C0}.Release|Mixed Platforms.ActiveCfg = Release|Win32
		{05E03B0D-C5EF-424D-8C80-82D65E1FB0C0}.Release|Mixed Platforms.Build.0 = Release|Win32
		{05E03B0D-C5EF-424D-8C80-82D65E1FB0C0}.Release|Win32.ActiveCfg = Release|x64
		{05E03B0D-C5EF-424D-8C80-82D65E1FB0C0}.Release|x64.ActiveCfg = Release|x64
		{05E03B0D-C5EF-424D-8C80-82D65E1FB0C0}.Release|x64.Build.0 = Release|x64
		{05E03B0D-C5EF-424D-8C80-82D65E1FB0C0}.Release64|Any CPU.ActiveCfg = Release|Win32
		{05E03B0D-C5EF-424D-8C80-82D65E1FB0C0}.Release64|Mixed Platforms.ActiveCfg = Release|Win32
		{05E03B0D-C5EF-424D-8C80-82D65E1FB0C0}.Release64|Mixed Platforms.Build.0 = Release|Win32
		{05E03B0D-C5EF-424D-8C80-82D65E1FB0C0}.Release64|Win32.ActiveCfg = Release|Win32
		{05E03B0D-C5EF-424D-8C80-82D65E1FB0C0}.Release64|x64.ActiveCfg = Release|Win32
		{05E03B0D-C5EF-424D-8C80-82D65E1FB0C0}.Sample|Any CPU.ActiveCfg = Release|Win32
		{05E03B0D-C5EF-424D-8C80-82D65E1FB0C0}.Sample|Mixed Platforms.ActiveCfg = Release|Win32
		{05E03B0D-C5EF-424D-8C80-82D65E1FB0C0}.Sample|Mixed Platforms.Build.0 = Release|Win32
		{05E03B0D-C5EF-424D-8C80-82D65E1FB0C0}.Sample|Win32.ActiveCfg = Sample|x64
		{05E03B0D-C5EF-424D-8C80-82D65E1FB0C0}.Sample|x64.ActiveCfg = Sample|x64
		{05E03B0D-C5EF-424D-8C80-82D65E1FB0C0}.sts4nodoka|Any CPU.ActiveCfg = Release|Win32
		{05E03B0D-C5EF-424D-8C80-82D65E1FB0C0}.sts4nodoka|Mixed Platforms.ActiveCfg = Release|Win32
		{05E03B0D-C5EF-424D-8C80-82D65E1FB0C0}.sts4nodoka|Mixed Platforms.Build.0 = Release|Win32
		{05E03B0D-C5EF-424D-8C80-82D65E1FB0C0}.sts4nodoka|Win32.ActiveCfg = Release|Win32
		{05E03B0D-C5EF-424D-8C80-82D65E1FB0C0}.sts4nodoka|x64.ActiveCfg = Release|Win32
		{63AA33A9-B8F1-4265-8148-98F536A1FEB5}.ats4nodoka_debug|Any CPU.ActiveCfg = Release|Win32
		{63AA33A9-B8F1-4265-8148-98F536A1FEB5}.ats4nodoka_debug|Mixed Platforms.ActiveCfg = Release|Win32
		{63AA33A9-B8F1-4265-8148-98F536A1FEB5}.ats4nodoka_debug|Mixed Platforms.Build.0 = Release|Win32
		{63AA33A9-B8F1-4265-8148-98F536A1FEB5}.ats4nodoka_debug|Win32.ActiveCfg = Release|Win32
		{63AA33A9-B8F1-4265-8148-98F536A1FEB5}.ats4nodoka_debug|x64.ActiveCfg = Release|Win32
		{63AA33A9-B8F1-4265-8148-98F536A1FEB5}.ats4nodoka|Any CPU.ActiveCfg = Release|Win32
		{63AA33A9-B8F1-4265-8148-98F536A1FEB5}.ats4nodoka|Mixed Platforms.ActiveCfg = Release|Win32
		{63AA33A9-B8F1-4265-8148-98F536A1FEB5}.ats4nodoka|Mixed Platforms.Build.0 = Release|Win32
		{63AA33A9-B8F1-4265-8148-98F536A1FEB5}.ats4nodoka|Win32.ActiveCfg = Release|Win32
		{63AA33A9-B8F1-4265-8148-98F536A1FEB5}.ats4nodoka|x64.ActiveCfg = Release|Win32
		{63AA33A9-B8F1-4265-8148-98F536A1FEB5}.cts4nodoka|Any CPU.ActiveCfg = Release|Win32
		{63AA33A9-B8F1-4265-8148-98F536A1FEB5}.cts4nodoka|Mixed Platforms.ActiveCfg = Release|Win32
		{63AA33A9-B8F1-4265-8148-98F536A1FEB5}.cts4nodoka|Mixed Platforms.Build.0 = Release|Win32
		{63AA33A9-B8F1-4265-8148-98F536A1FEB5}.cts4nodoka|Win32.ActiveCfg = Release|Win32
		{63AA33A9-B8F1-4265-8148-98F536A1FEB5}.cts4nodoka|x64.ActiveCfg = Release|Win32
		{63AA33A9-B8F1-4265-8148-98F536A1FEB5}.Debug|Any CPU.ActiveCfg = Debug|Win32
		{63AA33A9-B8F1-4265-8148-98F536A1FEB5}.Debug|Mixed Platforms.ActiveCfg = Debug|Win32
		{63AA33A9-B8F1-4265-8148-98F536A1FEB5}.Debug|Mixed Platforms.Build.0 = Debug|Win32
		{63AA33A9-B8F1-4265-8148-98F536A1FEB5}.Debug|Win32.ActiveCfg = Debug|Win32
		{63AA33A9-B8F1-4265-8148-98F536A1FEB5}.Debug|Win32.Build.0 = Debug|Win32
		{63AA33A9-B8F1-4265-8148-98F536A1FEB5}.Debug|x64.ActiveCfg = Debug|Win32
		{63AA33A9-B8F1-4265-8148-98F536A1FEB5}.Debug64|Any CPU.ActiveCfg = Debug|Win32
		{63AA33A9-B8F1-4265-8148-98F536A1FEB5}.Debug64|Mixed Platforms.ActiveCfg = Debug|Win32
		{63AA33A9-B8F1-4265-8148-98F536A1FEB5}.Debug64|Mixed Platforms.Build.0 = Debug|Win32
		{63AA33A9-B8F1-4265-8148-98F536A1FEB5}.Debug64|Win32.ActiveCfg = Debug|Win32
		{63AA33A9-B8F1-4265-8148-98F536A1FEB5}.Debug64|Win32.Build.0 = Debug|Win32
		{63AA33A9-B8F1-4265-8148-98F536A1FEB5}.Debug64|x64.ActiveCfg = Debug|Win32
		{63AA33A9-B8F1-4265-8148-98F536A1FEB5}.Release|Any CPU.ActiveCfg = Release|Win32
		{63AA33A9-B8F1-4265-8148-98F536A1FEB5}.Release|Mixed Platforms.ActiveCfg = Release|Win32
		{63AA33A9-B8F1-4265-8148-98F536A1FEB5}.Release|Mixed Platforms.Build.0 = Release|Win32
		{63AA33A9-B8F1-4265-8148-98F536A1FEB5}.Release|Win32.ActiveCfg = Release|Win32
		{63AA33A9-B8F1-4265-8148-98F536A1FEB5}.Release|x64.ActiveCfg = Release|Win32
		{63AA33A9-B8F1-4265-8148-98F536A1FEB5}.Release64|Any CPU.ActiveCfg = Release|Win32
		{63AA33A9-B8F1-4265-8148-98F536A1FEB5}.Release64|Mixed Platforms.ActiveCfg = Release|Win32
		{63AA33A9-B8F1-4265-8148-98F536A1FEB5}.Release64|Mixed Platforms.Build.0 = Release|Win32
		{63AA33A9-B8F1-4265-8148-98F536A1FEB5}.Release64|Win32.ActiveCfg = Release|Win32
		{63AA33A9-B8F1-4265-8148-98F536A1FEB5}.Release64|x64.ActiveCfg = Release|Win32
		{63AA33A9-B8F1-4265-8148-98F536A1FEB5}.Sample|Any CPU.ActiveCfg = Release|Win32
		{63AA33A9-B8F1-4265-8148-98F536A1FEB5}.Sample|Mixed Platforms.ActiveCfg = Release|Win32
		{63AA33A9-B8F1-4265-8148-98F536A1FEB5}.Sample|Mixed Platforms.Build.0 = Release|Win32
		{63AA33A9-B8F1-4265-8148-98F536A1FEB5}.Sample|Win32.ActiveCfg = Sample|Win32
		{63AA33A9-B8F1-4265-8148-98F536A1FEB5}.Sample|x64.ActiveCfg = Release|Win32
		{63AA33A9-B8F1-4265-8148-98F536A1FEB5}.sts4nodoka|Any CPU.ActiveCfg = Release|Win32
		{63AA33A9-B8F1-4265-8148-98F536A1FEB5}.sts4nodoka|Mixed Platforms.ActiveCfg = Release|Win32
		{63AA33A9-B8F1-4265-8148-98F536A1FEB5}.sts4nodoka|Mixed Platforms.Build.0 = Release|Win32
		{63AA33A9-B8F1-4265-8148-98F536A1FEB5}.sts4nodoka|Win32.ActiveCfg = Release|Win32
		{63AA33A9-B8F1-4265-8148-98F536A1FEB5}.sts4nodoka|x64.ActiveCfg = Release|Win32
		{806429CF-6A51-41D2-ABA5-78D2B999DF91}.ats4nodoka_debug|Any CPU.ActiveCfg = Release|Win32
		{806429CF-6A51-41D2-ABA5-78D2B999DF91}.ats4nodoka_debug|Mixed Platforms.ActiveCfg = Release|Win32
		{806429CF-6A51-41D2-ABA5-78D2B999DF91}.ats4nodoka_debug|Mixed Platforms.Build.0 = Release|Win32
		{806429CF-6A51-41D2-ABA5-78D2B999DF91}.ats4nodoka_debug|Win32.ActiveCfg = Release|Win32
		{806429CF-6A51-41D2-ABA5-78D2B999DF91}.ats4nodoka_debug|x64.ActiveCfg = Release|Win32
		{806429CF-6A51-41D2-ABA5-78D2B999DF91}.ats4nodoka|Any CPU.ActiveCfg = Release|Win32
		{806429CF-6A51-41D2-ABA5-78D2B999DF91}.ats4nodoka|Mixed Platforms.ActiveCfg = Release|Win32
		{806429CF-6A51-41D2-ABA5-78D2B999DF91}.ats4nodoka|Mixed Platforms.Build.0 = Release|Win32
		{806429CF-6A51-41D2-ABA5-78D2B999DF91}.ats4nodoka|Win32.ActiveCfg = Release|Win32
		{806429CF-6A51-41D2-ABA5-78D2B999DF91}.ats4nodoka|x64.ActiveCfg = Release|Win32
		{806429CF-6A51-41D2-ABA5-78D2B999DF91}.cts4nodoka|Any CPU.ActiveCfg = Release|Win32
		{806429CF-6A51-41D2-ABA5-78D2B999DF91}.cts4nodoka|Mixed Platforms.ActiveCfg = Release|Win32
		{806429CF-6A51-41D2-ABA5-78D2B999DF91}.cts4nodoka|Mixed Platforms.Build.0 = Release|Win32
		{806429CF-6A51-41D2-ABA5-78D2B999DF91}.cts4nodoka|Win32.ActiveCfg = Release|Win32
		{806429CF-6A51-41D2-ABA5-78D2B999DF91}.cts4nodoka|x64.ActiveCfg = Release|Win32
		{806429CF-6A51-41D2-ABA5-78D2B999DF91}.Debug|Any CPU.ActiveCfg = Debug|Win32
		{806429CF-6A51-41D2-ABA5-78D2B999DF91}.Debug|Mixed Platforms.ActiveCfg = Debug|Win32
		{806429CF-6A51-41D2-ABA5-78D2B999DF91}.Debug|Mixed Platforms.Build.0 = Debug|Win32
		{806429CF-6A51-41D2-ABA5-78D2B999DF91}.Debug|Win32.ActiveCfg = Debug|Win32
		{806429CF-6A51-41D2-ABA5-78D2B999DF91}.Debug|Win32.Build.0 = Debug|Win32
		{806429CF-6A51-41D2-ABA5-78D2B999DF91}.Debug|x64.ActiveCfg = Debug|Win32
		{806429CF-6A51-41D2-ABA5-78D2B999DF91}.Debug64|Any CPU.ActiveCfg = Debug|Win32
		{806429CF-6A51-41D2-ABA5-78D2B999DF91}.Debug64|Mixed Platforms.ActiveCfg = Debug|Win32
		{806429CF-6A51-41D2-ABA5-78D2B999DF91}.Debug64|Mixed Platforms.Build.0 = Debug|Win32
		{806429CF-6A51-41D2-ABA5-78D2B999DF91}.Debug64|Win32.ActiveCfg = Debug|Win32
		{806429CF-6A51-41D2-ABA5-78D2B999DF91}.Debug64|Win32.Build.0 = Debug|Win32
		{806429CF-6A51-41D2-ABA5-78D2B999DF91}.Debug64|x64.ActiveCfg = Debug|Win32
		{806429CF-6A51-41D2-ABA5-78D2B999DF91}.Release|Any CPU.ActiveCfg = Release|Win32
		{806429CF-6A51-41D2-ABA5-78D2B999DF91}.Release|Mixed Platforms.ActiveCfg = Release|Win32
		{806429CF-6A51-41D2-ABA5-78D2B999DF91}.Release|Mixed Platforms.Build.0 = Release|Win32
		{806429CF-6A51-41D2-ABA5-78D2B999DF91}.Release|Win32.ActiveCfg = Release|Win32
		{806429CF-6A51-41D2-ABA5-78D2B999DF91}.Release|x64.ActiveCfg = Release|Win32
		{806429CF-6A51-41D2-ABA5-78D2B999DF91}.Release64|Any CPU.ActiveCfg = Release|Win32
		{806429CF-6A51-41D2-ABA5-78D2B999DF91}.Release64|Mixed Platforms.ActiveCfg = Release|Win32
		{806429CF-6A51-41D2-ABA5-78D2B999DF91}.Release64|Mixed Platforms.Build.0 = Release|Win32
		{806429CF-6A51-41D2-ABA5-78D2B999DF91}.Release64|Win32.ActiveCfg = Release|Win32
		{806429CF-6A51-41D2-ABA5-78D2B999DF91}.Release64|x64.ActiveCfg = Release|Win32
		{806429CF-6A51-41D2-ABA5-78D2B999DF91}.Sample|Any CPU.ActiveCfg = Release|Win32
		{806429CF-6A51-41D2-ABA5-78D2B999DF91}.Sample|Mixed Platforms.ActiveCfg = Release|Win32
		{806429CF-6A51-41D2-ABA5-78D2B999DF91}.Sample|Mixed Platforms.Build.0 = Release|Win32
		{806429CF-6A51-41D2-ABA5-78D2B999DF91}.Sample|Win32.ActiveCfg = Sample|Win32
		{806429CF-6A51-41D2-ABA5-78D2B999DF91}.Sample|x64.ActiveCfg = Release|Win32
		{806429CF-6A51-41D2-ABA5-78D2B999DF91}.sts4nodoka|Any CPU.ActiveCfg = Release|Win32
		{806429CF-6A51-41D2-ABA5-78D2B999DF91}.sts4nodoka|Mixed Platforms.ActiveCfg = Release|Win32
		{806429CF-6A51-41D2-ABA5-78D2B999DF91}.sts4nodoka|Mixed Platforms.Build.0 = Release|Win32
		{806429CF-6A51-41D2-ABA5-78D2B999DF91}.sts4nodoka|Win32.ActiveCfg = Release|Win32
		{806429CF-6A51-41D2-ABA5-78D2B999DF91}.sts4nodoka|x64.ActiveCfg = Release|Win32
		{A570141E-DABB-4CC8-9F11-A0895DF5726A}.ats4nodoka_debug|Any CPU.ActiveCfg = Release|Win32
		{A570141E-DABB-4CC8-9F11-A0895DF5726A}.ats4nodoka_debug|Mixed Platforms.ActiveCfg = Release|Win32
		{A570141E-DABB-4CC8-9F11-A0895DF5726A}.ats4nodoka_debug|Mixed Platforms.Build.0 = Release|Win32
		{A570141E-DABB-4CC8-9F11-A0895DF5726A}.ats4nodoka_debug|Win32.ActiveCfg = Release|Win32
		{A570141E-DABB-4CC8-9F11-A0895DF5726A}.ats4nodoka_debug|x64.ActiveCfg = Release|Win32
		{A570141E-DABB-4CC8-9F11-A0895DF5726A}.ats4nodoka|Any CPU.ActiveCfg = Release|Win32
		{A570141E-DABB-4CC8-9F11-A0895DF5726A}.ats4nodoka|Mixed Platforms.ActiveCfg = Release|Win32
		{A570141E-DABB-4CC8-9F11-A0895DF5726A}.ats4nodoka|Mixed Platforms.Build.0 = Release|Win32
		{A570141E-DABB-4CC8-9F11-A0895DF5726A}.ats4nodoka|Win32.ActiveCfg = Release|Win32
		{A570141E-DABB-4CC8-9F11-A0895DF5726A}.ats4nodoka|x64.ActiveCfg = Release|Win32
		{A570141E-DABB-4CC8-9F11-A0895DF5726A}.cts4nodoka|Any CPU.ActiveCfg = Release|Win32
		{A570141E-DABB-4CC8-9F11-A0895DF5726A}.cts4nodoka|Mixed Platforms.ActiveCfg = Release|Win32
		{A570141E-DABB-4CC8-9F11-A0895DF5726A}.cts4nodoka|Mixed Platforms.Build.0 = Release|Win32
		{A570141E-DABB-4CC8-9F11-A0895DF5726A}.cts4nodoka|Win32.ActiveCfg = Release|Win32
		{A570141E-DABB-4CC8-9F11-A0895DF5726A}.cts4nodoka|x64.ActiveCfg = Release|Win32
		{A570141E-DABB-4CC8-9F11-A0895DF5726A}.Debug|Any CPU.ActiveCfg = Debug|Win32
		{A570141E-DABB-4CC8-9F11-A0895DF5726A}.Debug|Mixed Platforms.ActiveCfg = Debug|Win32
		{A570141E-DABB-4CC8-9F11-A0895DF5726A}.Debug|Mixed Platforms.Build.0 = Debug|Win32
		{A570141E-DABB-4CC8-9F11-A0895DF5726A}.Debug|Win32.ActiveCfg = Debug|Win32
		{A570141E-DABB-4CC8-9F11-A0895DF5726A}.Debug|Win32.Build.0 = Debug|Win32
		{A570141E-DABB-4CC8-9F11-A0895DF5726A}.Debug|x64.ActiveCfg = Debug|Win32
		{A570141E-DABB-4CC8-9F11-A0895DF5726A}.Debug64|Any CPU.ActiveCfg = Debug|Win32
		{A570141E-DABB-4CC8-9F11-A0895DF5726A}.Debug64|Mixed Platforms.ActiveCfg = Debug|Win32
		{A570141E-DABB-4CC8-9F11-A0895DF5726A}.Debug64|Mixed Platforms.Build.0 = Debug|Win32
		{A570141E-DABB-4CC8-9F11-A0895DF5726A}.Debug64|Win32.ActiveCfg = Debug|Win32
		{A570141E-DABB-4CC8-9F11-A0895DF5726A}.Debug64|Win32.Build.0 = Debug|Win32
		{A570141E-DABB-4CC8-9F11-A0895DF5726A}.Debug64|x64.ActiveCfg = Debug|Win32
		{A570141E-DABB-4CC8-9F11-A0895DF5726A}.Release|Any CPU.ActiveCfg = Release|Win32
		{A570141E-DABB-4CC8-9F11-A0895DF5726A}.Release|Mixed Platforms.ActiveCfg = Release|Win32
		{A570141E-DABB-4CC8-9F11-A0895DF5726A}.Release|Mixed Platforms.Build.0 = Release|Win32
		{A570141E-DABB-4CC8-9F11-A0895DF5726A}.Release|Win32.ActiveCfg = Release|x64
		{A570141E-DABB-4CC8-9F11-A0895DF5726A}.Release|x64.ActiveCfg = Release|x64
		{A570141E-DABB-4CC8-9F11-A0895DF5726A}.Release|x64.Build.0 = Release|x64
		{A570141E-DABB-4CC8-9F11-A0895DF5726A}.Release64|Any CPU.ActiveCfg = Release|Win32
		{A570141E-DABB-4CC8-9F11-A0895DF5726A}.Release64|Mixed Platforms.ActiveCfg = Release|Win32
		{A570141E-DABB-4CC8-9F11-A0895DF5726A}.Release64|Mixed Platforms.Build.0 = Release|Win32
		{A570141E-DABB-4CC8-9F11-A0895DF5726A}.Release64|Win32.ActiveCfg = Release|Win32
		{A570141E-DABB-4CC8-9F11-A0895DF5726A}.Release64|x64.ActiveCfg = Release|Win32
		{A570141E-DABB-4CC8-9F11-A0895DF5726A}.Sample|Any CPU.ActiveCfg = Release|Win32
		{A570141E-DABB-4CC8-9F11-A0895DF5726A}.Sample|Mixed Platforms.ActiveCfg = Release|Win32
		{A570141E-DABB-4CC8-9F11-A0895DF5726A}.Sample|Mixed Platforms.Build.0 = Release|Win32
		{A570141E-DABB-4CC8-9F11-A0895DF5726A}.Sample|Win32.ActiveCfg = Sample|x64
		{A570141E-DABB-4CC8-9F11-A0895DF5726A}.Sample|x64.ActiveCfg = Sample|x64
		{A570141E-DABB-4CC8-9F11-A0895DF5726A}.sts4nodoka|Any CPU.ActiveCfg = Release|Win32
		{A570141E-DABB-4CC8-9F11-A0895DF5726A}.sts4nodoka|Mixed Platforms.ActiveCfg = Release|Win32
		{A570141E-DABB-4CC8-9F11-A0895DF5726A}.sts4nodoka|Mixed Platforms.Build.0 = Release|Win32
		{A570141E-DABB-4CC8-9F11-A0895DF5726A}.sts4nodoka|Win32.ActiveCfg = Release|Win32
		{A570141E-DABB-4CC8-9F11-A0895DF5726A}.sts4nodoka|x64.ActiveCfg = Release|Win32
		{263B0A6B-6D9A-4969-8964-822EC6DA2C86}.ats4nodoka_debug|Any CPU.ActiveCfg = Sample|Win32
		{263B0A6B-6D9A-4969-8964-822EC6DA2C86}.ats4nodoka_debug|Mixed Platforms.ActiveCfg = Sample|Win32
		{263B0A6B-6D9A-4969-8964-822EC6DA2C86}.ats4nodoka_debug|Mixed Platforms.Build.0 = Sample|Win32
		{263B0A6B-6D9A-4969-8964-822EC6DA2C86}.ats4nodoka_debug|Win32.ActiveCfg = Sample|Win32
		{263B0A6B-6D9A-4969-8964-822EC6DA2C86}.ats4nodoka_debug|Win32.Build.0 = Sample|Win32
		{263B0A6B-6D9A-4969-8964-822EC6DA2C86}.ats4nodoka_debug|x64.ActiveCfg = Sample|Win32
		{263B0A6B-6D9A-4969-8964-822EC6DA2C86}.ats4nodoka|Any CPU.ActiveCfg = Sample|Win32
		{263B0A6B-6D9A-4969-8964-822EC6DA2C86}.ats4nodoka|Mixed Platforms.ActiveCfg = Sample|Win32
		{263B0A6B-6D9A-4969-8964-822EC6DA2C86}.ats4nodoka|Mixed Platforms.Build.0 = Sample|Win32
		{263B0A6B-6D9A-4969-8964-822EC6DA2C86}.ats4nodoka|Win32.ActiveCfg = Sample|Win32
		{263B0A6B-6D9A-4969-8964-822EC6DA2C86}.ats4nodoka|Win32.Build.0 = Sample|Win32
		{263B0A6B-6D9A-4969-8964-822EC6DA2C86}.ats4nodoka|x64.ActiveCfg = Sample|Win32
		{263B0A6B-6D9A-4969-8964-822EC6DA2C86}.cts4nodoka|Any CPU.ActiveCfg = Sample|Win32
		{263B0A6B-6D9A-4969-8964-822EC6DA2C86}.cts4nodoka|Mixed Platforms.ActiveCfg = Sample|Win32
		{263B0A6B-6D9A-4969-8964-822EC6DA2C86}.cts4nodoka|Mixed Platforms.Build.0 = Sample|Win32
		{263B0A6B-6D9A-4969-8964-822EC6DA2C86}.cts4nodoka|Win32.ActiveCfg = Sample|Win32
		{263B0A6B-6D9A-4969-8964-822EC6DA2C86}.cts4nodoka|Win32.Build.0 = Sample|Win32
		{263B0A6B-6D9A-4969-8964-822EC6DA2C86}.cts4nodoka|x64.ActiveCfg = Sample|Win32
		{263B0A6B-6D9A-4969-8964-822EC6DA2C86}.Debug|Any CPU.ActiveCfg = Debug|Win32
		{263B0A6B-6D9A-4969-8964-822EC6DA2C86}.Debug|Mixed Platforms.ActiveCfg = Debug|Win32
		{263B0A6B-6D9A-4969-8964-822EC6DA2C86}.Debug|Mixed Platforms.Build.0 = Debug|Win32
		{263B0A6B-6D9A-4969-8964-822EC6DA2C86}.Debug|Win32.ActiveCfg = Debug|Win32
		{263B0A6B-6D9A-4969-8964-822EC6DA2C86}.Debug|Win32.Build.0 = Debug|Win32
		{263B0A6B-6D9A-4969-8964-822EC6DA2C86}.Debug|x64.ActiveCfg = Debug|Win32
		{263B0A6B-6D9A-4969-8964-822EC6DA2C86}.Debug64|Any CPU.ActiveCfg = Debug|Win32
		{263B0A6B-6D9A-4969-8964-822EC6DA2C86}.Debug64|Mixed Platforms.ActiveCfg = Debug|Win32
		{263B0A6B-6D9A-4969-8964-822EC6DA2C86}.Debug64|Mixed Platforms.Build.0 = Debug|Win32
		{263B0A6B-6D9A-4969-8964-822EC6DA2C86}.Debug64|Win32.ActiveCfg = Debug|Win32
		{263B0A6B-6D9A-4969-8964-822EC6DA2C86}.Debug64|Win32.Build.0 = Debug|Win32
		{263B0A6B-6D9A-4969-8964-822EC6DA2C86}.Debug64|x64.ActiveCfg = Debug|Win32
		{263B0A6B-6D9A-4969-8964-822EC6DA2C86}.Release|Any CPU.ActiveCfg = Release|Win32
		{263B0A6B-6D9A-4969-8964-822EC6DA2C86}.Release|Mixed Platforms.ActiveCfg = Release|Win32
		{263B0A6B-6D9A-4969-8964-822EC6DA2C86}.Release|Mixed Platforms.Build.0 = Release|Win32
		{263B0A6B-6D9A-4969-8964-822EC6DA2C86}.Release|Win32.ActiveCfg = Release|Win32
		{263B0A6B-6D9A-4969-8964-822EC6DA2C86}.Release|x64.ActiveCfg = Release|Win32
		{263B0A6B-6D9A-4969-8964-822EC6DA2C86}.Release64|Any CPU.ActiveCfg = Release|Win32
		{263B0A6B-6D9A-4969-8964-822EC6DA2C86}.Release64|Mixed Platforms.ActiveCfg = Release|Win32
		{263B0A6B-6D9A-4969-8964-822EC6DA2C86}.Release64|Mixed Platforms.Build.0 = Release|Win32
		{263B0A6B-6D9A-4969-8964-822EC6DA2C86}.Release64|Win32.ActiveCfg = Release|Win32
		{263B0A6B-6D9A-4969-8964-822EC6DA2C86}.Release64|Win32.Build.0 = Release|Win32
		{263B0A6B-6D9A-4969-8964-822EC6DA2C86}.Release64|x64.ActiveCfg = Release|Win32
		{263B0A6B-6D9A-4969-8964-822EC6DA2C86}.Sample|Any CPU.ActiveCfg = Sample|Win32
		{263B0A6B-6D9A-4969-8964-822EC6DA2C86}.Sample|Mixed Platforms.ActiveCfg = Sample|Win32
		{263B0A6B-6D9A-4969-8964-822EC6DA2C86}.Sample|Mixed Platforms.Build.0 = Sample|Win32
		{263B0A6B-6D9A-4969-8964-822EC6DA2C86}.Sample|Win32.ActiveCfg = Release|Win32
		{263B0A6B-6D9A-4969-8964-822EC6DA2C86}.Sample|Win32.Build.0 = Release|Win32
		{263B0A6B-6D9A-4969-8964-822EC6DA2C86}.Sample|x64.ActiveCfg = Sample|Win32
		{263B0A6B-6D9A-4969-8964-822EC6DA2C86}.sts4nodoka|Any CPU.ActiveCfg = Sample|Win32
		{263B0A6B-6D9A-4969-8964-822EC6DA2C86}.sts4nodoka|Mixed Platforms.ActiveCfg = Sample|Win32
		{263B0A6B-6D9A-4969-8964-822EC6DA2C86}.sts4nodoka|Mixed Platforms.Build.0 = Sample|Win32
		{263B0A6B-6D9A-4969-8964-822EC6DA2C86}.sts4nodoka|Win32.ActiveCfg = Sample|Win32
		{263B0A6B-6D9A-4969-8964-822EC6DA2C86}.sts4nodoka|Win32.Build.0 = Sample|Win32
		{263B0A6B-6D9A-4969-8964-822EC6DA2C86}.sts4nodoka|x64.ActiveCfg = Sample|Win32
	EndGlobalSection
	GlobalSection(SolutionProperties) = preSolution
		HideSolutionNode = FALSE
	EndGlobalSection
EndGlobal
